{
  "version": 4,
  "terraform_version": "1.12.2",
  "serial": 383,
  "lineage": "c784c089-f988-f8bc-1305-d1b311a3acd0",
  "outputs": {},
  "resources": [
    {
      "module": "module.app_gateway",
      "mode": "managed",
      "type": "azurerm_application_gateway",
      "name": "this",
      "provider": "provider[\"registry.terraform.io/hashicorp/azurerm\"]",
      "instances": [
        {
          "schema_version": 0,
          "attributes": {
            "authentication_certificate": [],
            "autoscale_configuration": [
              {
                "max_capacity": 6,
                "min_capacity": 2
              }
            ],
            "backend": [],
            "backend_address_pool": [
              {
                "fqdns": [],
                "id": "/subscriptions/e1f5b4be-e0ba-4ccb-8708-a949458fcd83/resourceGroups/spendpilot-rg/providers/Microsoft.Network/applicationGateways/spendpilot-prod-appgw/backendAddressPools/api-pool",
                "ip_addresses": [],
                "name": "api-pool"
              },
              {
                "fqdns": [],
                "id": "/subscriptions/e1f5b4be-e0ba-4ccb-8708-a949458fcd83/resourceGroups/spendpilot-rg/providers/Microsoft.Network/applicationGateways/spendpilot-prod-appgw/backendAddressPools/frontend-pool",
                "ip_addresses": [],
                "name": "frontend-pool"
              },
              {
                "fqdns": [],
                "id": "/subscriptions/e1f5b4be-e0ba-4ccb-8708-a949458fcd83/resourceGroups/spendpilot-rg/providers/Microsoft.Network/applicationGateways/spendpilot-prod-appgw/backendAddressPools/static-pool",
                "ip_addresses": [],
                "name": "static-pool"
              }
            ],
            "backend_http_settings": [
              {
                "affinity_cookie_name": "",
                "authentication_certificate": [],
                "connection_draining": [],
                "cookie_based_affinity": "Disabled",
                "dedicated_backend_connection_enabled": false,
                "host_name": "",
                "id": "/subscriptions/e1f5b4be-e0ba-4ccb-8708-a949458fcd83/resourceGroups/spendpilot-rg/providers/Microsoft.Network/applicationGateways/spendpilot-prod-appgw/backendHttpSettingsCollection/api-http",
                "name": "api-http",
                "path": "",
                "pick_host_name_from_backend_address": false,
                "port": 8000,
                "probe_id": "/subscriptions/e1f5b4be-e0ba-4ccb-8708-a949458fcd83/resourceGroups/spendpilot-rg/providers/Microsoft.Network/applicationGateways/spendpilot-prod-appgw/probes/api-probe",
                "probe_name": "api-probe",
                "protocol": "Http",
                "request_timeout": 60,
                "trusted_root_certificate_names": []
              },
              {
                "affinity_cookie_name": "",
                "authentication_certificate": [],
                "connection_draining": [],
                "cookie_based_affinity": "Disabled",
                "dedicated_backend_connection_enabled": false,
                "host_name": "",
                "id": "/subscriptions/e1f5b4be-e0ba-4ccb-8708-a949458fcd83/resourceGroups/spendpilot-rg/providers/Microsoft.Network/applicationGateways/spendpilot-prod-appgw/backendHttpSettingsCollection/frontend-http",
                "name": "frontend-http",
                "path": "",
                "pick_host_name_from_backend_address": false,
                "port": 3000,
                "probe_id": "/subscriptions/e1f5b4be-e0ba-4ccb-8708-a949458fcd83/resourceGroups/spendpilot-rg/providers/Microsoft.Network/applicationGateways/spendpilot-prod-appgw/probes/frontend-probe",
                "probe_name": "frontend-probe",
                "protocol": "Http",
                "request_timeout": 60,
                "trusted_root_certificate_names": []
              },
              {
                "affinity_cookie_name": "",
                "authentication_certificate": [],
                "connection_draining": [],
                "cookie_based_affinity": "Disabled",
                "dedicated_backend_connection_enabled": false,
                "host_name": "",
                "id": "/subscriptions/e1f5b4be-e0ba-4ccb-8708-a949458fcd83/resourceGroups/spendpilot-rg/providers/Microsoft.Network/applicationGateways/spendpilot-prod-appgw/backendHttpSettingsCollection/static-http",
                "name": "static-http",
                "path": "",
                "pick_host_name_from_backend_address": false,
                "port": 80,
                "probe_id": "/subscriptions/e1f5b4be-e0ba-4ccb-8708-a949458fcd83/resourceGroups/spendpilot-rg/providers/Microsoft.Network/applicationGateways/spendpilot-prod-appgw/probes/static-probe",
                "probe_name": "static-probe",
                "protocol": "Http",
                "request_timeout": 60,
                "trusted_root_certificate_names": []
              }
            ],
            "custom_error_configuration": [],
            "enable_http2": false,
            "fips_enabled": false,
            "firewall_policy_id": "/subscriptions/e1f5b4be-e0ba-4ccb-8708-a949458fcd83/resourceGroups/spendpilot-rg/providers/Microsoft.Network/applicationGatewayWebApplicationFirewallPolicies/spendpilot-prod-appgw-waf",
            "force_firewall_policy_association": false,
            "frontend_ip_configuration": [
              {
                "id": "/subscriptions/e1f5b4be-e0ba-4ccb-8708-a949458fcd83/resourceGroups/spendpilot-rg/providers/Microsoft.Network/applicationGateways/spendpilot-prod-appgw/frontendIPConfigurations/public-frontend",
                "name": "public-frontend",
                "private_ip_address": "",
                "private_ip_address_allocation": "Dynamic",
                "private_link_configuration_id": "",
                "private_link_configuration_name": "",
                "public_ip_address_id": "/subscriptions/e1f5b4be-e0ba-4ccb-8708-a949458fcd83/resourceGroups/spendpilot-rg/providers/Microsoft.Network/publicIPAddresses/spendpilot-prod-appgw-pip",
                "subnet_id": ""
              }
            ],
            "frontend_port": [
              {
                "id": "/subscriptions/e1f5b4be-e0ba-4ccb-8708-a949458fcd83/resourceGroups/spendpilot-rg/providers/Microsoft.Network/applicationGateways/spendpilot-prod-appgw/frontendPorts/http",
                "name": "http",
                "port": 80
              }
            ],
            "gateway_ip_configuration": [
              {
                "id": "/subscriptions/e1f5b4be-e0ba-4ccb-8708-a949458fcd83/resourceGroups/spendpilot-rg/providers/Microsoft.Network/applicationGateways/spendpilot-prod-appgw/gatewayIPConfigurations/gateway-ip-config",
                "name": "gateway-ip-config",
                "subnet_id": "/subscriptions/e1f5b4be-e0ba-4ccb-8708-a949458fcd83/resourceGroups/spendpilot-rg/providers/Microsoft.Network/virtualNetworks/spendpilot-prod-hub-vnet/subnets/appgw-subnet"
              }
            ],
            "global": [],
            "http2_enabled": false,
            "http_listener": [
              {
                "custom_error_configuration": [],
                "firewall_policy_id": "",
                "frontend_ip_configuration_id": "/subscriptions/e1f5b4be-e0ba-4ccb-8708-a949458fcd83/resourceGroups/spendpilot-rg/providers/Microsoft.Network/applicationGateways/spendpilot-prod-appgw/frontendIPConfigurations/public-frontend",
                "frontend_ip_configuration_name": "public-frontend",
                "frontend_port_id": "/subscriptions/e1f5b4be-e0ba-4ccb-8708-a949458fcd83/resourceGroups/spendpilot-rg/providers/Microsoft.Network/applicationGateways/spendpilot-prod-appgw/frontendPorts/http",
                "frontend_port_name": "http",
                "host_name": "app.myfinagent.online",
                "host_names": [],
                "id": "/subscriptions/e1f5b4be-e0ba-4ccb-8708-a949458fcd83/resourceGroups/spendpilot-rg/providers/Microsoft.Network/applicationGateways/spendpilot-prod-appgw/httpListeners/static-http-listener",
                "name": "static-http-listener",
                "protocol": "Http",
                "require_sni": false,
                "ssl_certificate_id": "",
                "ssl_certificate_name": "",
                "ssl_profile_id": "",
                "ssl_profile_name": ""
              },
              {
                "custom_error_configuration": [],
                "firewall_policy_id": "",
                "frontend_ip_configuration_id": "/subscriptions/e1f5b4be-e0ba-4ccb-8708-a949458fcd83/resourceGroups/spendpilot-rg/providers/Microsoft.Network/applicationGateways/spendpilot-prod-appgw/frontendIPConfigurations/public-frontend",
                "frontend_ip_configuration_name": "public-frontend",
                "frontend_port_id": "/subscriptions/e1f5b4be-e0ba-4ccb-8708-a949458fcd83/resourceGroups/spendpilot-rg/providers/Microsoft.Network/applicationGateways/spendpilot-prod-appgw/frontendPorts/http",
                "frontend_port_name": "http",
                "host_name": "myfinagent.online",
                "host_names": [],
                "id": "/subscriptions/e1f5b4be-e0ba-4ccb-8708-a949458fcd83/resourceGroups/spendpilot-rg/providers/Microsoft.Network/applicationGateways/spendpilot-prod-appgw/httpListeners/primary-http-listener",
                "name": "primary-http-listener",
                "protocol": "Http",
                "require_sni": false,
                "ssl_certificate_id": "",
                "ssl_certificate_name": "",
                "ssl_profile_id": "",
                "ssl_profile_name": ""
              }
            ],
            "id": "/subscriptions/e1f5b4be-e0ba-4ccb-8708-a949458fcd83/resourceGroups/spendpilot-rg/providers/Microsoft.Network/applicationGateways/spendpilot-prod-appgw",
            "identity": [],
            "listener": [],
            "location": "centralindia",
            "name": "spendpilot-prod-appgw",
            "private_endpoint_connection": [],
            "private_link_configuration": [],
            "probe": [
              {
                "host": "127.0.0.1",
                "id": "/subscriptions/e1f5b4be-e0ba-4ccb-8708-a949458fcd83/resourceGroups/spendpilot-rg/providers/Microsoft.Network/applicationGateways/spendpilot-prod-appgw/probes/api-probe",
                "interval": 30,
                "match": [
                  {
                    "body": "",
                    "status_code": [
                      "200-399"
                    ]
                  }
                ],
                "minimum_servers": 0,
                "name": "api-probe",
                "path": "/health",
                "pick_host_name_from_backend_http_settings": false,
                "port": 0,
                "protocol": "Http",
                "proxy_protocol_header_enabled": false,
                "timeout": 30,
                "unhealthy_threshold": 3
              },
              {
                "host": "127.0.0.1",
                "id": "/subscriptions/e1f5b4be-e0ba-4ccb-8708-a949458fcd83/resourceGroups/spendpilot-rg/providers/Microsoft.Network/applicationGateways/spendpilot-prod-appgw/probes/frontend-probe",
                "interval": 30,
                "match": [
                  {
                    "body": "",
                    "status_code": [
                      "200-399"
                    ]
                  }
                ],
                "minimum_servers": 0,
                "name": "frontend-probe",
                "path": "/",
                "pick_host_name_from_backend_http_settings": false,
                "port": 0,
                "protocol": "Http",
                "proxy_protocol_header_enabled": false,
                "timeout": 30,
                "unhealthy_threshold": 3
              },
              {
                "host": "127.0.0.1",
                "id": "/subscriptions/e1f5b4be-e0ba-4ccb-8708-a949458fcd83/resourceGroups/spendpilot-rg/providers/Microsoft.Network/applicationGateways/spendpilot-prod-appgw/probes/static-probe",
                "interval": 30,
                "match": [
                  {
                    "body": "",
                    "status_code": [
                      "200-399"
                    ]
                  }
                ],
                "minimum_servers": 0,
                "name": "static-probe",
                "path": "/",
                "pick_host_name_from_backend_http_settings": false,
                "port": 0,
                "protocol": "Http",
                "proxy_protocol_header_enabled": false,
                "timeout": 30,
                "unhealthy_threshold": 3
              }
            ],
            "redirect_configuration": [],
            "request_routing_rule": [
              {
                "backend_address_pool_id": "",
                "backend_address_pool_name": "",
                "backend_http_settings_id": "",
                "backend_http_settings_name": "",
                "http_listener_id": "/subscriptions/e1f5b4be-e0ba-4ccb-8708-a949458fcd83/resourceGroups/spendpilot-rg/providers/Microsoft.Network/applicationGateways/spendpilot-prod-appgw/httpListeners/primary-http-listener",
                "http_listener_name": "primary-http-listener",
                "id": "/subscriptions/e1f5b4be-e0ba-4ccb-8708-a949458fcd83/resourceGroups/spendpilot-rg/providers/Microsoft.Network/applicationGateways/spendpilot-prod-appgw/requestRoutingRules/primary-path-routing-rule",
                "name": "primary-path-routing-rule",
                "priority": 100,
                "redirect_configuration_id": "",
                "redirect_configuration_name": "",
                "rewrite_rule_set_id": "",
                "rewrite_rule_set_name": "",
                "rule_type": "PathBasedRouting",
                "url_path_map_id": "/subscriptions/e1f5b4be-e0ba-4ccb-8708-a949458fcd83/resourceGroups/spendpilot-rg/providers/Microsoft.Network/applicationGateways/spendpilot-prod-appgw/urlPathMaps/spendpilot-path-map",
                "url_path_map_name": "spendpilot-path-map"
              },
              {
                "backend_address_pool_id": "/subscriptions/e1f5b4be-e0ba-4ccb-8708-a949458fcd83/resourceGroups/spendpilot-rg/providers/Microsoft.Network/applicationGateways/spendpilot-prod-appgw/backendAddressPools/static-pool",
                "backend_address_pool_name": "static-pool",
                "backend_http_settings_id": "/subscriptions/e1f5b4be-e0ba-4ccb-8708-a949458fcd83/resourceGroups/spendpilot-rg/providers/Microsoft.Network/applicationGateways/spendpilot-prod-appgw/backendHttpSettingsCollection/static-http",
                "backend_http_settings_name": "static-http",
                "http_listener_id": "/subscriptions/e1f5b4be-e0ba-4ccb-8708-a949458fcd83/resourceGroups/spendpilot-rg/providers/Microsoft.Network/applicationGateways/spendpilot-prod-appgw/httpListeners/static-http-listener",
                "http_listener_name": "static-http-listener",
                "id": "/subscriptions/e1f5b4be-e0ba-4ccb-8708-a949458fcd83/resourceGroups/spendpilot-rg/providers/Microsoft.Network/applicationGateways/spendpilot-prod-appgw/requestRoutingRules/static-host-routing-rule",
                "name": "static-host-routing-rule",
                "priority": 110,
                "redirect_configuration_id": "",
                "redirect_configuration_name": "",
                "rewrite_rule_set_id": "",
                "rewrite_rule_set_name": "",
                "rule_type": "Basic",
                "url_path_map_id": "",
                "url_path_map_name": ""
              }
            ],
            "resource_group_name": "spendpilot-rg",
            "rewrite_rule_set": [],
            "routing_rule": [],
            "sku": [
              {
                "capacity": 0,
                "name": "WAF_v2",
                "tier": "WAF_v2"
              }
            ],
            "ssl_certificate": [],
            "ssl_policy": [
              {
                "cipher_suites": [],
                "disabled_protocols": [],
                "min_protocol_version": "",
                "policy_name": "AppGwSslPolicy20220101",
                "policy_type": "Predefined"
              }
            ],
            "ssl_profile": [],
            "tags": {
              "application": "spend-control",
              "environment": "prod",
              "managed_by": "terraform",
              "owner": "platform-team",
              "project": "spend-control",
              "stack": "vm-docker"
            },
            "timeouts": null,
            "trusted_client_certificate": [],
            "trusted_root_certificate": [],
            "url_path_map": [
              {
                "default_backend_address_pool_id": "/subscriptions/e1f5b4be-e0ba-4ccb-8708-a949458fcd83/resourceGroups/spendpilot-rg/providers/Microsoft.Network/applicationGateways/spendpilot-prod-appgw/backendAddressPools/frontend-pool",
                "default_backend_address_pool_name": "frontend-pool",
                "default_backend_http_settings_id": "/subscriptions/e1f5b4be-e0ba-4ccb-8708-a949458fcd83/resourceGroups/spendpilot-rg/providers/Microsoft.Network/applicationGateways/spendpilot-prod-appgw/backendHttpSettingsCollection/frontend-http",
                "default_backend_http_settings_name": "frontend-http",
                "default_redirect_configuration_id": "",
                "default_redirect_configuration_name": "",
                "default_rewrite_rule_set_id": "",
                "default_rewrite_rule_set_name": "",
                "id": "/subscriptions/e1f5b4be-e0ba-4ccb-8708-a949458fcd83/resourceGroups/spendpilot-rg/providers/Microsoft.Network/applicationGateways/spendpilot-prod-appgw/urlPathMaps/spendpilot-path-map",
                "name": "spendpilot-path-map",
                "path_rule": [
                  {
                    "backend_address_pool_id": "/subscriptions/e1f5b4be-e0ba-4ccb-8708-a949458fcd83/resourceGroups/spendpilot-rg/providers/Microsoft.Network/applicationGateways/spendpilot-prod-appgw/backendAddressPools/api-pool",
                    "backend_address_pool_name": "api-pool",
                    "backend_http_settings_id": "/subscriptions/e1f5b4be-e0ba-4ccb-8708-a949458fcd83/resourceGroups/spendpilot-rg/providers/Microsoft.Network/applicationGateways/spendpilot-prod-appgw/backendHttpSettingsCollection/api-http",
                    "backend_http_settings_name": "api-http",
                    "firewall_policy_id": "",
                    "id": "/subscriptions/e1f5b4be-e0ba-4ccb-8708-a949458fcd83/resourceGroups/spendpilot-rg/providers/Microsoft.Network/applicationGateways/spendpilot-prod-appgw/urlPathMaps/spendpilot-path-map/pathRules/api-rule",
                    "name": "api-rule",
                    "paths": [
                      "/api/*"
                    ],
                    "redirect_configuration_id": "",
                    "redirect_configuration_name": "",
                    "rewrite_rule_set_id": "",
                    "rewrite_rule_set_name": ""
                  }
                ]
              }
            ],
            "waf_configuration": [],
            "zones": [
              "1",
              "2",
              "3"
            ]
          },
          "sensitive_attributes": [],
          "identity_schema_version": 0,
          "identity": {
            "name": "spendpilot-prod-appgw",
            "resource_group_name": "spendpilot-rg",
            "subscription_id": "e1f5b4be-e0ba-4ccb-8708-a949458fcd83"
          },
          "private": "eyJlMmJmYjczMC1lY2FhLTExZTYtOGY4OC0zNDM2M2JjN2M0YzAiOnsiY3JlYXRlIjo1NDAwMDAwMDAwMDAwLCJkZWxldGUiOjU0MDAwMDAwMDAwMDAsInJlYWQiOjMwMDAwMDAwMDAwMCwidXBkYXRlIjo1NDAwMDAwMDAwMDAwfX0=",
          "dependencies": [
            "module.app_gateway.azurerm_public_ip.this",
            "module.app_gateway.azurerm_web_application_firewall_policy.this",
            "module.edge_network.azurerm_subnet.this",
            "module.edge_network.azurerm_virtual_network.this",
            "module.resource_group.azurerm_resource_group.this"
          ]
        }
      ]
    },
    {
      "module": "module.app_gateway",
      "mode": "managed",
      "type": "azurerm_public_ip",
      "name": "this",
      "provider": "provider[\"registry.terraform.io/hashicorp/azurerm\"]",
      "instances": [
        {
          "schema_version": 0,
          "attributes": {
            "allocation_method": "Static",
            "ddos_protection_mode": "VirtualNetworkInherited",
            "ddos_protection_plan_id": null,
            "domain_name_label": "",
            "domain_name_label_scope": "",
            "edge_zone": "",
            "fqdn": "",
            "id": "/subscriptions/e1f5b4be-e0ba-4ccb-8708-a949458fcd83/resourceGroups/spendpilot-rg/providers/Microsoft.Network/publicIPAddresses/spendpilot-prod-appgw-pip",
            "idle_timeout_in_minutes": 4,
            "ip_address": "135.235.184.156",
            "ip_tags": {},
            "ip_version": "IPv4",
            "location": "centralindia",
            "name": "spendpilot-prod-appgw-pip",
            "public_ip_prefix_id": null,
            "resource_group_name": "spendpilot-rg",
            "reverse_fqdn": "",
            "sku": "Standard",
            "sku_tier": "Regional",
            "tags": {
              "application": "spend-control",
              "environment": "prod",
              "managed_by": "terraform",
              "owner": "platform-team",
              "project": "spend-control",
              "stack": "vm-docker"
            },
            "timeouts": null,
            "zones": [
              "1",
              "2",
              "3"
            ]
          },
          "sensitive_attributes": [],
          "identity_schema_version": 0,
          "identity": {
            "name": "spendpilot-prod-appgw-pip",
            "resource_group_name": "spendpilot-rg",
            "subscription_id": "e1f5b4be-e0ba-4ccb-8708-a949458fcd83"
          },
          "private": "eyJlMmJmYjczMC1lY2FhLTExZTYtOGY4OC0zNDM2M2JjN2M0YzAiOnsiY3JlYXRlIjoxODAwMDAwMDAwMDAwLCJkZWxldGUiOjE4MDAwMDAwMDAwMDAsInJlYWQiOjMwMDAwMDAwMDAwMCwidXBkYXRlIjoxODAwMDAwMDAwMDAwfX0=",
          "dependencies": [
            "module.resource_group.azurerm_resource_group.this"
          ]
        }
      ]
    },
    {
      "module": "module.app_gateway",
      "mode": "managed",
      "type": "azurerm_web_application_firewall_policy",
      "name": "this",
      "provider": "provider[\"registry.terraform.io/hashicorp/azurerm\"]",
      "instances": [
        {
          "schema_version": 1,
          "attributes": {
            "custom_rules": [],
            "http_listener_ids": [],
            "id": "/subscriptions/e1f5b4be-e0ba-4ccb-8708-a949458fcd83/resourceGroups/spendpilot-rg/providers/Microsoft.Network/applicationGatewayWebApplicationFirewallPolicies/spendpilot-prod-appgw-waf",
            "location": "centralindia",
            "managed_rules": [
              {
                "exclusion": [],
                "managed_rule_set": [
                  {
                    "rule_group_override": [],
                    "type": "OWASP",
                    "version": "3.2"
                  }
                ]
              }
            ],
            "name": "spendpilot-prod-appgw-waf",
            "path_based_rule_ids": [],
            "policy_settings": [
              {
                "enabled": true,
                "file_upload_enforcement": false,
                "file_upload_limit_in_mb": 100,
                "js_challenge_cookie_expiration_in_minutes": 30,
                "log_scrubbing": [],
                "max_request_body_size_in_kb": 128,
                "mode": "Prevention",
                "request_body_check": true,
                "request_body_enforcement": true,
                "request_body_inspect_limit_in_kb": 128
              }
            ],
            "resource_group_name": "spendpilot-rg",
            "tags": {
              "application": "spend-control",
              "environment": "prod",
              "managed_by": "terraform",
              "owner": "platform-team",
              "project": "spend-control",
              "stack": "vm-docker"
            },
            "timeouts": null
          },
          "sensitive_attributes": [],
          "identity_schema_version": 0,
          "identity": {
            "name": "spendpilot-prod-appgw-waf",
            "resource_group_name": "spendpilot-rg",
            "subscription_id": "e1f5b4be-e0ba-4ccb-8708-a949458fcd83"
          },
          "private": "eyJlMmJmYjczMC1lY2FhLTExZTYtOGY4OC0zNDM2M2JjN2M0YzAiOnsiY3JlYXRlIjoxODAwMDAwMDAwMDAwLCJkZWxldGUiOjE4MDAwMDAwMDAwMDAsInJlYWQiOjMwMDAwMDAwMDAwMCwidXBkYXRlIjoxODAwMDAwMDAwMDAwfSwic2NoZW1hX3ZlcnNpb24iOiIxIn0=",
          "dependencies": [
            "module.resource_group.azurerm_resource_group.this"
          ]
        }
      ]
    },
    {
      "module": "module.app_network",
      "mode": "managed",
      "type": "azurerm_subnet",
      "name": "this",
      "provider": "provider[\"registry.terraform.io/hashicorp/azurerm\"]",
      "instances": [
        {
          "index_key": "backend-subnet",
          "schema_version": 0,
          "attributes": {
            "address_prefixes": [
              "10.11.1.0/24"
            ],
            "default_outbound_access_enabled": true,
            "delegation": [],
            "id": "/subscriptions/e1f5b4be-e0ba-4ccb-8708-a949458fcd83/resourceGroups/spendpilot-rg/providers/Microsoft.Network/virtualNetworks/spendpilot-prod-app-spoke-vnet/subnets/backend-subnet",
            "ip_address_pool": [],
            "name": "backend-subnet",
            "private_endpoint_network_policies": "Disabled",
            "private_link_service_network_policies_enabled": true,
            "resource_group_name": "spendpilot-rg",
            "service_endpoint_policy_ids": [],
            "service_endpoints": [],
            "sharing_scope": "",
            "timeouts": null,
            "virtual_network_name": "spendpilot-prod-app-spoke-vnet"
          },
          "sensitive_attributes": [],
          "identity_schema_version": 0,
          "identity": {
            "name": "backend-subnet",
            "resource_group_name": "spendpilot-rg",
            "subscription_id": "e1f5b4be-e0ba-4ccb-8708-a949458fcd83",
            "virtual_network_name": "spendpilot-prod-app-spoke-vnet"
          },
          "private": "eyJlMmJmYjczMC1lY2FhLTExZTYtOGY4OC0zNDM2M2JjN2M0YzAiOnsiY3JlYXRlIjoxODAwMDAwMDAwMDAwLCJkZWxldGUiOjE4MDAwMDAwMDAwMDAsInJlYWQiOjMwMDAwMDAwMDAwMCwidXBkYXRlIjoxODAwMDAwMDAwMDAwfX0=",
          "dependencies": [
            "module.app_network.azurerm_virtual_network.this",
            "module.resource_group.azurerm_resource_group.this"
          ]
        },
        {
          "index_key": "frontend-subnet",
          "schema_version": 0,
          "attributes": {
            "address_prefixes": [
              "10.11.0.0/24"
            ],
            "default_outbound_access_enabled": true,
            "delegation": [],
            "id": "/subscriptions/e1f5b4be-e0ba-4ccb-8708-a949458fcd83/resourceGroups/spendpilot-rg/providers/Microsoft.Network/virtualNetworks/spendpilot-prod-app-spoke-vnet/subnets/frontend-subnet",
            "ip_address_pool": [],
            "name": "frontend-subnet",
            "private_endpoint_network_policies": "Disabled",
            "private_link_service_network_policies_enabled": true,
            "resource_group_name": "spendpilot-rg",
            "service_endpoint_policy_ids": [],
            "service_endpoints": [],
            "sharing_scope": "",
            "timeouts": null,
            "virtual_network_name": "spendpilot-prod-app-spoke-vnet"
          },
          "sensitive_attributes": [],
          "identity_schema_version": 0,
          "identity": {
            "name": "frontend-subnet",
            "resource_group_name": "spendpilot-rg",
            "subscription_id": "e1f5b4be-e0ba-4ccb-8708-a949458fcd83",
            "virtual_network_name": "spendpilot-prod-app-spoke-vnet"
          },
          "private": "eyJlMmJmYjczMC1lY2FhLTExZTYtOGY4OC0zNDM2M2JjN2M0YzAiOnsiY3JlYXRlIjoxODAwMDAwMDAwMDAwLCJkZWxldGUiOjE4MDAwMDAwMDAwMDAsInJlYWQiOjMwMDAwMDAwMDAwMCwidXBkYXRlIjoxODAwMDAwMDAwMDAwfX0=",
          "dependencies": [
            "module.app_network.azurerm_virtual_network.this",
            "module.resource_group.azurerm_resource_group.this"
          ]
        },
        {
          "index_key": "static-app-subnet",
          "schema_version": 0,
          "attributes": {
            "address_prefixes": [
              "10.11.2.0/24"
            ],
            "default_outbound_access_enabled": true,
            "delegation": [],
            "id": "/subscriptions/e1f5b4be-e0ba-4ccb-8708-a949458fcd83/resourceGroups/spendpilot-rg/providers/Microsoft.Network/virtualNetworks/spendpilot-prod-app-spoke-vnet/subnets/static-app-subnet",
            "ip_address_pool": [],
            "name": "static-app-subnet",
            "private_endpoint_network_policies": "Disabled",
            "private_link_service_network_policies_enabled": true,
            "resource_group_name": "spendpilot-rg",
            "service_endpoint_policy_ids": [],
            "service_endpoints": [],
            "sharing_scope": "",
            "timeouts": null,
            "virtual_network_name": "spendpilot-prod-app-spoke-vnet"
          },
          "sensitive_attributes": [],
          "identity_schema_version": 0,
          "identity": {
            "name": "static-app-subnet",
            "resource_group_name": "spendpilot-rg",
            "subscription_id": "e1f5b4be-e0ba-4ccb-8708-a949458fcd83",
            "virtual_network_name": "spendpilot-prod-app-spoke-vnet"
          },
          "private": "eyJlMmJmYjczMC1lY2FhLTExZTYtOGY4OC0zNDM2M2JjN2M0YzAiOnsiY3JlYXRlIjoxODAwMDAwMDAwMDAwLCJkZWxldGUiOjE4MDAwMDAwMDAwMDAsInJlYWQiOjMwMDAwMDAwMDAwMCwidXBkYXRlIjoxODAwMDAwMDAwMDAwfX0=",
          "dependencies": [
            "module.app_network.azurerm_virtual_network.this",
            "module.resource_group.azurerm_resource_group.this"
          ]
        }
      ]
    },
    {
      "module": "module.app_network",
      "mode": "managed",
      "type": "azurerm_virtual_network",
      "name": "this",
      "provider": "provider[\"registry.terraform.io/hashicorp/azurerm\"]",
      "instances": [
        {
          "schema_version": 0,
          "attributes": {
            "address_space": [
              "10.11.0.0/16"
            ],
            "bgp_community": "",
            "ddos_protection_plan": [],
            "dns_servers": [],
            "edge_zone": "",
            "encryption": [],
            "flow_timeout_in_minutes": 0,
            "guid": "4249ca7e-23b7-455d-bb12-8be995bae266",
            "id": "/subscriptions/e1f5b4be-e0ba-4ccb-8708-a949458fcd83/resourceGroups/spendpilot-rg/providers/Microsoft.Network/virtualNetworks/spendpilot-prod-app-spoke-vnet",
            "ip_address_pool": [],
            "location": "centralindia",
            "name": "spendpilot-prod-app-spoke-vnet",
            "private_endpoint_vnet_policies": "Disabled",
            "resource_group_name": "spendpilot-rg",
            "subnet": [
              {
                "address_prefixes": [
                  "10.11.0.0/24"
                ],
                "default_outbound_access_enabled": true,
                "delegation": [],
                "id": "/subscriptions/e1f5b4be-e0ba-4ccb-8708-a949458fcd83/resourceGroups/spendpilot-rg/providers/Microsoft.Network/virtualNetworks/spendpilot-prod-app-spoke-vnet/subnets/frontend-subnet",
                "name": "frontend-subnet",
                "private_endpoint_network_policies": "Disabled",
                "private_link_service_network_policies_enabled": true,
                "route_table_id": "/subscriptions/e1f5b4be-e0ba-4ccb-8708-a949458fcd83/resourceGroups/spendpilot-rg/providers/Microsoft.Network/routeTables/spendpilot-prod-app-spoke-rt",
                "security_group": "/subscriptions/e1f5b4be-e0ba-4ccb-8708-a949458fcd83/resourceGroups/spendpilot-rg/providers/Microsoft.Network/networkSecurityGroups/spendpilot-prod-frontend-nsg",
                "service_endpoint_policy_ids": [],
                "service_endpoints": []
              },
              {
                "address_prefixes": [
                  "10.11.1.0/24"
                ],
                "default_outbound_access_enabled": true,
                "delegation": [],
                "id": "/subscriptions/e1f5b4be-e0ba-4ccb-8708-a949458fcd83/resourceGroups/spendpilot-rg/providers/Microsoft.Network/virtualNetworks/spendpilot-prod-app-spoke-vnet/subnets/backend-subnet",
                "name": "backend-subnet",
                "private_endpoint_network_policies": "Disabled",
                "private_link_service_network_policies_enabled": true,
                "route_table_id": "/subscriptions/e1f5b4be-e0ba-4ccb-8708-a949458fcd83/resourceGroups/spendpilot-rg/providers/Microsoft.Network/routeTables/spendpilot-prod-app-spoke-rt",
                "security_group": "/subscriptions/e1f5b4be-e0ba-4ccb-8708-a949458fcd83/resourceGroups/spendpilot-rg/providers/Microsoft.Network/networkSecurityGroups/spendpilot-prod-backend-nsg",
                "service_endpoint_policy_ids": [],
                "service_endpoints": []
              },
              {
                "address_prefixes": [
                  "10.11.2.0/24"
                ],
                "default_outbound_access_enabled": true,
                "delegation": [],
                "id": "/subscriptions/e1f5b4be-e0ba-4ccb-8708-a949458fcd83/resourceGroups/spendpilot-rg/providers/Microsoft.Network/virtualNetworks/spendpilot-prod-app-spoke-vnet/subnets/static-app-subnet",
                "name": "static-app-subnet",
                "private_endpoint_network_policies": "Disabled",
                "private_link_service_network_policies_enabled": true,
                "route_table_id": "/subscriptions/e1f5b4be-e0ba-4ccb-8708-a949458fcd83/resourceGroups/spendpilot-rg/providers/Microsoft.Network/routeTables/spendpilot-prod-app-spoke-rt",
                "security_group": "/subscriptions/e1f5b4be-e0ba-4ccb-8708-a949458fcd83/resourceGroups/spendpilot-rg/providers/Microsoft.Network/networkSecurityGroups/spendpilot-prod-static-app-nsg",
                "service_endpoint_policy_ids": [],
                "service_endpoints": []
              }
            ],
            "tags": {
              "application": "spend-control",
              "environment": "prod",
              "managed_by": "terraform",
              "owner": "platform-team",
              "project": "spend-control",
              "stack": "vm-docker"
            },
            "timeouts": null
          },
          "sensitive_attributes": [],
          "identity_schema_version": 0,
          "identity": {
            "name": "spendpilot-prod-app-spoke-vnet",
            "resource_group_name": "spendpilot-rg",
            "subscription_id": "e1f5b4be-e0ba-4ccb-8708-a949458fcd83"
          },
          "private": "eyJlMmJmYjczMC1lY2FhLTExZTYtOGY4OC0zNDM2M2JjN2M0YzAiOnsiY3JlYXRlIjoxODAwMDAwMDAwMDAwLCJkZWxldGUiOjE4MDAwMDAwMDAwMDAsInJlYWQiOjMwMDAwMDAwMDAwMCwidXBkYXRlIjoxODAwMDAwMDAwMDAwfX0=",
          "dependencies": [
            "module.resource_group.azurerm_resource_group.this"
          ]
        }
      ]
    },
    {
      "module": "module.edge_network",
      "mode": "managed",
      "type": "azurerm_subnet",
      "name": "this",
      "provider": "provider[\"registry.terraform.io/hashicorp/azurerm\"]",
      "instances": [
        {
          "index_key": "AzureBastionSubnet",
          "schema_version": 0,
          "attributes": {
            "address_prefixes": [
              "10.10.1.0/24"
            ],
            "default_outbound_access_enabled": true,
            "delegation": [],
            "id": "/subscriptions/e1f5b4be-e0ba-4ccb-8708-a949458fcd83/resourceGroups/spendpilot-rg/providers/Microsoft.Network/virtualNetworks/spendpilot-prod-hub-vnet/subnets/AzureBastionSubnet",
            "ip_address_pool": [],
            "name": "AzureBastionSubnet",
            "private_endpoint_network_policies": "Disabled",
            "private_link_service_network_policies_enabled": true,
            "resource_group_name": "spendpilot-rg",
            "service_endpoint_policy_ids": [],
            "service_endpoints": [],
            "sharing_scope": "",
            "timeouts": null,
            "virtual_network_name": "spendpilot-prod-hub-vnet"
          },
          "sensitive_attributes": [],
          "identity_schema_version": 0,
          "identity": {
            "name": "AzureBastionSubnet",
            "resource_group_name": "spendpilot-rg",
            "subscription_id": "e1f5b4be-e0ba-4ccb-8708-a949458fcd83",
            "virtual_network_name": "spendpilot-prod-hub-vnet"
          },
          "private": "eyJlMmJmYjczMC1lY2FhLTExZTYtOGY4OC0zNDM2M2JjN2M0YzAiOnsiY3JlYXRlIjoxODAwMDAwMDAwMDAwLCJkZWxldGUiOjE4MDAwMDAwMDAwMDAsInJlYWQiOjMwMDAwMDAwMDAwMCwidXBkYXRlIjoxODAwMDAwMDAwMDAwfX0=",
          "dependencies": [
            "module.edge_network.azurerm_virtual_network.this",
            "module.resource_group.azurerm_resource_group.this"
          ]
        },
        {
          "index_key": "AzureFirewallSubnet",
          "schema_version": 0,
          "attributes": {
            "address_prefixes": [
              "10.10.2.0/24"
            ],
            "default_outbound_access_enabled": true,
            "delegation": [],
            "id": "/subscriptions/e1f5b4be-e0ba-4ccb-8708-a949458fcd83/resourceGroups/spendpilot-rg/providers/Microsoft.Network/virtualNetworks/spendpilot-prod-hub-vnet/subnets/AzureFirewallSubnet",
            "ip_address_pool": [],
            "name": "AzureFirewallSubnet",
            "private_endpoint_network_policies": "Disabled",
            "private_link_service_network_policies_enabled": true,
            "resource_group_name": "spendpilot-rg",
            "service_endpoint_policy_ids": [],
            "service_endpoints": [],
            "sharing_scope": "",
            "timeouts": null,
            "virtual_network_name": "spendpilot-prod-hub-vnet"
          },
          "sensitive_attributes": [],
          "identity_schema_version": 0,
          "identity": {
            "name": "AzureFirewallSubnet",
            "resource_group_name": "spendpilot-rg",
            "subscription_id": "e1f5b4be-e0ba-4ccb-8708-a949458fcd83",
            "virtual_network_name": "spendpilot-prod-hub-vnet"
          },
          "private": "eyJlMmJmYjczMC1lY2FhLTExZTYtOGY4OC0zNDM2M2JjN2M0YzAiOnsiY3JlYXRlIjoxODAwMDAwMDAwMDAwLCJkZWxldGUiOjE4MDAwMDAwMDAwMDAsInJlYWQiOjMwMDAwMDAwMDAwMCwidXBkYXRlIjoxODAwMDAwMDAwMDAwfX0=",
          "dependencies": [
            "module.edge_network.azurerm_virtual_network.this",
            "module.resource_group.azurerm_resource_group.this"
          ]
        },
        {
          "index_key": "appgw-subnet",
          "schema_version": 0,
          "attributes": {
            "address_prefixes": [
              "10.10.0.0/24"
            ],
            "default_outbound_access_enabled": true,
            "delegation": [],
            "id": "/subscriptions/e1f5b4be-e0ba-4ccb-8708-a949458fcd83/resourceGroups/spendpilot-rg/providers/Microsoft.Network/virtualNetworks/spendpilot-prod-hub-vnet/subnets/appgw-subnet",
            "ip_address_pool": [],
            "name": "appgw-subnet",
            "private_endpoint_network_policies": "Disabled",
            "private_link_service_network_policies_enabled": true,
            "resource_group_name": "spendpilot-rg",
            "service_endpoint_policy_ids": [],
            "service_endpoints": [],
            "sharing_scope": "",
            "timeouts": null,
            "virtual_network_name": "spendpilot-prod-hub-vnet"
          },
          "sensitive_attributes": [],
          "identity_schema_version": 0,
          "identity": {
            "name": "appgw-subnet",
            "resource_group_name": "spendpilot-rg",
            "subscription_id": "e1f5b4be-e0ba-4ccb-8708-a949458fcd83",
            "virtual_network_name": "spendpilot-prod-hub-vnet"
          },
          "private": "eyJlMmJmYjczMC1lY2FhLTExZTYtOGY4OC0zNDM2M2JjN2M0YzAiOnsiY3JlYXRlIjoxODAwMDAwMDAwMDAwLCJkZWxldGUiOjE4MDAwMDAwMDAwMDAsInJlYWQiOjMwMDAwMDAwMDAwMCwidXBkYXRlIjoxODAwMDAwMDAwMDAwfX0=",
          "dependencies": [
            "module.edge_network.azurerm_virtual_network.this",
            "module.resource_group.azurerm_resource_group.this"
          ]
        }
      ]
    },
    {
      "module": "module.edge_network",
      "mode": "managed",
      "type": "azurerm_virtual_network",
      "name": "this",
      "provider": "provider[\"registry.terraform.io/hashicorp/azurerm\"]",
      "instances": [
        {
          "schema_version": 0,
          "attributes": {
            "address_space": [
              "10.10.0.0/16"
            ],
            "bgp_community": "",
            "ddos_protection_plan": [],
            "dns_servers": [],
            "edge_zone": "",
            "encryption": [],
            "flow_timeout_in_minutes": 0,
            "guid": "285f4e5c-dd87-42c5-94e9-952c27460b3e",
            "id": "/subscriptions/e1f5b4be-e0ba-4ccb-8708-a949458fcd83/resourceGroups/spendpilot-rg/providers/Microsoft.Network/virtualNetworks/spendpilot-prod-hub-vnet",
            "ip_address_pool": [],
            "location": "centralindia",
            "name": "spendpilot-prod-hub-vnet",
            "private_endpoint_vnet_policies": "Disabled",
            "resource_group_name": "spendpilot-rg",
            "subnet": [
              {
                "address_prefixes": [
                  "10.10.0.0/24"
                ],
                "default_outbound_access_enabled": true,
                "delegation": [],
                "id": "/subscriptions/e1f5b4be-e0ba-4ccb-8708-a949458fcd83/resourceGroups/spendpilot-rg/providers/Microsoft.Network/virtualNetworks/spendpilot-prod-hub-vnet/subnets/appgw-subnet",
                "name": "appgw-subnet",
                "private_endpoint_network_policies": "Disabled",
                "private_link_service_network_policies_enabled": true,
                "route_table_id": "",
                "security_group": "",
                "service_endpoint_policy_ids": [],
                "service_endpoints": []
              },
              {
                "address_prefixes": [
                  "10.10.1.0/24"
                ],
                "default_outbound_access_enabled": true,
                "delegation": [],
                "id": "/subscriptions/e1f5b4be-e0ba-4ccb-8708-a949458fcd83/resourceGroups/spendpilot-rg/providers/Microsoft.Network/virtualNetworks/spendpilot-prod-hub-vnet/subnets/AzureBastionSubnet",
                "name": "AzureBastionSubnet",
                "private_endpoint_network_policies": "Disabled",
                "private_link_service_network_policies_enabled": true,
                "route_table_id": "",
                "security_group": "",
                "service_endpoint_policy_ids": [],
                "service_endpoints": []
              },
              {
                "address_prefixes": [
                  "10.10.2.0/24"
                ],
                "default_outbound_access_enabled": true,
                "delegation": [],
                "id": "/subscriptions/e1f5b4be-e0ba-4ccb-8708-a949458fcd83/resourceGroups/spendpilot-rg/providers/Microsoft.Network/virtualNetworks/spendpilot-prod-hub-vnet/subnets/AzureFirewallSubnet",
                "name": "AzureFirewallSubnet",
                "private_endpoint_network_policies": "Disabled",
                "private_link_service_network_policies_enabled": true,
                "route_table_id": "",
                "security_group": "",
                "service_endpoint_policy_ids": [],
                "service_endpoints": []
              }
            ],
            "tags": {
              "application": "spend-control",
              "environment": "prod",
              "managed_by": "terraform",
              "owner": "platform-team",
              "project": "spend-control",
              "stack": "vm-docker"
            },
            "timeouts": null
          },
          "sensitive_attributes": [],
          "identity_schema_version": 0,
          "identity": {
            "name": "spendpilot-prod-hub-vnet",
            "resource_group_name": "spendpilot-rg",
            "subscription_id": "e1f5b4be-e0ba-4ccb-8708-a949458fcd83"
          },
          "private": "eyJlMmJmYjczMC1lY2FhLTExZTYtOGY4OC0zNDM2M2JjN2M0YzAiOnsiY3JlYXRlIjoxODAwMDAwMDAwMDAwLCJkZWxldGUiOjE4MDAwMDAwMDAwMDAsInJlYWQiOjMwMDAwMDAwMDAwMCwidXBkYXRlIjoxODAwMDAwMDAwMDAwfX0=",
          "dependencies": [
            "module.resource_group.azurerm_resource_group.this"
          ]
        }
      ]
    },
    {
      "module": "module.resource_group",
      "mode": "managed",
      "type": "azurerm_resource_group",
      "name": "this",
      "provider": "provider[\"registry.terraform.io/hashicorp/azurerm\"]",
      "instances": [
        {
          "schema_version": 0,
          "attributes": {
            "id": "/subscriptions/e1f5b4be-e0ba-4ccb-8708-a949458fcd83/resourceGroups/spendpilot-rg",
            "location": "centralindia",
            "managed_by": "",
            "name": "spendpilot-rg",
            "tags": {
              "application": "spend-control",
              "environment": "prod",
              "managed_by": "terraform",
              "owner": "platform-team",
              "project": "spend-control",
              "stack": "vm-docker"
            },
            "timeouts": null
          },
          "sensitive_attributes": [],
          "identity_schema_version": 0,
          "identity": {
            "name": "spendpilot-rg",
            "subscription_id": "e1f5b4be-e0ba-4ccb-8708-a949458fcd83"
          },
          "private": "eyJlMmJmYjczMC1lY2FhLTExZTYtOGY4OC0zNDM2M2JjN2M0YzAiOnsiY3JlYXRlIjo1NDAwMDAwMDAwMDAwLCJkZWxldGUiOjU0MDAwMDAwMDAwMDAsInJlYWQiOjMwMDAwMDAwMDAwMCwidXBkYXRlIjo1NDAwMDAwMDAwMDAwfX0="
        }
      ]
    },
    {
      "module": "module.static_app_vm",
      "mode": "managed",
      "type": "azurerm_network_interface",
      "name": "this",
      "provider": "provider[\"registry.terraform.io/hashicorp/azurerm\"]",
      "instances": [
        {
          "schema_version": 0,
          "attributes": {
            "accelerated_networking_enabled": false,
            "applied_dns_servers": [],
            "auxiliary_mode": "",
            "auxiliary_sku": "",
            "dns_servers": [],
            "edge_zone": "",
            "id": "/subscriptions/e1f5b4be-e0ba-4ccb-8708-a949458fcd83/resourceGroups/spendpilot-rg/providers/Microsoft.Network/networkInterfaces/spendpilot-prod-static-web-nic",
            "internal_dns_name_label": "",
            "internal_domain_name_suffix": "",
            "ip_configuration": [
              {
                "gateway_load_balancer_frontend_ip_configuration_id": "",
                "name": "internal",
                "primary": true,
                "private_ip_address": "10.11.2.4",
                "private_ip_address_allocation": "Dynamic",
                "private_ip_address_version": "IPv4",
                "public_ip_address_id": "",
                "subnet_id": "/subscriptions/e1f5b4be-e0ba-4ccb-8708-a949458fcd83/resourceGroups/spendpilot-rg/providers/Microsoft.Network/virtualNetworks/spendpilot-prod-app-spoke-vnet/subnets/static-app-subnet"
              }
            ],
            "ip_forwarding_enabled": false,
            "location": "centralindia",
            "mac_address": "7C-ED-8D-A0-26-29",
            "name": "spendpilot-prod-static-web-nic",
            "private_ip_address": "10.11.2.4",
            "private_ip_addresses": [
              "10.11.2.4"
            ],
            "resource_group_name": "spendpilot-rg",
            "tags": {
              "application": "spend-control",
              "environment": "prod",
              "managed_by": "terraform",
              "owner": "platform-team",
              "project": "spend-control",
              "stack": "vm-docker"
            },
            "timeouts": null,
            "virtual_machine_id": "/subscriptions/e1f5b4be-e0ba-4ccb-8708-a949458fcd83/resourceGroups/spendpilot-rg/providers/Microsoft.Compute/virtualMachines/spendpilot-prod-static-web"
          },
          "sensitive_attributes": [],
          "identity_schema_version": 0,
          "identity": {
            "name": "spendpilot-prod-static-web-nic",
            "resource_group_name": "spendpilot-rg",
            "subscription_id": "e1f5b4be-e0ba-4ccb-8708-a949458fcd83"
          },
          "private": "eyJlMmJmYjczMC1lY2FhLTExZTYtOGY4OC0zNDM2M2JjN2M0YzAiOnsiY3JlYXRlIjoxODAwMDAwMDAwMDAwLCJkZWxldGUiOjE4MDAwMDAwMDAwMDAsInJlYWQiOjMwMDAwMDAwMDAwMCwidXBkYXRlIjoxODAwMDAwMDAwMDAwfX0=",
          "dependencies": [
            "module.app_network.azurerm_subnet.this",
            "module.app_network.azurerm_virtual_network.this",
            "module.resource_group.azurerm_resource_group.this"
          ]
        }
      ]
    },
    {
      "module": "module.static_app_vm",
      "mode": "managed",
      "type": "azurerm_network_interface_application_gateway_backend_address_pool_association",
      "name": "this",
      "provider": "provider[\"registry.terraform.io/hashicorp/azurerm\"]",
      "instances": [
        {
          "schema_version": 0,
          "attributes": {
            "backend_address_pool_id": "/subscriptions/e1f5b4be-e0ba-4ccb-8708-a949458fcd83/resourceGroups/spendpilot-rg/providers/Microsoft.Network/applicationGateways/spendpilot-prod-appgw/backendAddressPools/static-pool",
            "id": "/subscriptions/e1f5b4be-e0ba-4ccb-8708-a949458fcd83/resourceGroups/spendpilot-rg/providers/Microsoft.Network/networkInterfaces/spendpilot-prod-static-web-nic/ipConfigurations/internal|/subscriptions/e1f5b4be-e0ba-4ccb-8708-a949458fcd83/resourceGroups/spendpilot-rg/providers/Microsoft.Network/applicationGateways/spendpilot-prod-appgw/backendAddressPools/static-pool",
            "ip_configuration_name": "internal",
            "network_interface_id": "/subscriptions/e1f5b4be-e0ba-4ccb-8708-a949458fcd83/resourceGroups/spendpilot-rg/providers/Microsoft.Network/networkInterfaces/spendpilot-prod-static-web-nic",
            "timeouts": null
          },
          "sensitive_attributes": [],
          "identity_schema_version": 0,
          "private": "eyJlMmJmYjczMC1lY2FhLTExZTYtOGY4OC0zNDM2M2JjN2M0YzAiOnsiY3JlYXRlIjoxODAwMDAwMDAwMDAwLCJkZWxldGUiOjE4MDAwMDAwMDAwMDAsInJlYWQiOjMwMDAwMDAwMDAwMH19",
          "dependencies": [
            "module.app_gateway.azurerm_application_gateway.this",
            "module.app_gateway.azurerm_public_ip.this",
            "module.app_gateway.azurerm_web_application_firewall_policy.this",
            "module.app_network.azurerm_subnet.this",
            "module.app_network.azurerm_virtual_network.this",
            "module.edge_network.azurerm_subnet.this",
            "module.edge_network.azurerm_virtual_network.this",
            "module.resource_group.azurerm_resource_group.this",
            "module.static_app_vm.azurerm_network_interface.this"
          ]
        }
      ]
    }
  ],
  "check_results": null
}
