{
  "version": 4,
  "terraform_version": "1.12.2",
  "serial": 337,
  "lineage": "c784c089-f988-f8bc-1305-d1b311a3acd0",
  "outputs": {
    "app_vnet_id": {
      "value": "/subscriptions/e1f5b4be-e0ba-4ccb-8708-a949458fcd83/resourceGroups/spendpilot-rg/providers/Microsoft.Network/virtualNetworks/spendpilot-prod-app-spoke-vnet",
      "type": "string"
    },
    "application_gateway_id": {
      "value": "/subscriptions/e1f5b4be-e0ba-4ccb-8708-a949458fcd83/resourceGroups/spendpilot-rg/providers/Microsoft.Network/applicationGateways/spendpilot-prod-appgw",
      "type": "string"
    },
    "application_gateway_public_ip": {
      "value": "135.235.184.156",
      "type": "string"
    },
    "backend_scale_set_name": {
      "value": "spendpilot-prod-backend-vmss",
      "type": "string"
    },
    "data_ai_scale_set_name": {
      "value": "spendpilot-prod-data-ai-vmss",
      "type": "string"
    },
    "data_vnet_id": {
      "value": "/subscriptions/e1f5b4be-e0ba-4ccb-8708-a949458fcd83/resourceGroups/spendpilot-rg/providers/Microsoft.Network/virtualNetworks/spendpilot-prod-data-spoke-vnet",
      "type": "string"
    },
    "edge_vnet_id": {
      "value": "/subscriptions/e1f5b4be-e0ba-4ccb-8708-a949458fcd83/resourceGroups/spendpilot-rg/providers/Microsoft.Network/virtualNetworks/spendpilot-prod-hub-vnet",
      "type": "string"
    },
    "frontend_scale_set_name": {
      "value": "spendpilot-prod-frontend-vmss",
      "type": "string"
    },
    "hub_firewall_private_ip": {
      "value": "10.10.2.4",
      "type": "string"
    },
    "hub_firewall_public_ip": {
      "value": "104.211.117.113",
      "type": "string"
    },
    "ollama_private_load_balancer_ip": {
      "value": "10.12.0.10",
      "type": "string"
    },
    "postgres_database_name": {
      "value": "spend_control",
      "type": "string"
    },
    "postgres_fqdn": {
      "value": "spendpilot-prod-psql.postgres.database.azure.com",
      "type": "string"
    },
    "postgres_server_name": {
      "value": "spendpilot-prod-psql",
      "type": "string"
    },
    "resource_group_name": {
      "value": "spendpilot-rg",
      "type": "string"
    },
    "static_app_private_ip": {
      "value": "10.11.2.4",
      "type": "string"
    },
    "static_app_vm_name": {
      "value": "spendpilot-prod-static-web",
      "type": "string"
    }
  },
  "resources": [
    {
      "mode": "managed",
      "type": "azurerm_firewall",
      "name": "hub",
      "provider": "provider[\"registry.terraform.io/hashicorp/azurerm\"]",
      "instances": [
        {
          "schema_version": 0,
          "attributes": {
            "dns_proxy_enabled": false,
            "dns_servers": [],
            "firewall_policy_id": "",
            "id": "/subscriptions/e1f5b4be-e0ba-4ccb-8708-a949458fcd83/resourceGroups/spendpilot-rg/providers/Microsoft.Network/azureFirewalls/spendpilot-prod-hub-fw",
            "ip_configuration": [
              {
                "name": "hub-configuration",
                "private_ip_address": "10.10.2.4",
                "public_ip_address_id": "/subscriptions/e1f5b4be-e0ba-4ccb-8708-a949458fcd83/resourceGroups/spendpilot-rg/providers/Microsoft.Network/publicIPAddresses/spendpilot-prod-fw-pip",
                "subnet_id": "/subscriptions/e1f5b4be-e0ba-4ccb-8708-a949458fcd83/resourceGroups/spendpilot-rg/providers/Microsoft.Network/virtualNetworks/spendpilot-prod-hub-vnet/subnets/AzureFirewallSubnet"
              }
            ],
            "location": "centralindia",
            "management_ip_configuration": [],
            "name": "spendpilot-prod-hub-fw",
            "private_ip_ranges": [],
            "resource_group_name": "spendpilot-rg",
            "sku_name": "AZFW_VNet",
            "sku_tier": "Standard",
            "tags": {
              "application": "spend-control",
              "environment": "prod",
              "managed_by": "terraform",
              "owner": "platform-team",
              "project": "spend-control",
              "stack": "vm-docker"
            },
            "threat_intel_mode": "Alert",
            "timeouts": null,
            "virtual_hub": [],
            "zones": []
          },
          "sensitive_attributes": [],
          "identity_schema_version": 0,
          "identity": {
            "name": "spendpilot-prod-hub-fw",
            "resource_group_name": "spendpilot-rg",
            "subscription_id": "e1f5b4be-e0ba-4ccb-8708-a949458fcd83"
          },
          "private": "eyJlMmJmYjczMC1lY2FhLTExZTYtOGY4OC0zNDM2M2JjN2M0YzAiOnsiY3JlYXRlIjo1NDAwMDAwMDAwMDAwLCJkZWxldGUiOjU0MDAwMDAwMDAwMDAsInJlYWQiOjMwMDAwMDAwMDAwMCwidXBkYXRlIjo1NDAwMDAwMDAwMDAwfSwic2NoZW1hX3ZlcnNpb24iOiIwIn0=",
          "dependencies": [
            "azurerm_public_ip.firewall",
            "module.edge_network.azurerm_subnet.this",
            "module.edge_network.azurerm_virtual_network.this",
            "module.resource_group.azurerm_resource_group.this"
          ]
        }
      ]
    },
    {
      "mode": "managed",
      "type": "azurerm_firewall_application_rule_collection",
      "name": "egress",
      "provider": "provider[\"registry.terraform.io/hashicorp/azurerm\"]",
      "instances": [
        {
          "schema_version": 0,
          "attributes": {
            "action": "Allow",
            "azure_firewall_name": "spendpilot-prod-hub-fw",
            "id": "/subscriptions/e1f5b4be-e0ba-4ccb-8708-a949458fcd83/resourceGroups/spendpilot-rg/providers/Microsoft.Network/azureFirewalls/spendpilot-prod-hub-fw/applicationRuleCollections/spendpilot-prod-allow-web-egress",
            "name": "spendpilot-prod-allow-web-egress",
            "priority": 100,
            "resource_group_name": "spendpilot-rg",
            "rule": [
              {
                "description": "",
                "fqdn_tags": [],
                "name": "allow-http-https-outbound",
                "protocol": [
                  {
                    "port": 80,
                    "type": "Http"
                  },
                  {
                    "port": 443,
                    "type": "Https"
                  }
                ],
                "source_addresses": [
                  "10.11.0.0/16",
                  "10.12.0.0/16"
                ],
                "source_ip_groups": [],
                "target_fqdns": [
                  "*"
                ]
              }
            ],
            "timeouts": null
          },
          "sensitive_attributes": [],
          "identity_schema_version": 0,
          "private": "eyJlMmJmYjczMC1lY2FhLTExZTYtOGY4OC0zNDM2M2JjN2M0YzAiOnsiY3JlYXRlIjoxODAwMDAwMDAwMDAwLCJkZWxldGUiOjE4MDAwMDAwMDAwMDAsInJlYWQiOjMwMDAwMDAwMDAwMCwidXBkYXRlIjoxODAwMDAwMDAwMDAwfX0=",
          "dependencies": [
            "azurerm_firewall.hub",
            "azurerm_public_ip.firewall",
            "module.edge_network.azurerm_subnet.this",
            "module.edge_network.azurerm_virtual_network.this",
            "module.resource_group.azurerm_resource_group.this"
          ]
        }
      ]
    },
    {
      "mode": "managed",
      "type": "azurerm_firewall_network_rule_collection",
      "name": "spoke_private",
      "provider": "provider[\"registry.terraform.io/hashicorp/azurerm\"]",
      "instances": [
        {
          "schema_version": 0,
          "attributes": {
            "action": "Allow",
            "azure_firewall_name": "spendpilot-prod-hub-fw",
            "id": "/subscriptions/e1f5b4be-e0ba-4ccb-8708-a949458fcd83/resourceGroups/spendpilot-rg/providers/Microsoft.Network/azureFirewalls/spendpilot-prod-hub-fw/networkRuleCollections/spendpilot-prod-allow-private-app-data",
            "name": "spendpilot-prod-allow-private-app-data",
            "priority": 200,
            "resource_group_name": "spendpilot-rg",
            "rule": [
              {
                "description": "",
                "destination_addresses": [
                  "10.12.1.0/24"
                ],
                "destination_fqdns": [],
                "destination_ip_groups": [],
                "destination_ports": [
                  "5432"
                ],
                "name": "allow-backend-to-postgres",
                "protocols": [
                  "TCP"
                ],
                "source_addresses": [
                  "10.11.1.0/24"
                ],
                "source_ip_groups": []
              },
              {
                "description": "",
                "destination_addresses": [
                  "10.12.0.0/24"
                ],
                "destination_fqdns": [],
                "destination_ip_groups": [],
                "destination_ports": [
                  "11434"
                ],
                "name": "allow-backend-to-ollama",
                "protocols": [
                  "TCP"
                ],
                "source_addresses": [
                  "10.11.1.0/24"
                ],
                "source_ip_groups": []
              }
            ],
            "timeouts": null
          },
          "sensitive_attributes": [],
          "identity_schema_version": 0,
          "private": "eyJlMmJmYjczMC1lY2FhLTExZTYtOGY4OC0zNDM2M2JjN2M0YzAiOnsiY3JlYXRlIjoxODAwMDAwMDAwMDAwLCJkZWxldGUiOjE4MDAwMDAwMDAwMDAsInJlYWQiOjMwMDAwMDAwMDAwMCwidXBkYXRlIjoxODAwMDAwMDAwMDAwfX0=",
          "dependencies": [
            "azurerm_firewall.hub",
            "azurerm_public_ip.firewall",
            "module.edge_network.azurerm_subnet.this",
            "module.edge_network.azurerm_virtual_network.this",
            "module.resource_group.azurerm_resource_group.this"
          ]
        }
      ]
    },
    {
      "mode": "managed",
      "type": "azurerm_lb",
      "name": "ollama_private",
      "provider": "provider[\"registry.terraform.io/hashicorp/azurerm\"]",
      "instances": [
        {
          "schema_version": 0,
          "attributes": {
            "edge_zone": "",
            "frontend_ip_configuration": [
              {
                "gateway_load_balancer_frontend_ip_configuration_id": "",
                "id": "/subscriptions/e1f5b4be-e0ba-4ccb-8708-a949458fcd83/resourceGroups/spendpilot-rg/providers/Microsoft.Network/loadBalancers/spendpilot-prod-ollama-ilb/frontendIPConfigurations/private-frontend",
                "inbound_nat_rules": [],
                "load_balancer_rules": [
                  "/subscriptions/e1f5b4be-e0ba-4ccb-8708-a949458fcd83/resourceGroups/spendpilot-rg/providers/Microsoft.Network/loadBalancers/spendpilot-prod-ollama-ilb/loadBalancingRules/ollama-rule"
                ],
                "name": "private-frontend",
                "outbound_rules": [],
                "private_ip_address": "10.12.0.10",
                "private_ip_address_allocation": "Static",
                "private_ip_address_version": "IPv4",
                "public_ip_address_id": "",
                "public_ip_prefix_id": "",
                "subnet_id": "/subscriptions/e1f5b4be-e0ba-4ccb-8708-a949458fcd83/resourceGroups/spendpilot-rg/providers/Microsoft.Network/virtualNetworks/spendpilot-prod-data-spoke-vnet/subnets/data-ai-subnet",
                "zones": []
              }
            ],
            "id": "/subscriptions/e1f5b4be-e0ba-4ccb-8708-a949458fcd83/resourceGroups/spendpilot-rg/providers/Microsoft.Network/loadBalancers/spendpilot-prod-ollama-ilb",
            "location": "centralindia",
            "name": "spendpilot-prod-ollama-ilb",
            "private_ip_address": "10.12.0.10",
            "private_ip_addresses": [
              "10.12.0.10"
            ],
            "public_ip_address_id": null,
            "resource_group_name": "spendpilot-rg",
            "sku": "Standard",
            "sku_tier": "Regional",
            "subnet_id": null,
            "tags": {
              "application": "spend-control",
              "environment": "prod",
              "managed_by": "terraform",
              "owner": "platform-team",
              "project": "spend-control",
              "stack": "vm-docker"
            },
            "timeouts": null
          },
          "sensitive_attributes": [],
          "identity_schema_version": 0,
          "private": "eyJlMmJmYjczMC1lY2FhLTExZTYtOGY4OC0zNDM2M2JjN2M0YzAiOnsiY3JlYXRlIjoxODAwMDAwMDAwMDAwLCJkZWxldGUiOjE4MDAwMDAwMDAwMDAsInJlYWQiOjMwMDAwMDAwMDAwMCwidXBkYXRlIjoxODAwMDAwMDAwMDAwfX0=",
          "dependencies": [
            "module.data_network.azurerm_subnet.this",
            "module.data_network.azurerm_virtual_network.this",
            "module.resource_group.azurerm_resource_group.this"
          ]
        }
      ]
    },
    {
      "mode": "managed",
      "type": "azurerm_lb_backend_address_pool",
      "name": "ollama_private",
      "provider": "provider[\"registry.terraform.io/hashicorp/azurerm\"]",
      "instances": [
        {
          "schema_version": 0,
          "attributes": {
            "backend_ip_configurations": [
              "/subscriptions/e1f5b4be-e0ba-4ccb-8708-a949458fcd83/resourceGroups/spendpilot-rg/providers/Microsoft.Compute/virtualMachineScaleSets/spendpilot-prod-data-ai-vmss/virtualMachines/0/networkInterfaces/spendpilot-prod-data-ai-vmss-nic/ipConfigurations/internal"
            ],
            "id": "/subscriptions/e1f5b4be-e0ba-4ccb-8708-a949458fcd83/resourceGroups/spendpilot-rg/providers/Microsoft.Network/loadBalancers/spendpilot-prod-ollama-ilb/backendAddressPools/ollama-backend-pool",
            "inbound_nat_rules": [],
            "load_balancing_rules": [
              "/subscriptions/e1f5b4be-e0ba-4ccb-8708-a949458fcd83/resourceGroups/spendpilot-rg/providers/Microsoft.Network/loadBalancers/spendpilot-prod-ollama-ilb/loadBalancingRules/ollama-rule"
            ],
            "loadbalancer_id": "/subscriptions/e1f5b4be-e0ba-4ccb-8708-a949458fcd83/resourceGroups/spendpilot-rg/providers/Microsoft.Network/loadBalancers/spendpilot-prod-ollama-ilb",
            "name": "ollama-backend-pool",
            "outbound_rules": [],
            "synchronous_mode": "",
            "timeouts": null,
            "tunnel_interface": [],
            "virtual_network_id": ""
          },
          "sensitive_attributes": [],
          "identity_schema_version": 0,
          "private": "eyJlMmJmYjczMC1lY2FhLTExZTYtOGY4OC0zNDM2M2JjN2M0YzAiOnsiY3JlYXRlIjoxODAwMDAwMDAwMDAwLCJkZWxldGUiOjE4MDAwMDAwMDAwMDAsInJlYWQiOjMwMDAwMDAwMDAwMCwidXBkYXRlIjoxODAwMDAwMDAwMDAwfX0=",
          "dependencies": [
            "azurerm_lb.ollama_private",
            "module.data_network.azurerm_subnet.this",
            "module.data_network.azurerm_virtual_network.this",
            "module.resource_group.azurerm_resource_group.this"
          ]
        }
      ]
    },
    {
      "mode": "managed",
      "type": "azurerm_lb_probe",
      "name": "ollama_private",
      "provider": "provider[\"registry.terraform.io/hashicorp/azurerm\"]",
      "instances": [
        {
          "schema_version": 0,
          "attributes": {
            "id": "/subscriptions/e1f5b4be-e0ba-4ccb-8708-a949458fcd83/resourceGroups/spendpilot-rg/providers/Microsoft.Network/loadBalancers/spendpilot-prod-ollama-ilb/probes/ollama-tcp-probe",
            "interval_in_seconds": 15,
            "load_balancer_rules": [
              "/subscriptions/e1f5b4be-e0ba-4ccb-8708-a949458fcd83/resourceGroups/spendpilot-rg/providers/Microsoft.Network/loadBalancers/spendpilot-prod-ollama-ilb/loadBalancingRules/ollama-rule"
            ],
            "loadbalancer_id": "/subscriptions/e1f5b4be-e0ba-4ccb-8708-a949458fcd83/resourceGroups/spendpilot-rg/providers/Microsoft.Network/loadBalancers/spendpilot-prod-ollama-ilb",
            "name": "ollama-tcp-probe",
            "number_of_probes": 2,
            "port": 11434,
            "probe_threshold": 1,
            "protocol": "Tcp",
            "request_path": "",
            "timeouts": null
          },
          "sensitive_attributes": [],
          "identity_schema_version": 0,
          "private": "eyJlMmJmYjczMC1lY2FhLTExZTYtOGY4OC0zNDM2M2JjN2M0YzAiOnsiY3JlYXRlIjoxODAwMDAwMDAwMDAwLCJkZWxldGUiOjE4MDAwMDAwMDAwMDAsInJlYWQiOjMwMDAwMDAwMDAwMCwidXBkYXRlIjoxODAwMDAwMDAwMDAwfX0=",
          "dependencies": [
            "azurerm_lb.ollama_private",
            "module.data_network.azurerm_subnet.this",
            "module.data_network.azurerm_virtual_network.this",
            "module.resource_group.azurerm_resource_group.this"
          ]
        }
      ]
    },
    {
      "mode": "managed",
      "type": "azurerm_lb_rule",
      "name": "ollama_private",
      "provider": "provider[\"registry.terraform.io/hashicorp/azurerm\"]",
      "instances": [
        {
          "schema_version": 0,
          "attributes": {
            "backend_address_pool_ids": [
              "/subscriptions/e1f5b4be-e0ba-4ccb-8708-a949458fcd83/resourceGroups/spendpilot-rg/providers/Microsoft.Network/loadBalancers/spendpilot-prod-ollama-ilb/backendAddressPools/ollama-backend-pool"
            ],
            "backend_port": 11434,
            "disable_outbound_snat": false,
            "enable_floating_ip": false,
            "enable_tcp_reset": false,
            "floating_ip_enabled": false,
            "frontend_ip_configuration_id": "/subscriptions/e1f5b4be-e0ba-4ccb-8708-a949458fcd83/resourceGroups/spendpilot-rg/providers/Microsoft.Network/loadBalancers/spendpilot-prod-ollama-ilb/frontendIPConfigurations/private-frontend",
            "frontend_ip_configuration_name": "private-frontend",
            "frontend_port": 11434,
            "id": "/subscriptions/e1f5b4be-e0ba-4ccb-8708-a949458fcd83/resourceGroups/spendpilot-rg/providers/Microsoft.Network/loadBalancers/spendpilot-prod-ollama-ilb/loadBalancingRules/ollama-rule",
            "idle_timeout_in_minutes": 4,
            "load_distribution": "Default",
            "loadbalancer_id": "/subscriptions/e1f5b4be-e0ba-4ccb-8708-a949458fcd83/resourceGroups/spendpilot-rg/providers/Microsoft.Network/loadBalancers/spendpilot-prod-ollama-ilb",
            "name": "ollama-rule",
            "probe_id": "/subscriptions/e1f5b4be-e0ba-4ccb-8708-a949458fcd83/resourceGroups/spendpilot-rg/providers/Microsoft.Network/loadBalancers/spendpilot-prod-ollama-ilb/probes/ollama-tcp-probe",
            "protocol": "Tcp",
            "tcp_reset_enabled": false,
            "timeouts": null
          },
          "sensitive_attributes": [],
          "identity_schema_version": 0,
          "private": "eyJlMmJmYjczMC1lY2FhLTExZTYtOGY4OC0zNDM2M2JjN2M0YzAiOnsiY3JlYXRlIjoxODAwMDAwMDAwMDAwLCJkZWxldGUiOjE4MDAwMDAwMDAwMDAsInJlYWQiOjMwMDAwMDAwMDAwMCwidXBkYXRlIjoxODAwMDAwMDAwMDAwfX0=",
          "dependencies": [
            "azurerm_lb.ollama_private",
            "azurerm_lb_backend_address_pool.ollama_private",
            "azurerm_lb_probe.ollama_private",
            "module.data_network.azurerm_subnet.this",
            "module.data_network.azurerm_virtual_network.this",
            "module.resource_group.azurerm_resource_group.this"
          ]
        }
      ]
    },
    {
      "mode": "managed",
      "type": "azurerm_public_ip",
      "name": "firewall",
      "provider": "provider[\"registry.terraform.io/hashicorp/azurerm\"]",
      "instances": [
        {
          "schema_version": 0,
          "attributes": {
            "allocation_method": "Static",
            "ddos_protection_mode": "VirtualNetworkInherited",
            "ddos_protection_plan_id": null,
            "domain_name_label": "",
            "domain_name_label_scope": "",
            "edge_zone": "",
            "fqdn": "",
            "id": "/subscriptions/e1f5b4be-e0ba-4ccb-8708-a949458fcd83/resourceGroups/spendpilot-rg/providers/Microsoft.Network/publicIPAddresses/spendpilot-prod-fw-pip",
            "idle_timeout_in_minutes": 4,
            "ip_address": "104.211.117.113",
            "ip_tags": {},
            "ip_version": "IPv4",
            "location": "centralindia",
            "name": "spendpilot-prod-fw-pip",
            "public_ip_prefix_id": null,
            "resource_group_name": "spendpilot-rg",
            "reverse_fqdn": "",
            "sku": "Standard",
            "sku_tier": "Regional",
            "tags": {
              "application": "spend-control",
              "environment": "prod",
              "managed_by": "terraform",
              "owner": "platform-team",
              "project": "spend-control",
              "stack": "vm-docker"
            },
            "timeouts": null,
            "zones": []
          },
          "sensitive_attributes": [],
          "identity_schema_version": 0,
          "identity": {
            "name": "spendpilot-prod-fw-pip",
            "resource_group_name": "spendpilot-rg",
            "subscription_id": "e1f5b4be-e0ba-4ccb-8708-a949458fcd83"
          },
          "private": "eyJlMmJmYjczMC1lY2FhLTExZTYtOGY4OC0zNDM2M2JjN2M0YzAiOnsiY3JlYXRlIjoxODAwMDAwMDAwMDAwLCJkZWxldGUiOjE4MDAwMDAwMDAwMDAsInJlYWQiOjMwMDAwMDAwMDAwMCwidXBkYXRlIjoxODAwMDAwMDAwMDAwfX0=",
          "dependencies": [
            "module.resource_group.azurerm_resource_group.this"
          ]
        }
      ]
    },
    {
      "mode": "managed",
      "type": "azurerm_route_table",
      "name": "app_spoke",
      "provider": "provider[\"registry.terraform.io/hashicorp/azurerm\"]",
      "instances": [
        {
          "schema_version": 0,
          "attributes": {
            "bgp_route_propagation_enabled": true,
            "id": "/subscriptions/e1f5b4be-e0ba-4ccb-8708-a949458fcd83/resourceGroups/spendpilot-rg/providers/Microsoft.Network/routeTables/spendpilot-prod-app-spoke-rt",
            "location": "centralindia",
            "name": "spendpilot-prod-app-spoke-rt",
            "resource_group_name": "spendpilot-rg",
            "route": [
              {
                "address_prefix": "0.0.0.0/0",
                "name": "internet-via-firewall",
                "next_hop_in_ip_address": "10.10.2.4",
                "next_hop_type": "VirtualAppliance"
              }
            ],
            "subnets": [
              "/subscriptions/e1f5b4be-e0ba-4ccb-8708-a949458fcd83/resourceGroups/spendpilot-rg/providers/Microsoft.Network/virtualNetworks/spendpilot-prod-app-spoke-vnet/subnets/backend-subnet",
              "/subscriptions/e1f5b4be-e0ba-4ccb-8708-a949458fcd83/resourceGroups/spendpilot-rg/providers/Microsoft.Network/virtualNetworks/spendpilot-prod-app-spoke-vnet/subnets/frontend-subnet",
              "/subscriptions/e1f5b4be-e0ba-4ccb-8708-a949458fcd83/resourceGroups/spendpilot-rg/providers/Microsoft.Network/virtualNetworks/spendpilot-prod-app-spoke-vnet/subnets/static-app-subnet"
            ],
            "tags": {
              "application": "spend-control",
              "environment": "prod",
              "managed_by": "terraform",
              "owner": "platform-team",
              "project": "spend-control",
              "stack": "vm-docker"
            },
            "timeouts": null
          },
          "sensitive_attributes": [],
          "identity_schema_version": 0,
          "identity": {
            "name": "spendpilot-prod-app-spoke-rt",
            "resource_group_name": "spendpilot-rg",
            "subscription_id": "e1f5b4be-e0ba-4ccb-8708-a949458fcd83"
          },
          "private": "eyJlMmJmYjczMC1lY2FhLTExZTYtOGY4OC0zNDM2M2JjN2M0YzAiOnsiY3JlYXRlIjoxODAwMDAwMDAwMDAwLCJkZWxldGUiOjE4MDAwMDAwMDAwMDAsInJlYWQiOjMwMDAwMDAwMDAwMCwidXBkYXRlIjoxODAwMDAwMDAwMDAwfX0=",
          "dependencies": [
            "azurerm_firewall.hub",
            "azurerm_public_ip.firewall",
            "module.edge_network.azurerm_subnet.this",
            "module.edge_network.azurerm_virtual_network.this",
            "module.resource_group.azurerm_resource_group.this"
          ]
        }
      ]
    },
    {
      "mode": "managed",
      "type": "azurerm_route_table",
      "name": "data_spoke",
      "provider": "provider[\"registry.terraform.io/hashicorp/azurerm\"]",
      "instances": [
        {
          "schema_version": 0,
          "attributes": {
            "bgp_route_propagation_enabled": true,
            "id": "/subscriptions/e1f5b4be-e0ba-4ccb-8708-a949458fcd83/resourceGroups/spendpilot-rg/providers/Microsoft.Network/routeTables/spendpilot-prod-data-spoke-rt",
            "location": "centralindia",
            "name": "spendpilot-prod-data-spoke-rt",
            "resource_group_name": "spendpilot-rg",
            "route": [
              {
                "address_prefix": "0.0.0.0/0",
                "name": "internet-via-firewall",
                "next_hop_in_ip_address": "10.10.2.4",
                "next_hop_type": "VirtualAppliance"
              }
            ],
            "subnets": [
              "/subscriptions/e1f5b4be-e0ba-4ccb-8708-a949458fcd83/resourceGroups/spendpilot-rg/providers/Microsoft.Network/virtualNetworks/spendpilot-prod-data-spoke-vnet/subnets/data-ai-subnet"
            ],
            "tags": {
              "application": "spend-control",
              "environment": "prod",
              "managed_by": "terraform",
              "owner": "platform-team",
              "project": "spend-control",
              "stack": "vm-docker"
            },
            "timeouts": null
          },
          "sensitive_attributes": [],
          "identity_schema_version": 0,
          "identity": {
            "name": "spendpilot-prod-data-spoke-rt",
            "resource_group_name": "spendpilot-rg",
            "subscription_id": "e1f5b4be-e0ba-4ccb-8708-a949458fcd83"
          },
          "private": "eyJlMmJmYjczMC1lY2FhLTExZTYtOGY4OC0zNDM2M2JjN2M0YzAiOnsiY3JlYXRlIjoxODAwMDAwMDAwMDAwLCJkZWxldGUiOjE4MDAwMDAwMDAwMDAsInJlYWQiOjMwMDAwMDAwMDAwMCwidXBkYXRlIjoxODAwMDAwMDAwMDAwfX0=",
          "dependencies": [
            "azurerm_firewall.hub",
            "azurerm_public_ip.firewall",
            "module.edge_network.azurerm_subnet.this",
            "module.edge_network.azurerm_virtual_network.this",
            "module.resource_group.azurerm_resource_group.this"
          ]
        }
      ]
    },
    {
      "mode": "managed",
      "type": "azurerm_subnet_route_table_association",
      "name": "backend",
      "provider": "provider[\"registry.terraform.io/hashicorp/azurerm\"]",
      "instances": [
        {
          "schema_version": 0,
          "attributes": {
            "id": "/subscriptions/e1f5b4be-e0ba-4ccb-8708-a949458fcd83/resourceGroups/spendpilot-rg/providers/Microsoft.Network/virtualNetworks/spendpilot-prod-app-spoke-vnet/subnets/backend-subnet",
            "route_table_id": "/subscriptions/e1f5b4be-e0ba-4ccb-8708-a949458fcd83/resourceGroups/spendpilot-rg/providers/Microsoft.Network/routeTables/spendpilot-prod-app-spoke-rt",
            "subnet_id": "/subscriptions/e1f5b4be-e0ba-4ccb-8708-a949458fcd83/resourceGroups/spendpilot-rg/providers/Microsoft.Network/virtualNetworks/spendpilot-prod-app-spoke-vnet/subnets/backend-subnet",
            "timeouts": null
          },
          "sensitive_attributes": [],
          "identity_schema_version": 0,
          "private": "eyJlMmJmYjczMC1lY2FhLTExZTYtOGY4OC0zNDM2M2JjN2M0YzAiOnsiY3JlYXRlIjoxODAwMDAwMDAwMDAwLCJkZWxldGUiOjE4MDAwMDAwMDAwMDAsInJlYWQiOjMwMDAwMDAwMDAwMH19",
          "dependencies": [
            "azurerm_firewall.hub",
            "azurerm_public_ip.firewall",
            "azurerm_route_table.app_spoke",
            "module.app_network.azurerm_subnet.this",
            "module.app_network.azurerm_virtual_network.this",
            "module.edge_network.azurerm_subnet.this",
            "module.edge_network.azurerm_virtual_network.this",
            "module.resource_group.azurerm_resource_group.this"
          ]
        }
      ]
    },
    {
      "mode": "managed",
      "type": "azurerm_subnet_route_table_association",
      "name": "data_ai",
      "provider": "provider[\"registry.terraform.io/hashicorp/azurerm\"]",
      "instances": [
        {
          "schema_version": 0,
          "attributes": {
            "id": "/subscriptions/e1f5b4be-e0ba-4ccb-8708-a949458fcd83/resourceGroups/spendpilot-rg/providers/Microsoft.Network/virtualNetworks/spendpilot-prod-data-spoke-vnet/subnets/data-ai-subnet",
            "route_table_id": "/subscriptions/e1f5b4be-e0ba-4ccb-8708-a949458fcd83/resourceGroups/spendpilot-rg/providers/Microsoft.Network/routeTables/spendpilot-prod-data-spoke-rt",
            "subnet_id": "/subscriptions/e1f5b4be-e0ba-4ccb-8708-a949458fcd83/resourceGroups/spendpilot-rg/providers/Microsoft.Network/virtualNetworks/spendpilot-prod-data-spoke-vnet/subnets/data-ai-subnet",
            "timeouts": null
          },
          "sensitive_attributes": [],
          "identity_schema_version": 0,
          "private": "eyJlMmJmYjczMC1lY2FhLTExZTYtOGY4OC0zNDM2M2JjN2M0YzAiOnsiY3JlYXRlIjoxODAwMDAwMDAwMDAwLCJkZWxldGUiOjE4MDAwMDAwMDAwMDAsInJlYWQiOjMwMDAwMDAwMDAwMH19",
          "dependencies": [
            "azurerm_firewall.hub",
            "azurerm_public_ip.firewall",
            "azurerm_route_table.data_spoke",
            "module.data_network.azurerm_subnet.this",
            "module.data_network.azurerm_virtual_network.this",
            "module.edge_network.azurerm_subnet.this",
            "module.edge_network.azurerm_virtual_network.this",
            "module.resource_group.azurerm_resource_group.this"
          ]
        }
      ]
    },
    {
      "mode": "managed",
      "type": "azurerm_subnet_route_table_association",
      "name": "frontend",
      "provider": "provider[\"registry.terraform.io/hashicorp/azurerm\"]",
      "instances": [
        {
          "schema_version": 0,
          "attributes": {
            "id": "/subscriptions/e1f5b4be-e0ba-4ccb-8708-a949458fcd83/resourceGroups/spendpilot-rg/providers/Microsoft.Network/virtualNetworks/spendpilot-prod-app-spoke-vnet/subnets/frontend-subnet",
            "route_table_id": "/subscriptions/e1f5b4be-e0ba-4ccb-8708-a949458fcd83/resourceGroups/spendpilot-rg/providers/Microsoft.Network/routeTables/spendpilot-prod-app-spoke-rt",
            "subnet_id": "/subscriptions/e1f5b4be-e0ba-4ccb-8708-a949458fcd83/resourceGroups/spendpilot-rg/providers/Microsoft.Network/virtualNetworks/spendpilot-prod-app-spoke-vnet/subnets/frontend-subnet",
            "timeouts": null
          },
          "sensitive_attributes": [],
          "identity_schema_version": 0,
          "private": "eyJlMmJmYjczMC1lY2FhLTExZTYtOGY4OC0zNDM2M2JjN2M0YzAiOnsiY3JlYXRlIjoxODAwMDAwMDAwMDAwLCJkZWxldGUiOjE4MDAwMDAwMDAwMDAsInJlYWQiOjMwMDAwMDAwMDAwMH19",
          "dependencies": [
            "azurerm_firewall.hub",
            "azurerm_public_ip.firewall",
            "azurerm_route_table.app_spoke",
            "module.app_network.azurerm_subnet.this",
            "module.app_network.azurerm_virtual_network.this",
            "module.edge_network.azurerm_subnet.this",
            "module.edge_network.azurerm_virtual_network.this",
            "module.resource_group.azurerm_resource_group.this"
          ]
        }
      ]
    },
    {
      "mode": "managed",
      "type": "azurerm_subnet_route_table_association",
      "name": "static_app",
      "provider": "provider[\"registry.terraform.io/hashicorp/azurerm\"]",
      "instances": [
        {
          "schema_version": 0,
          "attributes": {
            "id": "/subscriptions/e1f5b4be-e0ba-4ccb-8708-a949458fcd83/resourceGroups/spendpilot-rg/providers/Microsoft.Network/virtualNetworks/spendpilot-prod-app-spoke-vnet/subnets/static-app-subnet",
            "route_table_id": "/subscriptions/e1f5b4be-e0ba-4ccb-8708-a949458fcd83/resourceGroups/spendpilot-rg/providers/Microsoft.Network/routeTables/spendpilot-prod-app-spoke-rt",
            "subnet_id": "/subscriptions/e1f5b4be-e0ba-4ccb-8708-a949458fcd83/resourceGroups/spendpilot-rg/providers/Microsoft.Network/virtualNetworks/spendpilot-prod-app-spoke-vnet/subnets/static-app-subnet",
            "timeouts": null
          },
          "sensitive_attributes": [],
          "identity_schema_version": 0,
          "private": "eyJlMmJmYjczMC1lY2FhLTExZTYtOGY4OC0zNDM2M2JjN2M0YzAiOnsiY3JlYXRlIjoxODAwMDAwMDAwMDAwLCJkZWxldGUiOjE4MDAwMDAwMDAwMDAsInJlYWQiOjMwMDAwMDAwMDAwMH19",
          "dependencies": [
            "azurerm_firewall.hub",
            "azurerm_public_ip.firewall",
            "azurerm_route_table.app_spoke",
            "module.app_network.azurerm_subnet.this",
            "module.app_network.azurerm_virtual_network.this",
            "module.edge_network.azurerm_subnet.this",
            "module.edge_network.azurerm_virtual_network.this",
            "module.resource_group.azurerm_resource_group.this"
          ]
        }
      ]
    },
    {
      "mode": "managed",
      "type": "azurerm_virtual_network_peering",
      "name": "app_to_data",
      "provider": "provider[\"registry.terraform.io/hashicorp/azurerm\"]",
      "instances": [
        {
          "schema_version": 0,
          "attributes": {
            "allow_forwarded_traffic": true,
            "allow_gateway_transit": false,
            "allow_virtual_network_access": true,
            "id": "/subscriptions/e1f5b4be-e0ba-4ccb-8708-a949458fcd83/resourceGroups/spendpilot-rg/providers/Microsoft.Network/virtualNetworks/spendpilot-prod-app-spoke-vnet/virtualNetworkPeerings/spendpilot-prod-app-to-data",
            "local_subnet_names": [],
            "name": "spendpilot-prod-app-to-data",
            "only_ipv6_peering_enabled": false,
            "peer_complete_virtual_networks_enabled": true,
            "remote_subnet_names": [],
            "remote_virtual_network_id": "/subscriptions/e1f5b4be-e0ba-4ccb-8708-a949458fcd83/resourceGroups/spendpilot-rg/providers/Microsoft.Network/virtualNetworks/spendpilot-prod-data-spoke-vnet",
            "resource_group_name": "spendpilot-rg",
            "timeouts": null,
            "triggers": null,
            "use_remote_gateways": false,
            "virtual_network_name": "spendpilot-prod-app-spoke-vnet"
          },
          "sensitive_attributes": [],
          "identity_schema_version": 0,
          "identity": {
            "name": "spendpilot-prod-app-to-data",
            "resource_group_name": "spendpilot-rg",
            "subscription_id": "e1f5b4be-e0ba-4ccb-8708-a949458fcd83",
            "virtual_network_name": "spendpilot-prod-app-spoke-vnet"
          },
          "private": "eyJlMmJmYjczMC1lY2FhLTExZTYtOGY4OC0zNDM2M2JjN2M0YzAiOnsiY3JlYXRlIjoxODAwMDAwMDAwMDAwLCJkZWxldGUiOjE4MDAwMDAwMDAwMDAsInJlYWQiOjMwMDAwMDAwMDAwMCwidXBkYXRlIjoxODAwMDAwMDAwMDAwfX0=",
          "dependencies": [
            "module.app_network.azurerm_virtual_network.this",
            "module.data_network.azurerm_virtual_network.this",
            "module.resource_group.azurerm_resource_group.this"
          ]
        }
      ]
    },
    {
      "mode": "managed",
      "type": "azurerm_virtual_network_peering",
      "name": "app_to_edge",
      "provider": "provider[\"registry.terraform.io/hashicorp/azurerm\"]",
      "instances": [
        {
          "schema_version": 0,
          "attributes": {
            "allow_forwarded_traffic": true,
            "allow_gateway_transit": false,
            "allow_virtual_network_access": true,
            "id": "/subscriptions/e1f5b4be-e0ba-4ccb-8708-a949458fcd83/resourceGroups/spendpilot-rg/providers/Microsoft.Network/virtualNetworks/spendpilot-prod-app-spoke-vnet/virtualNetworkPeerings/spendpilot-prod-app-to-hub",
            "local_subnet_names": [],
            "name": "spendpilot-prod-app-to-hub",
            "only_ipv6_peering_enabled": false,
            "peer_complete_virtual_networks_enabled": true,
            "remote_subnet_names": [],
            "remote_virtual_network_id": "/subscriptions/e1f5b4be-e0ba-4ccb-8708-a949458fcd83/resourceGroups/spendpilot-rg/providers/Microsoft.Network/virtualNetworks/spendpilot-prod-hub-vnet",
            "resource_group_name": "spendpilot-rg",
            "timeouts": null,
            "triggers": null,
            "use_remote_gateways": false,
            "virtual_network_name": "spendpilot-prod-app-spoke-vnet"
          },
          "sensitive_attributes": [],
          "identity_schema_version": 0,
          "identity": {
            "name": "spendpilot-prod-app-to-hub",
            "resource_group_name": "spendpilot-rg",
            "subscription_id": "e1f5b4be-e0ba-4ccb-8708-a949458fcd83",
            "virtual_network_name": "spendpilot-prod-app-spoke-vnet"
          },
          "private": "eyJlMmJmYjczMC1lY2FhLTExZTYtOGY4OC0zNDM2M2JjN2M0YzAiOnsiY3JlYXRlIjoxODAwMDAwMDAwMDAwLCJkZWxldGUiOjE4MDAwMDAwMDAwMDAsInJlYWQiOjMwMDAwMDAwMDAwMCwidXBkYXRlIjoxODAwMDAwMDAwMDAwfX0=",
          "dependencies": [
            "module.app_network.azurerm_virtual_network.this",
            "module.edge_network.azurerm_virtual_network.this",
            "module.resource_group.azurerm_resource_group.this"
          ]
        }
      ]
    },
    {
      "mode": "managed",
      "type": "azurerm_virtual_network_peering",
      "name": "data_to_app",
      "provider": "provider[\"registry.terraform.io/hashicorp/azurerm\"]",
      "instances": [
        {
          "schema_version": 0,
          "attributes": {
            "allow_forwarded_traffic": true,
            "allow_gateway_transit": false,
            "allow_virtual_network_access": true,
            "id": "/subscriptions/e1f5b4be-e0ba-4ccb-8708-a949458fcd83/resourceGroups/spendpilot-rg/providers/Microsoft.Network/virtualNetworks/spendpilot-prod-data-spoke-vnet/virtualNetworkPeerings/spendpilot-prod-data-to-app",
            "local_subnet_names": [],
            "name": "spendpilot-prod-data-to-app",
            "only_ipv6_peering_enabled": false,
            "peer_complete_virtual_networks_enabled": true,
            "remote_subnet_names": [],
            "remote_virtual_network_id": "/subscriptions/e1f5b4be-e0ba-4ccb-8708-a949458fcd83/resourceGroups/spendpilot-rg/providers/Microsoft.Network/virtualNetworks/spendpilot-prod-app-spoke-vnet",
            "resource_group_name": "spendpilot-rg",
            "timeouts": null,
            "triggers": null,
            "use_remote_gateways": false,
            "virtual_network_name": "spendpilot-prod-data-spoke-vnet"
          },
          "sensitive_attributes": [],
          "identity_schema_version": 0,
          "identity": {
            "name": "spendpilot-prod-data-to-app",
            "resource_group_name": "spendpilot-rg",
            "subscription_id": "e1f5b4be-e0ba-4ccb-8708-a949458fcd83",
            "virtual_network_name": "spendpilot-prod-data-spoke-vnet"
          },
          "private": "eyJlMmJmYjczMC1lY2FhLTExZTYtOGY4OC0zNDM2M2JjN2M0YzAiOnsiY3JlYXRlIjoxODAwMDAwMDAwMDAwLCJkZWxldGUiOjE4MDAwMDAwMDAwMDAsInJlYWQiOjMwMDAwMDAwMDAwMCwidXBkYXRlIjoxODAwMDAwMDAwMDAwfX0=",
          "dependencies": [
            "module.app_network.azurerm_virtual_network.this",
            "module.data_network.azurerm_virtual_network.this",
            "module.resource_group.azurerm_resource_group.this"
          ]
        }
      ]
    },
    {
      "mode": "managed",
      "type": "azurerm_virtual_network_peering",
      "name": "data_to_edge",
      "provider": "provider[\"registry.terraform.io/hashicorp/azurerm\"]",
      "instances": [
        {
          "schema_version": 0,
          "attributes": {
            "allow_forwarded_traffic": true,
            "allow_gateway_transit": false,
            "allow_virtual_network_access": true,
            "id": "/subscriptions/e1f5b4be-e0ba-4ccb-8708-a949458fcd83/resourceGroups/spendpilot-rg/providers/Microsoft.Network/virtualNetworks/spendpilot-prod-data-spoke-vnet/virtualNetworkPeerings/spendpilot-prod-data-to-hub",
            "local_subnet_names": [],
            "name": "spendpilot-prod-data-to-hub",
            "only_ipv6_peering_enabled": false,
            "peer_complete_virtual_networks_enabled": true,
            "remote_subnet_names": [],
            "remote_virtual_network_id": "/subscriptions/e1f5b4be-e0ba-4ccb-8708-a949458fcd83/resourceGroups/spendpilot-rg/providers/Microsoft.Network/virtualNetworks/spendpilot-prod-hub-vnet",
            "resource_group_name": "spendpilot-rg",
            "timeouts": null,
            "triggers": null,
            "use_remote_gateways": false,
            "virtual_network_name": "spendpilot-prod-data-spoke-vnet"
          },
          "sensitive_attributes": [],
          "identity_schema_version": 0,
          "identity": {
            "name": "spendpilot-prod-data-to-hub",
            "resource_group_name": "spendpilot-rg",
            "subscription_id": "e1f5b4be-e0ba-4ccb-8708-a949458fcd83",
            "virtual_network_name": "spendpilot-prod-data-spoke-vnet"
          },
          "private": "eyJlMmJmYjczMC1lY2FhLTExZTYtOGY4OC0zNDM2M2JjN2M0YzAiOnsiY3JlYXRlIjoxODAwMDAwMDAwMDAwLCJkZWxldGUiOjE4MDAwMDAwMDAwMDAsInJlYWQiOjMwMDAwMDAwMDAwMCwidXBkYXRlIjoxODAwMDAwMDAwMDAwfX0=",
          "dependencies": [
            "module.data_network.azurerm_virtual_network.this",
            "module.edge_network.azurerm_virtual_network.this",
            "module.resource_group.azurerm_resource_group.this"
          ]
        }
      ]
    },
    {
      "mode": "managed",
      "type": "azurerm_virtual_network_peering",
      "name": "edge_to_app",
      "provider": "provider[\"registry.terraform.io/hashicorp/azurerm\"]",
      "instances": [
        {
          "schema_version": 0,
          "attributes": {
            "allow_forwarded_traffic": true,
            "allow_gateway_transit": false,
            "allow_virtual_network_access": true,
            "id": "/subscriptions/e1f5b4be-e0ba-4ccb-8708-a949458fcd83/resourceGroups/spendpilot-rg/providers/Microsoft.Network/virtualNetworks/spendpilot-prod-hub-vnet/virtualNetworkPeerings/spendpilot-prod-hub-to-app",
            "local_subnet_names": [],
            "name": "spendpilot-prod-hub-to-app",
            "only_ipv6_peering_enabled": false,
            "peer_complete_virtual_networks_enabled": true,
            "remote_subnet_names": [],
            "remote_virtual_network_id": "/subscriptions/e1f5b4be-e0ba-4ccb-8708-a949458fcd83/resourceGroups/spendpilot-rg/providers/Microsoft.Network/virtualNetworks/spendpilot-prod-app-spoke-vnet",
            "resource_group_name": "spendpilot-rg",
            "timeouts": null,
            "triggers": null,
            "use_remote_gateways": false,
            "virtual_network_name": "spendpilot-prod-hub-vnet"
          },
          "sensitive_attributes": [],
          "identity_schema_version": 0,
          "identity": {
            "name": "spendpilot-prod-hub-to-app",
            "resource_group_name": "spendpilot-rg",
            "subscription_id": "e1f5b4be-e0ba-4ccb-8708-a949458fcd83",
            "virtual_network_name": "spendpilot-prod-hub-vnet"
          },
          "private": "eyJlMmJmYjczMC1lY2FhLTExZTYtOGY4OC0zNDM2M2JjN2M0YzAiOnsiY3JlYXRlIjoxODAwMDAwMDAwMDAwLCJkZWxldGUiOjE4MDAwMDAwMDAwMDAsInJlYWQiOjMwMDAwMDAwMDAwMCwidXBkYXRlIjoxODAwMDAwMDAwMDAwfX0=",
          "dependencies": [
            "module.app_network.azurerm_virtual_network.this",
            "module.edge_network.azurerm_virtual_network.this",
            "module.resource_group.azurerm_resource_group.this"
          ]
        }
      ]
    },
    {
      "mode": "managed",
      "type": "azurerm_virtual_network_peering",
      "name": "edge_to_data",
      "provider": "provider[\"registry.terraform.io/hashicorp/azurerm\"]",
      "instances": [
        {
          "schema_version": 0,
          "attributes": {
            "allow_forwarded_traffic": true,
            "allow_gateway_transit": false,
            "allow_virtual_network_access": true,
            "id": "/subscriptions/e1f5b4be-e0ba-4ccb-8708-a949458fcd83/resourceGroups/spendpilot-rg/providers/Microsoft.Network/virtualNetworks/spendpilot-prod-hub-vnet/virtualNetworkPeerings/spendpilot-prod-hub-to-data",
            "local_subnet_names": [],
            "name": "spendpilot-prod-hub-to-data",
            "only_ipv6_peering_enabled": false,
            "peer_complete_virtual_networks_enabled": true,
            "remote_subnet_names": [],
            "remote_virtual_network_id": "/subscriptions/e1f5b4be-e0ba-4ccb-8708-a949458fcd83/resourceGroups/spendpilot-rg/providers/Microsoft.Network/virtualNetworks/spendpilot-prod-data-spoke-vnet",
            "resource_group_name": "spendpilot-rg",
            "timeouts": null,
            "triggers": null,
            "use_remote_gateways": false,
            "virtual_network_name": "spendpilot-prod-hub-vnet"
          },
          "sensitive_attributes": [],
          "identity_schema_version": 0,
          "identity": {
            "name": "spendpilot-prod-hub-to-data",
            "resource_group_name": "spendpilot-rg",
            "subscription_id": "e1f5b4be-e0ba-4ccb-8708-a949458fcd83",
            "virtual_network_name": "spendpilot-prod-hub-vnet"
          },
          "private": "eyJlMmJmYjczMC1lY2FhLTExZTYtOGY4OC0zNDM2M2JjN2M0YzAiOnsiY3JlYXRlIjoxODAwMDAwMDAwMDAwLCJkZWxldGUiOjE4MDAwMDAwMDAwMDAsInJlYWQiOjMwMDAwMDAwMDAwMCwidXBkYXRlIjoxODAwMDAwMDAwMDAwfX0=",
          "dependencies": [
            "module.data_network.azurerm_virtual_network.this",
            "module.edge_network.azurerm_virtual_network.this",
            "module.resource_group.azurerm_resource_group.this"
          ]
        }
      ]
    },
    {
      "module": "module.app_gateway",
      "mode": "managed",
      "type": "azurerm_application_gateway",
      "name": "this",
      "provider": "provider[\"registry.terraform.io/hashicorp/azurerm\"]",
      "instances": [
        {
          "schema_version": 0,
          "attributes": {
            "authentication_certificate": [],
            "autoscale_configuration": [
              {
                "max_capacity": 6,
                "min_capacity": 2
              }
            ],
            "backend": [],
            "backend_address_pool": [
              {
                "fqdns": [],
                "id": "/subscriptions/e1f5b4be-e0ba-4ccb-8708-a949458fcd83/resourceGroups/spendpilot-rg/providers/Microsoft.Network/applicationGateways/spendpilot-prod-appgw/backendAddressPools/api-pool",
                "ip_addresses": [],
                "name": "api-pool"
              },
              {
                "fqdns": [],
                "id": "/subscriptions/e1f5b4be-e0ba-4ccb-8708-a949458fcd83/resourceGroups/spendpilot-rg/providers/Microsoft.Network/applicationGateways/spendpilot-prod-appgw/backendAddressPools/frontend-pool",
                "ip_addresses": [],
                "name": "frontend-pool"
              },
              {
                "fqdns": [],
                "id": "/subscriptions/e1f5b4be-e0ba-4ccb-8708-a949458fcd83/resourceGroups/spendpilot-rg/providers/Microsoft.Network/applicationGateways/spendpilot-prod-appgw/backendAddressPools/static-pool",
                "ip_addresses": [],
                "name": "static-pool"
              }
            ],
            "backend_http_settings": [
              {
                "affinity_cookie_name": "",
                "authentication_certificate": [],
                "connection_draining": [],
                "cookie_based_affinity": "Disabled",
                "dedicated_backend_connection_enabled": false,
                "host_name": "",
                "id": "/subscriptions/e1f5b4be-e0ba-4ccb-8708-a949458fcd83/resourceGroups/spendpilot-rg/providers/Microsoft.Network/applicationGateways/spendpilot-prod-appgw/backendHttpSettingsCollection/api-http",
                "name": "api-http",
                "path": "",
                "pick_host_name_from_backend_address": false,
                "port": 8000,
                "probe_id": "/subscriptions/e1f5b4be-e0ba-4ccb-8708-a949458fcd83/resourceGroups/spendpilot-rg/providers/Microsoft.Network/applicationGateways/spendpilot-prod-appgw/probes/api-probe",
                "probe_name": "api-probe",
                "protocol": "Http",
                "request_timeout": 60,
                "trusted_root_certificate_names": []
              },
              {
                "affinity_cookie_name": "",
                "authentication_certificate": [],
                "connection_draining": [],
                "cookie_based_affinity": "Disabled",
                "dedicated_backend_connection_enabled": false,
                "host_name": "",
                "id": "/subscriptions/e1f5b4be-e0ba-4ccb-8708-a949458fcd83/resourceGroups/spendpilot-rg/providers/Microsoft.Network/applicationGateways/spendpilot-prod-appgw/backendHttpSettingsCollection/frontend-http",
                "name": "frontend-http",
                "path": "",
                "pick_host_name_from_backend_address": false,
                "port": 3000,
                "probe_id": "/subscriptions/e1f5b4be-e0ba-4ccb-8708-a949458fcd83/resourceGroups/spendpilot-rg/providers/Microsoft.Network/applicationGateways/spendpilot-prod-appgw/probes/frontend-probe",
                "probe_name": "frontend-probe",
                "protocol": "Http",
                "request_timeout": 60,
                "trusted_root_certificate_names": []
              },
              {
                "affinity_cookie_name": "",
                "authentication_certificate": [],
                "connection_draining": [],
                "cookie_based_affinity": "Disabled",
                "dedicated_backend_connection_enabled": false,
                "host_name": "",
                "id": "/subscriptions/e1f5b4be-e0ba-4ccb-8708-a949458fcd83/resourceGroups/spendpilot-rg/providers/Microsoft.Network/applicationGateways/spendpilot-prod-appgw/backendHttpSettingsCollection/static-http",
                "name": "static-http",
                "path": "",
                "pick_host_name_from_backend_address": false,
                "port": 80,
                "probe_id": "/subscriptions/e1f5b4be-e0ba-4ccb-8708-a949458fcd83/resourceGroups/spendpilot-rg/providers/Microsoft.Network/applicationGateways/spendpilot-prod-appgw/probes/static-probe",
                "probe_name": "static-probe",
                "protocol": "Http",
                "request_timeout": 60,
                "trusted_root_certificate_names": []
              }
            ],
            "custom_error_configuration": [],
            "enable_http2": false,
            "fips_enabled": false,
            "firewall_policy_id": "/subscriptions/e1f5b4be-e0ba-4ccb-8708-a949458fcd83/resourceGroups/spendpilot-rg/providers/Microsoft.Network/applicationGatewayWebApplicationFirewallPolicies/spendpilot-prod-appgw-waf",
            "force_firewall_policy_association": false,
            "frontend_ip_configuration": [
              {
                "id": "/subscriptions/e1f5b4be-e0ba-4ccb-8708-a949458fcd83/resourceGroups/spendpilot-rg/providers/Microsoft.Network/applicationGateways/spendpilot-prod-appgw/frontendIPConfigurations/public-frontend",
                "name": "public-frontend",
                "private_ip_address": "",
                "private_ip_address_allocation": "Dynamic",
                "private_link_configuration_id": "",
                "private_link_configuration_name": "",
                "public_ip_address_id": "/subscriptions/e1f5b4be-e0ba-4ccb-8708-a949458fcd83/resourceGroups/spendpilot-rg/providers/Microsoft.Network/publicIPAddresses/spendpilot-prod-appgw-pip",
                "subnet_id": ""
              }
            ],
            "frontend_port": [
              {
                "id": "/subscriptions/e1f5b4be-e0ba-4ccb-8708-a949458fcd83/resourceGroups/spendpilot-rg/providers/Microsoft.Network/applicationGateways/spendpilot-prod-appgw/frontendPorts/http",
                "name": "http",
                "port": 80
              }
            ],
            "gateway_ip_configuration": [
              {
                "id": "/subscriptions/e1f5b4be-e0ba-4ccb-8708-a949458fcd83/resourceGroups/spendpilot-rg/providers/Microsoft.Network/applicationGateways/spendpilot-prod-appgw/gatewayIPConfigurations/gateway-ip-config",
                "name": "gateway-ip-config",
                "subnet_id": "/subscriptions/e1f5b4be-e0ba-4ccb-8708-a949458fcd83/resourceGroups/spendpilot-rg/providers/Microsoft.Network/virtualNetworks/spendpilot-prod-hub-vnet/subnets/appgw-subnet"
              }
            ],
            "global": [],
            "http2_enabled": false,
            "http_listener": [
              {
                "custom_error_configuration": [],
                "firewall_policy_id": "",
                "frontend_ip_configuration_id": "/subscriptions/e1f5b4be-e0ba-4ccb-8708-a949458fcd83/resourceGroups/spendpilot-rg/providers/Microsoft.Network/applicationGateways/spendpilot-prod-appgw/frontendIPConfigurations/public-frontend",
                "frontend_ip_configuration_name": "public-frontend",
                "frontend_port_id": "/subscriptions/e1f5b4be-e0ba-4ccb-8708-a949458fcd83/resourceGroups/spendpilot-rg/providers/Microsoft.Network/applicationGateways/spendpilot-prod-appgw/frontendPorts/http",
                "frontend_port_name": "http",
                "host_name": "app.myfinagent.online",
                "host_names": [],
                "id": "/subscriptions/e1f5b4be-e0ba-4ccb-8708-a949458fcd83/resourceGroups/spendpilot-rg/providers/Microsoft.Network/applicationGateways/spendpilot-prod-appgw/httpListeners/static-http-listener",
                "name": "static-http-listener",
                "protocol": "Http",
                "require_sni": false,
                "ssl_certificate_id": "",
                "ssl_certificate_name": "",
                "ssl_profile_id": "",
                "ssl_profile_name": ""
              },
              {
                "custom_error_configuration": [],
                "firewall_policy_id": "",
                "frontend_ip_configuration_id": "/subscriptions/e1f5b4be-e0ba-4ccb-8708-a949458fcd83/resourceGroups/spendpilot-rg/providers/Microsoft.Network/applicationGateways/spendpilot-prod-appgw/frontendIPConfigurations/public-frontend",
                "frontend_ip_configuration_name": "public-frontend",
                "frontend_port_id": "/subscriptions/e1f5b4be-e0ba-4ccb-8708-a949458fcd83/resourceGroups/spendpilot-rg/providers/Microsoft.Network/applicationGateways/spendpilot-prod-appgw/frontendPorts/http",
                "frontend_port_name": "http",
                "host_name": "myfinagent.online",
                "host_names": [],
                "id": "/subscriptions/e1f5b4be-e0ba-4ccb-8708-a949458fcd83/resourceGroups/spendpilot-rg/providers/Microsoft.Network/applicationGateways/spendpilot-prod-appgw/httpListeners/primary-http-listener",
                "name": "primary-http-listener",
                "protocol": "Http",
                "require_sni": false,
                "ssl_certificate_id": "",
                "ssl_certificate_name": "",
                "ssl_profile_id": "",
                "ssl_profile_name": ""
              }
            ],
            "id": "/subscriptions/e1f5b4be-e0ba-4ccb-8708-a949458fcd83/resourceGroups/spendpilot-rg/providers/Microsoft.Network/applicationGateways/spendpilot-prod-appgw",
            "identity": [],
            "listener": [],
            "location": "centralindia",
            "name": "spendpilot-prod-appgw",
            "private_endpoint_connection": [],
            "private_link_configuration": [],
            "probe": [
              {
                "host": "127.0.0.1",
                "id": "/subscriptions/e1f5b4be-e0ba-4ccb-8708-a949458fcd83/resourceGroups/spendpilot-rg/providers/Microsoft.Network/applicationGateways/spendpilot-prod-appgw/probes/api-probe",
                "interval": 30,
                "match": [
                  {
                    "body": "",
                    "status_code": [
                      "200-399"
                    ]
                  }
                ],
                "minimum_servers": 0,
                "name": "api-probe",
                "path": "/health",
                "pick_host_name_from_backend_http_settings": false,
                "port": 0,
                "protocol": "Http",
                "proxy_protocol_header_enabled": false,
                "timeout": 30,
                "unhealthy_threshold": 3
              },
              {
                "host": "127.0.0.1",
                "id": "/subscriptions/e1f5b4be-e0ba-4ccb-8708-a949458fcd83/resourceGroups/spendpilot-rg/providers/Microsoft.Network/applicationGateways/spendpilot-prod-appgw/probes/frontend-probe",
                "interval": 30,
                "match": [
                  {
                    "body": "",
                    "status_code": [
                      "200-399"
                    ]
                  }
                ],
                "minimum_servers": 0,
                "name": "frontend-probe",
                "path": "/",
                "pick_host_name_from_backend_http_settings": false,
                "port": 0,
                "protocol": "Http",
                "proxy_protocol_header_enabled": false,
                "timeout": 30,
                "unhealthy_threshold": 3
              },
              {
                "host": "127.0.0.1",
                "id": "/subscriptions/e1f5b4be-e0ba-4ccb-8708-a949458fcd83/resourceGroups/spendpilot-rg/providers/Microsoft.Network/applicationGateways/spendpilot-prod-appgw/probes/static-probe",
                "interval": 30,
                "match": [
                  {
                    "body": "",
                    "status_code": [
                      "200-399"
                    ]
                  }
                ],
                "minimum_servers": 0,
                "name": "static-probe",
                "path": "/",
                "pick_host_name_from_backend_http_settings": false,
                "port": 0,
                "protocol": "Http",
                "proxy_protocol_header_enabled": false,
                "timeout": 30,
                "unhealthy_threshold": 3
              }
            ],
            "redirect_configuration": [],
            "request_routing_rule": [
              {
                "backend_address_pool_id": "",
                "backend_address_pool_name": "",
                "backend_http_settings_id": "",
                "backend_http_settings_name": "",
                "http_listener_id": "/subscriptions/e1f5b4be-e0ba-4ccb-8708-a949458fcd83/resourceGroups/spendpilot-rg/providers/Microsoft.Network/applicationGateways/spendpilot-prod-appgw/httpListeners/primary-http-listener",
                "http_listener_name": "primary-http-listener",
                "id": "/subscriptions/e1f5b4be-e0ba-4ccb-8708-a949458fcd83/resourceGroups/spendpilot-rg/providers/Microsoft.Network/applicationGateways/spendpilot-prod-appgw/requestRoutingRules/primary-path-routing-rule",
                "name": "primary-path-routing-rule",
                "priority": 100,
                "redirect_configuration_id": "",
                "redirect_configuration_name": "",
                "rewrite_rule_set_id": "",
                "rewrite_rule_set_name": "",
                "rule_type": "PathBasedRouting",
                "url_path_map_id": "/subscriptions/e1f5b4be-e0ba-4ccb-8708-a949458fcd83/resourceGroups/spendpilot-rg/providers/Microsoft.Network/applicationGateways/spendpilot-prod-appgw/urlPathMaps/spendpilot-path-map",
                "url_path_map_name": "spendpilot-path-map"
              },
              {
                "backend_address_pool_id": "/subscriptions/e1f5b4be-e0ba-4ccb-8708-a949458fcd83/resourceGroups/spendpilot-rg/providers/Microsoft.Network/applicationGateways/spendpilot-prod-appgw/backendAddressPools/static-pool",
                "backend_address_pool_name": "static-pool",
                "backend_http_settings_id": "/subscriptions/e1f5b4be-e0ba-4ccb-8708-a949458fcd83/resourceGroups/spendpilot-rg/providers/Microsoft.Network/applicationGateways/spendpilot-prod-appgw/backendHttpSettingsCollection/static-http",
                "backend_http_settings_name": "static-http",
                "http_listener_id": "/subscriptions/e1f5b4be-e0ba-4ccb-8708-a949458fcd83/resourceGroups/spendpilot-rg/providers/Microsoft.Network/applicationGateways/spendpilot-prod-appgw/httpListeners/static-http-listener",
                "http_listener_name": "static-http-listener",
                "id": "/subscriptions/e1f5b4be-e0ba-4ccb-8708-a949458fcd83/resourceGroups/spendpilot-rg/providers/Microsoft.Network/applicationGateways/spendpilot-prod-appgw/requestRoutingRules/static-host-routing-rule",
                "name": "static-host-routing-rule",
                "priority": 110,
                "redirect_configuration_id": "",
                "redirect_configuration_name": "",
                "rewrite_rule_set_id": "",
                "rewrite_rule_set_name": "",
                "rule_type": "Basic",
                "url_path_map_id": "",
                "url_path_map_name": ""
              }
            ],
            "resource_group_name": "spendpilot-rg",
            "rewrite_rule_set": [],
            "routing_rule": [],
            "sku": [
              {
                "capacity": 0,
                "name": "WAF_v2",
                "tier": "WAF_v2"
              }
            ],
            "ssl_certificate": [],
            "ssl_policy": [
              {
                "cipher_suites": [],
                "disabled_protocols": [],
                "min_protocol_version": "",
                "policy_name": "AppGwSslPolicy20220101",
                "policy_type": "Predefined"
              }
            ],
            "ssl_profile": [],
            "tags": {
              "application": "spend-control",
              "environment": "prod",
              "managed_by": "terraform",
              "owner": "platform-team",
              "project": "spend-control",
              "stack": "vm-docker"
            },
            "timeouts": null,
            "trusted_client_certificate": [],
            "trusted_root_certificate": [],
            "url_path_map": [
              {
                "default_backend_address_pool_id": "/subscriptions/e1f5b4be-e0ba-4ccb-8708-a949458fcd83/resourceGroups/spendpilot-rg/providers/Microsoft.Network/applicationGateways/spendpilot-prod-appgw/backendAddressPools/frontend-pool",
                "default_backend_address_pool_name": "frontend-pool",
                "default_backend_http_settings_id": "/subscriptions/e1f5b4be-e0ba-4ccb-8708-a949458fcd83/resourceGroups/spendpilot-rg/providers/Microsoft.Network/applicationGateways/spendpilot-prod-appgw/backendHttpSettingsCollection/frontend-http",
                "default_backend_http_settings_name": "frontend-http",
                "default_redirect_configuration_id": "",
                "default_redirect_configuration_name": "",
                "default_rewrite_rule_set_id": "",
                "default_rewrite_rule_set_name": "",
                "id": "/subscriptions/e1f5b4be-e0ba-4ccb-8708-a949458fcd83/resourceGroups/spendpilot-rg/providers/Microsoft.Network/applicationGateways/spendpilot-prod-appgw/urlPathMaps/spendpilot-path-map",
                "name": "spendpilot-path-map",
                "path_rule": [
                  {
                    "backend_address_pool_id": "/subscriptions/e1f5b4be-e0ba-4ccb-8708-a949458fcd83/resourceGroups/spendpilot-rg/providers/Microsoft.Network/applicationGateways/spendpilot-prod-appgw/backendAddressPools/api-pool",
                    "backend_address_pool_name": "api-pool",
                    "backend_http_settings_id": "/subscriptions/e1f5b4be-e0ba-4ccb-8708-a949458fcd83/resourceGroups/spendpilot-rg/providers/Microsoft.Network/applicationGateways/spendpilot-prod-appgw/backendHttpSettingsCollection/api-http",
                    "backend_http_settings_name": "api-http",
                    "firewall_policy_id": "",
                    "id": "/subscriptions/e1f5b4be-e0ba-4ccb-8708-a949458fcd83/resourceGroups/spendpilot-rg/providers/Microsoft.Network/applicationGateways/spendpilot-prod-appgw/urlPathMaps/spendpilot-path-map/pathRules/api-rule",
                    "name": "api-rule",
                    "paths": [
                      "/api/*"
                    ],
                    "redirect_configuration_id": "",
                    "redirect_configuration_name": "",
                    "rewrite_rule_set_id": "",
                    "rewrite_rule_set_name": ""
                  }
                ]
              }
            ],
            "waf_configuration": [],
            "zones": [
              "1",
              "2",
              "3"
            ]
          },
          "sensitive_attributes": [],
          "identity_schema_version": 0,
          "identity": {
            "name": "spendpilot-prod-appgw",
            "resource_group_name": "spendpilot-rg",
            "subscription_id": "e1f5b4be-e0ba-4ccb-8708-a949458fcd83"
          },
          "private": "eyJlMmJmYjczMC1lY2FhLTExZTYtOGY4OC0zNDM2M2JjN2M0YzAiOnsiY3JlYXRlIjo1NDAwMDAwMDAwMDAwLCJkZWxldGUiOjU0MDAwMDAwMDAwMDAsInJlYWQiOjMwMDAwMDAwMDAwMCwidXBkYXRlIjo1NDAwMDAwMDAwMDAwfX0=",
          "dependencies": [
            "module.app_gateway.azurerm_public_ip.this",
            "module.app_gateway.azurerm_web_application_firewall_policy.this",
            "module.edge_network.azurerm_subnet.this",
            "module.edge_network.azurerm_virtual_network.this",
            "module.resource_group.azurerm_resource_group.this"
          ]
        }
      ]
    },
    {
      "module": "module.app_gateway",
      "mode": "managed",
      "type": "azurerm_public_ip",
      "name": "this",
      "provider": "provider[\"registry.terraform.io/hashicorp/azurerm\"]",
      "instances": [
        {
          "schema_version": 0,
          "attributes": {
            "allocation_method": "Static",
            "ddos_protection_mode": "VirtualNetworkInherited",
            "ddos_protection_plan_id": null,
            "domain_name_label": "",
            "domain_name_label_scope": "",
            "edge_zone": "",
            "fqdn": "",
            "id": "/subscriptions/e1f5b4be-e0ba-4ccb-8708-a949458fcd83/resourceGroups/spendpilot-rg/providers/Microsoft.Network/publicIPAddresses/spendpilot-prod-appgw-pip",
            "idle_timeout_in_minutes": 4,
            "ip_address": "135.235.184.156",
            "ip_tags": {},
            "ip_version": "IPv4",
            "location": "centralindia",
            "name": "spendpilot-prod-appgw-pip",
            "public_ip_prefix_id": null,
            "resource_group_name": "spendpilot-rg",
            "reverse_fqdn": "",
            "sku": "Standard",
            "sku_tier": "Regional",
            "tags": {
              "application": "spend-control",
              "environment": "prod",
              "managed_by": "terraform",
              "owner": "platform-team",
              "project": "spend-control",
              "stack": "vm-docker"
            },
            "timeouts": null,
            "zones": [
              "1",
              "2",
              "3"
            ]
          },
          "sensitive_attributes": [],
          "identity_schema_version": 0,
          "identity": {
            "name": "spendpilot-prod-appgw-pip",
            "resource_group_name": "spendpilot-rg",
            "subscription_id": "e1f5b4be-e0ba-4ccb-8708-a949458fcd83"
          },
          "private": "eyJlMmJmYjczMC1lY2FhLTExZTYtOGY4OC0zNDM2M2JjN2M0YzAiOnsiY3JlYXRlIjoxODAwMDAwMDAwMDAwLCJkZWxldGUiOjE4MDAwMDAwMDAwMDAsInJlYWQiOjMwMDAwMDAwMDAwMCwidXBkYXRlIjoxODAwMDAwMDAwMDAwfX0=",
          "dependencies": [
            "module.resource_group.azurerm_resource_group.this"
          ]
        }
      ]
    },
    {
      "module": "module.app_gateway",
      "mode": "managed",
      "type": "azurerm_web_application_firewall_policy",
      "name": "this",
      "provider": "provider[\"registry.terraform.io/hashicorp/azurerm\"]",
      "instances": [
        {
          "schema_version": 1,
          "attributes": {
            "custom_rules": [],
            "http_listener_ids": [],
            "id": "/subscriptions/e1f5b4be-e0ba-4ccb-8708-a949458fcd83/resourceGroups/spendpilot-rg/providers/Microsoft.Network/applicationGatewayWebApplicationFirewallPolicies/spendpilot-prod-appgw-waf",
            "location": "centralindia",
            "managed_rules": [
              {
                "exclusion": [],
                "managed_rule_set": [
                  {
                    "rule_group_override": [],
                    "type": "OWASP",
                    "version": "3.2"
                  }
                ]
              }
            ],
            "name": "spendpilot-prod-appgw-waf",
            "path_based_rule_ids": [],
            "policy_settings": [
              {
                "enabled": true,
                "file_upload_enforcement": false,
                "file_upload_limit_in_mb": 100,
                "js_challenge_cookie_expiration_in_minutes": 30,
                "log_scrubbing": [],
                "max_request_body_size_in_kb": 128,
                "mode": "Prevention",
                "request_body_check": true,
                "request_body_enforcement": true,
                "request_body_inspect_limit_in_kb": 128
              }
            ],
            "resource_group_name": "spendpilot-rg",
            "tags": {
              "application": "spend-control",
              "environment": "prod",
              "managed_by": "terraform",
              "owner": "platform-team",
              "project": "spend-control",
              "stack": "vm-docker"
            },
            "timeouts": null
          },
          "sensitive_attributes": [],
          "identity_schema_version": 0,
          "identity": {
            "name": "spendpilot-prod-appgw-waf",
            "resource_group_name": "spendpilot-rg",
            "subscription_id": "e1f5b4be-e0ba-4ccb-8708-a949458fcd83"
          },
          "private": "eyJlMmJmYjczMC1lY2FhLTExZTYtOGY4OC0zNDM2M2JjN2M0YzAiOnsiY3JlYXRlIjoxODAwMDAwMDAwMDAwLCJkZWxldGUiOjE4MDAwMDAwMDAwMDAsInJlYWQiOjMwMDAwMDAwMDAwMCwidXBkYXRlIjoxODAwMDAwMDAwMDAwfSwic2NoZW1hX3ZlcnNpb24iOiIxIn0=",
          "dependencies": [
            "module.resource_group.azurerm_resource_group.this"
          ]
        }
      ]
    },
    {
      "module": "module.app_network",
      "mode": "managed",
      "type": "azurerm_subnet",
      "name": "this",
      "provider": "provider[\"registry.terraform.io/hashicorp/azurerm\"]",
      "instances": [
        {
          "index_key": "backend-subnet",
          "schema_version": 0,
          "attributes": {
            "address_prefixes": [
              "10.11.1.0/24"
            ],
            "default_outbound_access_enabled": true,
            "delegation": [],
            "id": "/subscriptions/e1f5b4be-e0ba-4ccb-8708-a949458fcd83/resourceGroups/spendpilot-rg/providers/Microsoft.Network/virtualNetworks/spendpilot-prod-app-spoke-vnet/subnets/backend-subnet",
            "ip_address_pool": [],
            "name": "backend-subnet",
            "private_endpoint_network_policies": "Disabled",
            "private_link_service_network_policies_enabled": true,
            "resource_group_name": "spendpilot-rg",
            "service_endpoint_policy_ids": [],
            "service_endpoints": [],
            "sharing_scope": "",
            "timeouts": null,
            "virtual_network_name": "spendpilot-prod-app-spoke-vnet"
          },
          "sensitive_attributes": [],
          "identity_schema_version": 0,
          "identity": {
            "name": "backend-subnet",
            "resource_group_name": "spendpilot-rg",
            "subscription_id": "e1f5b4be-e0ba-4ccb-8708-a949458fcd83",
            "virtual_network_name": "spendpilot-prod-app-spoke-vnet"
          },
          "private": "eyJlMmJmYjczMC1lY2FhLTExZTYtOGY4OC0zNDM2M2JjN2M0YzAiOnsiY3JlYXRlIjoxODAwMDAwMDAwMDAwLCJkZWxldGUiOjE4MDAwMDAwMDAwMDAsInJlYWQiOjMwMDAwMDAwMDAwMCwidXBkYXRlIjoxODAwMDAwMDAwMDAwfX0=",
          "dependencies": [
            "module.app_network.azurerm_virtual_network.this",
            "module.resource_group.azurerm_resource_group.this"
          ]
        },
        {
          "index_key": "frontend-subnet",
          "schema_version": 0,
          "attributes": {
            "address_prefixes": [
              "10.11.0.0/24"
            ],
            "default_outbound_access_enabled": true,
            "delegation": [],
            "id": "/subscriptions/e1f5b4be-e0ba-4ccb-8708-a949458fcd83/resourceGroups/spendpilot-rg/providers/Microsoft.Network/virtualNetworks/spendpilot-prod-app-spoke-vnet/subnets/frontend-subnet",
            "ip_address_pool": [],
            "name": "frontend-subnet",
            "private_endpoint_network_policies": "Disabled",
            "private_link_service_network_policies_enabled": true,
            "resource_group_name": "spendpilot-rg",
            "service_endpoint_policy_ids": [],
            "service_endpoints": [],
            "sharing_scope": "",
            "timeouts": null,
            "virtual_network_name": "spendpilot-prod-app-spoke-vnet"
          },
          "sensitive_attributes": [],
          "identity_schema_version": 0,
          "identity": {
            "name": "frontend-subnet",
            "resource_group_name": "spendpilot-rg",
            "subscription_id": "e1f5b4be-e0ba-4ccb-8708-a949458fcd83",
            "virtual_network_name": "spendpilot-prod-app-spoke-vnet"
          },
          "private": "eyJlMmJmYjczMC1lY2FhLTExZTYtOGY4OC0zNDM2M2JjN2M0YzAiOnsiY3JlYXRlIjoxODAwMDAwMDAwMDAwLCJkZWxldGUiOjE4MDAwMDAwMDAwMDAsInJlYWQiOjMwMDAwMDAwMDAwMCwidXBkYXRlIjoxODAwMDAwMDAwMDAwfX0=",
          "dependencies": [
            "module.app_network.azurerm_virtual_network.this",
            "module.resource_group.azurerm_resource_group.this"
          ]
        },
        {
          "index_key": "static-app-subnet",
          "schema_version": 0,
          "attributes": {
            "address_prefixes": [
              "10.11.2.0/24"
            ],
            "default_outbound_access_enabled": true,
            "delegation": [],
            "id": "/subscriptions/e1f5b4be-e0ba-4ccb-8708-a949458fcd83/resourceGroups/spendpilot-rg/providers/Microsoft.Network/virtualNetworks/spendpilot-prod-app-spoke-vnet/subnets/static-app-subnet",
            "ip_address_pool": [],
            "name": "static-app-subnet",
            "private_endpoint_network_policies": "Disabled",
            "private_link_service_network_policies_enabled": true,
            "resource_group_name": "spendpilot-rg",
            "service_endpoint_policy_ids": [],
            "service_endpoints": [],
            "sharing_scope": "",
            "timeouts": null,
            "virtual_network_name": "spendpilot-prod-app-spoke-vnet"
          },
          "sensitive_attributes": [],
          "identity_schema_version": 0,
          "identity": {
            "name": "static-app-subnet",
            "resource_group_name": "spendpilot-rg",
            "subscription_id": "e1f5b4be-e0ba-4ccb-8708-a949458fcd83",
            "virtual_network_name": "spendpilot-prod-app-spoke-vnet"
          },
          "private": "eyJlMmJmYjczMC1lY2FhLTExZTYtOGY4OC0zNDM2M2JjN2M0YzAiOnsiY3JlYXRlIjoxODAwMDAwMDAwMDAwLCJkZWxldGUiOjE4MDAwMDAwMDAwMDAsInJlYWQiOjMwMDAwMDAwMDAwMCwidXBkYXRlIjoxODAwMDAwMDAwMDAwfX0=",
          "dependencies": [
            "module.app_network.azurerm_virtual_network.this",
            "module.resource_group.azurerm_resource_group.this"
          ]
        }
      ]
    },
    {
      "module": "module.app_network",
      "mode": "managed",
      "type": "azurerm_virtual_network",
      "name": "this",
      "provider": "provider[\"registry.terraform.io/hashicorp/azurerm\"]",
      "instances": [
        {
          "schema_version": 0,
          "attributes": {
            "address_space": [
              "10.11.0.0/16"
            ],
            "bgp_community": "",
            "ddos_protection_plan": [],
            "dns_servers": [],
            "edge_zone": "",
            "encryption": [],
            "flow_timeout_in_minutes": 0,
            "guid": "4249ca7e-23b7-455d-bb12-8be995bae266",
            "id": "/subscriptions/e1f5b4be-e0ba-4ccb-8708-a949458fcd83/resourceGroups/spendpilot-rg/providers/Microsoft.Network/virtualNetworks/spendpilot-prod-app-spoke-vnet",
            "ip_address_pool": [],
            "location": "centralindia",
            "name": "spendpilot-prod-app-spoke-vnet",
            "private_endpoint_vnet_policies": "Disabled",
            "resource_group_name": "spendpilot-rg",
            "subnet": [
              {
                "address_prefixes": [
                  "10.11.0.0/24"
                ],
                "default_outbound_access_enabled": true,
                "delegation": [],
                "id": "/subscriptions/e1f5b4be-e0ba-4ccb-8708-a949458fcd83/resourceGroups/spendpilot-rg/providers/Microsoft.Network/virtualNetworks/spendpilot-prod-app-spoke-vnet/subnets/frontend-subnet",
                "name": "frontend-subnet",
                "private_endpoint_network_policies": "Disabled",
                "private_link_service_network_policies_enabled": true,
                "route_table_id": "/subscriptions/e1f5b4be-e0ba-4ccb-8708-a949458fcd83/resourceGroups/spendpilot-rg/providers/Microsoft.Network/routeTables/spendpilot-prod-app-spoke-rt",
                "security_group": "/subscriptions/e1f5b4be-e0ba-4ccb-8708-a949458fcd83/resourceGroups/spendpilot-rg/providers/Microsoft.Network/networkSecurityGroups/spendpilot-prod-frontend-nsg",
                "service_endpoint_policy_ids": [],
                "service_endpoints": []
              },
              {
                "address_prefixes": [
                  "10.11.1.0/24"
                ],
                "default_outbound_access_enabled": true,
                "delegation": [],
                "id": "/subscriptions/e1f5b4be-e0ba-4ccb-8708-a949458fcd83/resourceGroups/spendpilot-rg/providers/Microsoft.Network/virtualNetworks/spendpilot-prod-app-spoke-vnet/subnets/backend-subnet",
                "name": "backend-subnet",
                "private_endpoint_network_policies": "Disabled",
                "private_link_service_network_policies_enabled": true,
                "route_table_id": "/subscriptions/e1f5b4be-e0ba-4ccb-8708-a949458fcd83/resourceGroups/spendpilot-rg/providers/Microsoft.Network/routeTables/spendpilot-prod-app-spoke-rt",
                "security_group": "/subscriptions/e1f5b4be-e0ba-4ccb-8708-a949458fcd83/resourceGroups/spendpilot-rg/providers/Microsoft.Network/networkSecurityGroups/spendpilot-prod-backend-nsg",
                "service_endpoint_policy_ids": [],
                "service_endpoints": []
              },
              {
                "address_prefixes": [
                  "10.11.2.0/24"
                ],
                "default_outbound_access_enabled": true,
                "delegation": [],
                "id": "/subscriptions/e1f5b4be-e0ba-4ccb-8708-a949458fcd83/resourceGroups/spendpilot-rg/providers/Microsoft.Network/virtualNetworks/spendpilot-prod-app-spoke-vnet/subnets/static-app-subnet",
                "name": "static-app-subnet",
                "private_endpoint_network_policies": "Disabled",
                "private_link_service_network_policies_enabled": true,
                "route_table_id": "/subscriptions/e1f5b4be-e0ba-4ccb-8708-a949458fcd83/resourceGroups/spendpilot-rg/providers/Microsoft.Network/routeTables/spendpilot-prod-app-spoke-rt",
                "security_group": "/subscriptions/e1f5b4be-e0ba-4ccb-8708-a949458fcd83/resourceGroups/spendpilot-rg/providers/Microsoft.Network/networkSecurityGroups/spendpilot-prod-static-app-nsg",
                "service_endpoint_policy_ids": [],
                "service_endpoints": []
              }
            ],
            "tags": {
              "application": "spend-control",
              "environment": "prod",
              "managed_by": "terraform",
              "owner": "platform-team",
              "project": "spend-control",
              "stack": "vm-docker"
            },
            "timeouts": null
          },
          "sensitive_attributes": [],
          "identity_schema_version": 0,
          "identity": {
            "name": "spendpilot-prod-app-spoke-vnet",
            "resource_group_name": "spendpilot-rg",
            "subscription_id": "e1f5b4be-e0ba-4ccb-8708-a949458fcd83"
          },
          "private": "eyJlMmJmYjczMC1lY2FhLTExZTYtOGY4OC0zNDM2M2JjN2M0YzAiOnsiY3JlYXRlIjoxODAwMDAwMDAwMDAwLCJkZWxldGUiOjE4MDAwMDAwMDAwMDAsInJlYWQiOjMwMDAwMDAwMDAwMCwidXBkYXRlIjoxODAwMDAwMDAwMDAwfX0=",
          "dependencies": [
            "module.resource_group.azurerm_resource_group.this"
          ]
        }
      ]
    },
    {
      "module": "module.backend_subnet_nsg",
      "mode": "managed",
      "type": "azurerm_network_security_group",
      "name": "this",
      "provider": "provider[\"registry.terraform.io/hashicorp/azurerm\"]",
      "instances": [
        {
          "schema_version": 0,
          "attributes": {
            "id": "/subscriptions/e1f5b4be-e0ba-4ccb-8708-a949458fcd83/resourceGroups/spendpilot-rg/providers/Microsoft.Network/networkSecurityGroups/spendpilot-prod-backend-nsg",
            "location": "centralindia",
            "name": "spendpilot-prod-backend-nsg",
            "resource_group_name": "spendpilot-rg",
            "security_rule": [
              {
                "access": "Allow",
                "description": "",
                "destination_address_prefix": "*",
                "destination_address_prefixes": [],
                "destination_application_security_group_ids": [],
                "destination_port_range": "22",
                "destination_port_ranges": [],
                "direction": "Inbound",
                "name": "allow-bastion-to-backend-ssh",
                "priority": 110,
                "protocol": "Tcp",
                "source_address_prefix": "10.10.1.0/24",
                "source_address_prefixes": [],
                "source_application_security_group_ids": [],
                "source_port_range": "*",
                "source_port_ranges": []
              },
              {
                "access": "Allow",
                "description": "",
                "destination_address_prefix": "*",
                "destination_address_prefixes": [],
                "destination_application_security_group_ids": [],
                "destination_port_range": "8000",
                "destination_port_ranges": [],
                "direction": "Inbound",
                "name": "allow-appgw-to-api",
                "priority": 100,
                "protocol": "Tcp",
                "source_address_prefix": "10.10.0.0/24",
                "source_address_prefixes": [],
                "source_application_security_group_ids": [],
                "source_port_range": "*",
                "source_port_ranges": []
              }
            ],
            "tags": {
              "application": "spend-control",
              "environment": "prod",
              "managed_by": "terraform",
              "owner": "platform-team",
              "project": "spend-control",
              "stack": "vm-docker"
            },
            "timeouts": null
          },
          "sensitive_attributes": [],
          "identity_schema_version": 0,
          "identity": {
            "name": "spendpilot-prod-backend-nsg",
            "resource_group_name": "spendpilot-rg",
            "subscription_id": "e1f5b4be-e0ba-4ccb-8708-a949458fcd83"
          },
          "private": "eyJlMmJmYjczMC1lY2FhLTExZTYtOGY4OC0zNDM2M2JjN2M0YzAiOnsiY3JlYXRlIjoxODAwMDAwMDAwMDAwLCJkZWxldGUiOjE4MDAwMDAwMDAwMDAsInJlYWQiOjMwMDAwMDAwMDAwMCwidXBkYXRlIjoxODAwMDAwMDAwMDAwfX0=",
          "dependencies": [
            "module.resource_group.azurerm_resource_group.this"
          ]
        }
      ]
    },
    {
      "module": "module.backend_subnet_nsg",
      "mode": "managed",
      "type": "azurerm_subnet_network_security_group_association",
      "name": "this",
      "provider": "provider[\"registry.terraform.io/hashicorp/azurerm\"]",
      "instances": [
        {
          "schema_version": 0,
          "attributes": {
            "id": "/subscriptions/e1f5b4be-e0ba-4ccb-8708-a949458fcd83/resourceGroups/spendpilot-rg/providers/Microsoft.Network/virtualNetworks/spendpilot-prod-app-spoke-vnet/subnets/backend-subnet",
            "network_security_group_id": "/subscriptions/e1f5b4be-e0ba-4ccb-8708-a949458fcd83/resourceGroups/spendpilot-rg/providers/Microsoft.Network/networkSecurityGroups/spendpilot-prod-backend-nsg",
            "subnet_id": "/subscriptions/e1f5b4be-e0ba-4ccb-8708-a949458fcd83/resourceGroups/spendpilot-rg/providers/Microsoft.Network/virtualNetworks/spendpilot-prod-app-spoke-vnet/subnets/backend-subnet",
            "timeouts": null
          },
          "sensitive_attributes": [],
          "identity_schema_version": 0,
          "private": "eyJlMmJmYjczMC1lY2FhLTExZTYtOGY4OC0zNDM2M2JjN2M0YzAiOnsiY3JlYXRlIjoxODAwMDAwMDAwMDAwLCJkZWxldGUiOjE4MDAwMDAwMDAwMDAsInJlYWQiOjMwMDAwMDAwMDAwMH19",
          "dependencies": [
            "module.app_network.azurerm_subnet.this",
            "module.app_network.azurerm_virtual_network.this",
            "module.backend_subnet_nsg.azurerm_network_security_group.this",
            "module.resource_group.azurerm_resource_group.this"
          ]
        }
      ]
    },
    {
      "module": "module.backend_vmss",
      "mode": "managed",
      "type": "azurerm_linux_virtual_machine_scale_set",
      "name": "this",
      "provider": "provider[\"registry.terraform.io/hashicorp/azurerm\"]",
      "instances": [
        {
          "schema_version": 0,
          "attributes": {
            "additional_capabilities": [],
            "admin_password": "Lijazsalim@2020",
            "admin_ssh_key": [],
            "admin_username": "lijaz",
            "automatic_instance_repair": [],
            "automatic_os_upgrade_policy": [],
            "boot_diagnostics": [],
            "capacity_reservation_group_id": "",
            "computer_name_prefix": "spendpilo",
            "custom_data": "I2Nsb3VkLWNvbmZpZwpwYWNrYWdlX3VwZGF0ZTogdHJ1ZQpwYWNrYWdlX3VwZ3JhZGU6IHRydWUKcGFja2FnZXM6CiAgLSBjYS1jZXJ0aWZpY2F0ZXMKICAtIGN1cmwKICAtIGdpdAogIC0gZ251cGcKICAtIGxzYi1yZWxlYXNlCiAgLSBqcQoKd3JpdGVfZmlsZXM6CiAgLSBwYXRoOiAvZXRjL3NwZW5kLWNvbnRyb2wtcm9sZQogICAgcGVybWlzc2lvbnM6ICIwNjQ0IgogICAgb3duZXI6IHJvb3Q6cm9vdAogICAgY29udGVudDogfAogICAgICBiYWNrZW5kCiAgLSBwYXRoOiAvb3B0L3NwZW5kLWNvbnRyb2wvYm9vdHN0cmFwL2NvbW1vbi5zaAogICAgcGVybWlzc2lvbnM6ICIwNzU1IgogICAgb3duZXI6IHJvb3Q6cm9vdAogICAgY29udGVudDogfAogICAgICAjIS91c3IvYmluL2VudiBiYXNoCiAgICAgIHNldCAtZXVvIHBpcGVmYWlsCgogICAgICByZXRyeSgpIHsKICAgICAgICBsb2NhbCBhdHRlbXB0cz0iJDEiCiAgICAgICAgc2hpZnQKICAgICAgICBsb2NhbCBkZWxheT0iJDEiCiAgICAgICAgc2hpZnQKCiAgICAgICAgbG9jYWwgaT0xCiAgICAgICAgd2hpbGUgdHJ1ZTsgZG8KICAgICAgICAgIGlmICIkQCI7IHRoZW4KICAgICAgICAgICAgcmV0dXJuIDAKICAgICAgICAgIGZpCiAgICAgICAgICBpZiBbICIkaSIgLWdlICIkYXR0ZW1wdHMiIF07IHRoZW4KICAgICAgICAgICAgZWNobyAiQ29tbWFuZCBmYWlsZWQgYWZ0ZXIgJGF0dGVtcHRzIGF0dGVtcHRzOiAkKiIKICAgICAgICAgICAgcmV0dXJuIDEKICAgICAgICAgIGZpCiAgICAgICAgICBlY2hvICJDb21tYW5kIGZhaWxlZCAoYXR0ZW1wdCAkaS8kYXR0ZW1wdHMpOiAkKiIKICAgICAgICAgIHNsZWVwICIkZGVsYXkiCiAgICAgICAgICBpPSQoKGkgKyAxKSkKICAgICAgICBkb25lCiAgICAgIH0KCiAgICAgIGluc3RhbGxfZG9ja2VyX3N0YWNrKCkgewogICAgICAgIGV4cG9ydCBERUJJQU5fRlJPTlRFTkQ9bm9uaW50ZXJhY3RpdmUKICAgICAgICBpbnN0YWxsIC1tIDA3NTUgLWQgL2V0Yy9hcHQva2V5cmluZ3MKICAgICAgICByZXRyeSA1IDEwIGN1cmwgLWZzU0wgaHR0cHM6Ly9kb3dubG9hZC5kb2NrZXIuY29tL2xpbnV4L3VidW50dS9ncGcgLW8gL3RtcC9kb2NrZXIuYXNjCiAgICAgICAgY2htb2QgYStyIC90bXAvZG9ja2VyLmFzYwogICAgICAgIGdwZyAtLWRlYXJtb3IgLW8gL2V0Yy9hcHQva2V5cmluZ3MvZG9ja2VyLmdwZyAvdG1wL2RvY2tlci5hc2MKICAgICAgICBjaG1vZCBhK3IgL2V0Yy9hcHQva2V5cmluZ3MvZG9ja2VyLmdwZwogICAgICAgIGVjaG8gImRlYiBbYXJjaD0kKGRwa2cgLS1wcmludC1hcmNoaXRlY3R1cmUpIHNpZ25lZC1ieT0vZXRjL2FwdC9rZXlyaW5ncy9kb2NrZXIuZ3BnXSBodHRwczovL2Rvd25sb2FkLmRvY2tlci5jb20vbGludXgvdWJ1bnR1ICQoLiAvZXRjL29zLXJlbGVhc2UgJiYgZWNobyAkVkVSU0lPTl9DT0RFTkFNRSkgc3RhYmxlIiA+IC9ldGMvYXB0L3NvdXJjZXMubGlzdC5kL2RvY2tlci5saXN0CiAgICAgICAgcmV0cnkgNSAxNSBhcHQtZ2V0IHVwZGF0ZQogICAgICAgIHJldHJ5IDUgMTUgYXB0LWdldCBpbnN0YWxsIC15IGRvY2tlci1jZSBkb2NrZXItY2UtY2xpIGNvbnRhaW5lcmQuaW8gZG9ja2VyLWJ1aWxkeC1wbHVnaW4gZG9ja2VyLWNvbXBvc2UtcGx1Z2luCiAgICAgICAgc3lzdGVtY3RsIGVuYWJsZSBkb2NrZXIKICAgICAgICBzeXN0ZW1jdGwgcmVzdGFydCBkb2NrZXIKICAgICAgICB1c2VybW9kIC1hRyBkb2NrZXIgdWJ1bnR1IHx8IHRydWUKICAgICAgICB1c2VybW9kIC1hRyBkb2NrZXIgYXp1cmV1c2VyIHx8IHRydWUKICAgICAgICB1c2VybW9kIC1hRyBkb2NrZXIgbGlqYXogfHwgdHJ1ZQogICAgICAgIGNvbW1hbmQgLXYgZG9ja2VyID4vZGV2L251bGwgMj4mMQogICAgICB9CgogICAgICB3YWl0X2Zvcl9kb2NrZXIoKSB7CiAgICAgICAgZm9yIGkgaW4gJChzZXEgMSA2MCk7IGRvCiAgICAgICAgICBpZiBjb21tYW5kIC12IGRvY2tlciA+L2Rldi9udWxsIDI+JjEgJiYgZG9ja2VyIGluZm8gPi9kZXYvbnVsbCAyPiYxOyB0aGVuCiAgICAgICAgICAgIHJldHVybiAwCiAgICAgICAgICBmaQogICAgICAgICAgZWNobyAiV2FpdGluZyBmb3IgRG9ja2VyIGRhZW1vbiAoJGkvNjApLi4uIgogICAgICAgICAgc2xlZXAgNQogICAgICAgIGRvbmUKICAgICAgICBlY2hvICJEb2NrZXIgZGFlbW9uIGRpZCBub3QgYmVjb21lIHJlYWR5IGluIHRpbWUuIgogICAgICAgIHJldHVybiAxCiAgICAgIH0KCgoKICAtIHBhdGg6IC9vcHQvc3BlbmQtY29udHJvbC9ib290c3RyYXAvYmFja2VuZC5lbnYKICAgIHBlcm1pc3Npb25zOiAiMDYwMCIKICAgIG93bmVyOiByb290OnJvb3QKICAgIGNvbnRlbnQ6IHwKICAgICAgQVBQX0VOVj1wcm9kdWN0aW9uCiAgICAgIENPUlNfT1JJR0lOUz1odHRwOi8vbXlmaW5hZ2VudC5vbmxpbmUKICAgICAgSldUX1NFQ1JFVF9LRVk9ZGV2LXNlY3JldC1jaGFuZ2UtbWUKICAgICAgREFUQUJBU0VfVVJMPXBvc3RncmVzcWwrcHN5Y29wZzovL3NwZW5kcGlsb3Q6c3BlbmRwaWxvdEBzcGVuZHBpbG90LXByb2QtcHNxbC5wb3N0Z3Jlcy5kYXRhYmFzZS5henVyZS5jb206NTQzMi9zcGVuZF9jb250cm9sP3NzbG1vZGU9cmVxdWlyZQogICAgICBPTExBTUFfQkFTRV9VUkw9aHR0cDovLzEwLjEyLjAuMTA6MTE0MzQKICAgICAgT0xMQU1BX01PREVMPWxsYW1hMy4yCiAgICAgIE9MTEFNQV9SRVFVRVNUX1RJTUVPVVQ9MzAKICAgICAgRVhQRU5TRV9TRVJWSUNFX1VSTD1odHRwOi8vZXhwZW5zZS1zZXJ2aWNlOjgwMDEKICAgICAgQUlfU0VSVklDRV9VUkw9aHR0cDovL2FpLXNlcnZpY2U6ODAwMgogICAgICBSRUNFSVBUX1JFUVVJUkVEX1RIUkVTSE9MRD03NQogICAgICBVUExPQURfRElSPS9kYXRhL3VwbG9hZHMKCiAgLSBwYXRoOiAvb3B0L3NwZW5kLWNvbnRyb2wvYm9vdHN0cmFwL3N0YXJ0LWJhY2tlbmQuc2gKICAgIHBlcm1pc3Npb25zOiAiMDc1NSIKICAgIG93bmVyOiByb290OnJvb3QKICAgIGNvbnRlbnQ6IHwKICAgICAgIyEvdXNyL2Jpbi9lbnYgYmFzaAogICAgICBzZXQgLWV1eG8gcGlwZWZhaWwKICAgICAgc291cmNlIC9vcHQvc3BlbmQtY29udHJvbC9ib290c3RyYXAvY29tbW9uLnNoCiAgICAgIGJhc2U9L29wdC9zcGVuZC1jb250cm9sL2RlcGxveQogICAgICBta2RpciAtcCAiJGJhc2UiCgogICAgICB3YWl0X2Zvcl90Y3AoKSB7CiAgICAgICAgaG9zdD0iJDEiCiAgICAgICAgcG9ydD0iJDIiCiAgICAgICAgbGFiZWw9IiQzIgogICAgICAgIGZvciBpIGluICQoc2VxIDEgNjApOyBkbwogICAgICAgICAgaWYgdGltZW91dCAyIGJhc2ggLWxjICI8L2Rldi90Y3AvJGhvc3QvJHBvcnQiID4vZGV2L251bGwgMj4mMTsgdGhlbgogICAgICAgICAgICByZXR1cm4gMAogICAgICAgICAgZmkKICAgICAgICAgIGVjaG8gIldhaXRpbmcgZm9yICRsYWJlbCBhdCAkaG9zdDokcG9ydCAoJGkvNjApLi4uIgogICAgICAgICAgc2xlZXAgNQogICAgICAgIGRvbmUKICAgICAgICBlY2hvICJUaW1lZCBvdXQgd2FpdGluZyBmb3IgJGxhYmVsLiIKICAgICAgICByZXR1cm4gMQogICAgICB9CgogICAgICB3YWl0X2Zvcl9odHRwKCkgewogICAgICAgIHVybD0iJDEiCiAgICAgICAgbGFiZWw9IiQyIgogICAgICAgIGZvciBpIGluICQoc2VxIDEgNjApOyBkbwogICAgICAgICAgaWYgY3VybCAtLWNvbm5lY3QtdGltZW91dCAyIC0tbWF4LXRpbWUgNSAtZnNTICIkdXJsIiA+L2Rldi9udWxsIDI+JjE7IHRoZW4KICAgICAgICAgICAgcmV0dXJuIDAKICAgICAgICAgIGZpCiAgICAgICAgICBlY2hvICJXYWl0aW5nIGZvciAkbGFiZWwgYXQgJHVybCAoJGkvNjApLi4uIgogICAgICAgICAgc2xlZXAgNQogICAgICAgIGRvbmUKICAgICAgICBlY2hvICJUaW1lZCBvdXQgd2FpdGluZyBmb3IgJGxhYmVsLiIKICAgICAgICByZXR1cm4gMQogICAgICB9CgogICAgICBjbG9uZV9vcl91cGRhdGUoKSB7CiAgICAgICAgcmVwbz0iJDEiCiAgICAgICAgdGFyZ2V0PSIkMiIKICAgICAgICBpZiBbICEgLWQgIiR0YXJnZXQvLmdpdCIgXTsgdGhlbgogICAgICAgICAgZ2l0IGNsb25lIC0tZGVwdGggMSAtLWJyYW5jaCBtYWluIGh0dHBzOi8vZ2l0aHViLmNvbS9TcGVuZFBpbG90LyIkcmVwbyIuZ2l0ICIkdGFyZ2V0IgogICAgICAgIGVsc2UKICAgICAgICAgIGdpdCAtQyAiJHRhcmdldCIgZmV0Y2ggb3JpZ2luIG1haW4KICAgICAgICAgIGdpdCAtQyAiJHRhcmdldCIgcmVzZXQgLS1oYXJkIG9yaWdpbi9tYWluCiAgICAgICAgZmkKICAgICAgfQoKICAgICAgaW5zdGFsbF9kb2NrZXJfc3RhY2sKICAgICAgd2FpdF9mb3JfZG9ja2VyCiAgICAgIHdhaXRfZm9yX3RjcCBzcGVuZHBpbG90LXByb2QtcHNxbC5wb3N0Z3Jlcy5kYXRhYmFzZS5henVyZS5jb20gNTQzMiAiUG9zdGdyZVNRTCIKICAgICAgaWYgISB3YWl0X2Zvcl9odHRwIGh0dHA6Ly8xMC4xMi4wLjEwOjExNDM0L2FwaS90YWdzICJPbGxhbWEiOyB0aGVuCiAgICAgICAgZWNobyAiT2xsYW1hIGlzIG5vdCByZWFkeSB5ZXQuIENvbnRpbnVpbmcgYmFja2VuZCBzdGFydHVwIHdpdGhvdXQgYmxvY2tpbmcgb24gaXQuIgogICAgICBmaQoKICAgICAgY2xvbmVfb3JfdXBkYXRlIHNwZW5kLWNvbnRyb2wtcGxhdGZvcm0gIiRiYXNlL3NwZW5kLWNvbnRyb2wtcGxhdGZvcm0iCiAgICAgIGNsb25lX29yX3VwZGF0ZSBzcGVuZC1jb250cm9sLWNvbnRyb2wtc2VydmljZSAiJGJhc2Uvc3BlbmQtY29udHJvbC1jb250cm9sLXNlcnZpY2UiCiAgICAgIGNsb25lX29yX3VwZGF0ZSBzcGVuZC1jb250cm9sLWV4cGVuc2Utc2VydmljZSAiJGJhc2Uvc3BlbmQtY29udHJvbC1leHBlbnNlLXNlcnZpY2UiCiAgICAgIGNsb25lX29yX3VwZGF0ZSBzcGVuZC1jb250cm9sLWFpLXNlcnZpY2UgIiRiYXNlL3NwZW5kLWNvbnRyb2wtYWktc2VydmljZSIKCiAgICAgIGNkICIkYmFzZS9zcGVuZC1jb250cm9sLXBsYXRmb3JtIgogICAgICBkb2NrZXIgY29tcG9zZSAtLWVudi1maWxlIC9vcHQvc3BlbmQtY29udHJvbC9ib290c3RyYXAvYmFja2VuZC5lbnYgLWYgZG9ja2VyLWNvbXBvc2UuYmFja2VuZC55bWwgdXAgLWQgLS1idWlsZAoKCgpydW5jbWQ6CiAgLSBta2RpciAtcCAvb3B0L3NwZW5kLWNvbnRyb2wKICAtIG1rZGlyIC1wIC9vcHQvc3BlbmQtY29udHJvbC9ib290c3RyYXAKICAtIGVjaG8gIkRvY2tlciByZWFkeSBmb3IgYmFja2VuZCBub2RlIiA+IC9vcHQvc3BlbmQtY29udHJvbC9SRUFETUUudHh0CgoKCiAgLSBiYXNoIC9vcHQvc3BlbmQtY29udHJvbC9ib290c3RyYXAvc3RhcnQtYmFja2VuZC5zaAoK",
            "data_disk": [],
            "disable_password_authentication": false,
            "do_not_run_extensions_on_overprovisioned_machines": false,
            "edge_zone": "",
            "encryption_at_host_enabled": false,
            "eviction_policy": "",
            "extension": [],
            "extension_operations_enabled": true,
            "extensions_time_budget": "PT1H30M",
            "gallery_application": [],
            "health_probe_id": "",
            "host_group_id": null,
            "id": "/subscriptions/e1f5b4be-e0ba-4ccb-8708-a949458fcd83/resourceGroups/spendpilot-rg/providers/Microsoft.Compute/virtualMachineScaleSets/spendpilot-prod-backend-vmss",
            "identity": [
              {
                "identity_ids": [],
                "principal_id": "bbbf7ee9-f6c3-4e7c-b7ec-1b530b5caf1c",
                "tenant_id": "920e9322-340c-4fbc-bf09-dc8fd6636182",
                "type": "SystemAssigned"
              }
            ],
            "instances": 1,
            "location": "centralindia",
            "max_bid_price": -1,
            "name": "spendpilot-prod-backend-vmss",
            "network_interface": [
              {
                "auxiliary_mode": "",
                "auxiliary_sku": "",
                "dns_servers": [],
                "enable_accelerated_networking": false,
                "enable_ip_forwarding": false,
                "ip_configuration": [
                  {
                    "application_gateway_backend_address_pool_ids": [
                      "/subscriptions/e1f5b4be-e0ba-4ccb-8708-a949458fcd83/resourceGroups/spendpilot-rg/providers/Microsoft.Network/applicationGateways/spendpilot-prod-appgw/backendAddressPools/api-pool"
                    ],
                    "application_security_group_ids": [],
                    "load_balancer_backend_address_pool_ids": [],
                    "load_balancer_inbound_nat_rules_ids": [],
                    "name": "internal",
                    "primary": true,
                    "public_ip_address": [],
                    "subnet_id": "/subscriptions/e1f5b4be-e0ba-4ccb-8708-a949458fcd83/resourceGroups/spendpilot-rg/providers/Microsoft.Network/virtualNetworks/spendpilot-prod-app-spoke-vnet/subnets/backend-subnet",
                    "version": "IPv4"
                  }
                ],
                "name": "spendpilot-prod-backend-vmss-nic",
                "network_security_group_id": "",
                "primary": true
              }
            ],
            "os_disk": [
              {
                "caching": "ReadWrite",
                "diff_disk_settings": [],
                "disk_encryption_set_id": "",
                "disk_size_gb": 30,
                "secure_vm_disk_encryption_set_id": "",
                "security_encryption_type": "",
                "storage_account_type": "Premium_LRS",
                "write_accelerator_enabled": false
              }
            ],
            "overprovision": false,
            "plan": [],
            "platform_fault_domain_count": 5,
            "priority": "Regular",
            "provision_vm_agent": true,
            "proximity_placement_group_id": "",
            "resilient_vm_creation_enabled": false,
            "resilient_vm_deletion_enabled": false,
            "resource_group_name": "spendpilot-rg",
            "rolling_upgrade_policy": [],
            "scale_in": [],
            "secret": [],
            "secure_boot_enabled": false,
            "single_placement_group": true,
            "sku": "Standard_D2s_v3",
            "source_image_id": "",
            "source_image_reference": [
              {
                "offer": "0001-com-ubuntu-server-jammy",
                "publisher": "Canonical",
                "sku": "22_04-lts-gen2",
                "version": "latest"
              }
            ],
            "spot_restore": [],
            "tags": {
              "application": "spend-control",
              "environment": "prod",
              "managed_by": "terraform",
              "owner": "platform-team",
              "project": "spend-control",
              "stack": "vm-docker"
            },
            "termination_notification": [],
            "timeouts": null,
            "unique_id": "8150aa08-cb45-46fa-b414-394d0c222694",
            "upgrade_mode": "Manual",
            "user_data": "",
            "vtpm_enabled": false,
            "zone_balance": true,
            "zones": [
              "1",
              "2",
              "3"
            ]
          },
          "sensitive_attributes": [
            [
              {
                "type": "get_attr",
                "value": "admin_password"
              }
            ],
            [
              {
                "type": "get_attr",
                "value": "custom_data"
              }
            ]
          ],
          "identity_schema_version": 0,
          "private": "eyJlMmJmYjczMC1lY2FhLTExZTYtOGY4OC0zNDM2M2JjN2M0YzAiOnsiY3JlYXRlIjozNjAwMDAwMDAwMDAwLCJkZWxldGUiOjM2MDAwMDAwMDAwMDAsInJlYWQiOjMwMDAwMDAwMDAwMCwidXBkYXRlIjozNjAwMDAwMDAwMDAwfX0=",
          "dependencies": [
            "module.app_gateway.azurerm_application_gateway.this",
            "module.app_gateway.azurerm_public_ip.this",
            "module.app_gateway.azurerm_web_application_firewall_policy.this",
            "module.app_network.azurerm_subnet.this",
            "module.app_network.azurerm_virtual_network.this",
            "module.data_network.azurerm_subnet.this",
            "module.data_network.azurerm_virtual_network.this",
            "module.edge_network.azurerm_subnet.this",
            "module.edge_network.azurerm_virtual_network.this",
            "module.postgres.azurerm_postgresql_flexible_server.this",
            "module.postgres.azurerm_private_dns_zone.this",
            "module.postgres.azurerm_private_dns_zone_virtual_network_link.this",
            "module.resource_group.azurerm_resource_group.this"
          ]
        }
      ]
    },
    {
      "module": "module.backend_vmss",
      "mode": "managed",
      "type": "azurerm_monitor_autoscale_setting",
      "name": "this",
      "provider": "provider[\"registry.terraform.io/hashicorp/azurerm\"]",
      "instances": [
        {
          "schema_version": 2,
          "attributes": {
            "enabled": true,
            "id": "/subscriptions/e1f5b4be-e0ba-4ccb-8708-a949458fcd83/resourceGroups/spendpilot-rg/providers/Microsoft.Insights/autoScaleSettings/spendpilot-prod-backend-vmss-autoscale",
            "location": "centralindia",
            "name": "spendpilot-prod-backend-vmss-autoscale",
            "notification": [],
            "predictive": [],
            "profile": [
              {
                "capacity": [
                  {
                    "default": 1,
                    "maximum": 2,
                    "minimum": 1
                  }
                ],
                "fixed_date": [],
                "name": "default",
                "recurrence": [],
                "rule": [
                  {
                    "metric_trigger": [
                      {
                        "dimensions": [],
                        "divide_by_instance_count": false,
                        "metric_name": "Percentage CPU",
                        "metric_namespace": "",
                        "metric_resource_id": "/subscriptions/e1f5b4be-e0ba-4ccb-8708-a949458fcd83/resourceGroups/spendpilot-rg/providers/Microsoft.Compute/virtualMachineScaleSets/spendpilot-prod-backend-vmss",
                        "operator": "GreaterThan",
                        "statistic": "Average",
                        "threshold": 70,
                        "time_aggregation": "Average",
                        "time_grain": "PT1M",
                        "time_window": "PT5M"
                      }
                    ],
                    "scale_action": [
                      {
                        "cooldown": "PT5M",
                        "direction": "Increase",
                        "type": "ChangeCount",
                        "value": 1
                      }
                    ]
                  },
                  {
                    "metric_trigger": [
                      {
                        "dimensions": [],
                        "divide_by_instance_count": false,
                        "metric_name": "Percentage CPU",
                        "metric_namespace": "",
                        "metric_resource_id": "/subscriptions/e1f5b4be-e0ba-4ccb-8708-a949458fcd83/resourceGroups/spendpilot-rg/providers/Microsoft.Compute/virtualMachineScaleSets/spendpilot-prod-backend-vmss",
                        "operator": "LessThan",
                        "statistic": "Average",
                        "threshold": 30,
                        "time_aggregation": "Average",
                        "time_grain": "PT1M",
                        "time_window": "PT10M"
                      }
                    ],
                    "scale_action": [
                      {
                        "cooldown": "PT10M",
                        "direction": "Decrease",
                        "type": "ChangeCount",
                        "value": 1
                      }
                    ]
                  }
                ]
              }
            ],
            "resource_group_name": "spendpilot-rg",
            "tags": {
              "application": "spend-control",
              "environment": "prod",
              "managed_by": "terraform",
              "owner": "platform-team",
              "project": "spend-control",
              "stack": "vm-docker"
            },
            "target_resource_id": "/subscriptions/e1f5b4be-e0ba-4ccb-8708-a949458fcd83/resourceGroups/spendpilot-rg/providers/Microsoft.Compute/virtualMachineScaleSets/spendpilot-prod-backend-vmss",
            "timeouts": null
          },
          "sensitive_attributes": [],
          "identity_schema_version": 0,
          "private": "eyJlMmJmYjczMC1lY2FhLTExZTYtOGY4OC0zNDM2M2JjN2M0YzAiOnsiY3JlYXRlIjoxODAwMDAwMDAwMDAwLCJkZWxldGUiOjE4MDAwMDAwMDAwMDAsInJlYWQiOjMwMDAwMDAwMDAwMCwidXBkYXRlIjoxODAwMDAwMDAwMDAwfSwic2NoZW1hX3ZlcnNpb24iOiIyIn0=",
          "dependencies": [
            "module.app_gateway.azurerm_application_gateway.this",
            "module.app_gateway.azurerm_public_ip.this",
            "module.app_gateway.azurerm_web_application_firewall_policy.this",
            "module.app_network.azurerm_subnet.this",
            "module.app_network.azurerm_virtual_network.this",
            "module.backend_vmss.azurerm_linux_virtual_machine_scale_set.this",
            "module.data_network.azurerm_subnet.this",
            "module.data_network.azurerm_virtual_network.this",
            "module.edge_network.azurerm_subnet.this",
            "module.edge_network.azurerm_virtual_network.this",
            "module.postgres.azurerm_postgresql_flexible_server.this",
            "module.postgres.azurerm_private_dns_zone.this",
            "module.postgres.azurerm_private_dns_zone_virtual_network_link.this",
            "module.resource_group.azurerm_resource_group.this"
          ]
        }
      ]
    },
    {
      "module": "module.data_ai_subnet_nsg",
      "mode": "managed",
      "type": "azurerm_network_security_group",
      "name": "this",
      "provider": "provider[\"registry.terraform.io/hashicorp/azurerm\"]",
      "instances": [
        {
          "schema_version": 0,
          "attributes": {
            "id": "/subscriptions/e1f5b4be-e0ba-4ccb-8708-a949458fcd83/resourceGroups/spendpilot-rg/providers/Microsoft.Network/networkSecurityGroups/spendpilot-prod-data-ai-nsg",
            "location": "centralindia",
            "name": "spendpilot-prod-data-ai-nsg",
            "resource_group_name": "spendpilot-rg",
            "security_rule": [
              {
                "access": "Allow",
                "description": "",
                "destination_address_prefix": "*",
                "destination_address_prefixes": [],
                "destination_application_security_group_ids": [],
                "destination_port_range": "11434",
                "destination_port_ranges": [],
                "direction": "Inbound",
                "name": "allow-backend-to-ollama",
                "priority": 100,
                "protocol": "Tcp",
                "source_address_prefix": "10.11.1.0/24",
                "source_address_prefixes": [],
                "source_application_security_group_ids": [],
                "source_port_range": "*",
                "source_port_ranges": []
              },
              {
                "access": "Allow",
                "description": "",
                "destination_address_prefix": "*",
                "destination_address_prefixes": [],
                "destination_application_security_group_ids": [],
                "destination_port_range": "22",
                "destination_port_ranges": [],
                "direction": "Inbound",
                "name": "allow-bastion-to-data-ai-ssh",
                "priority": 110,
                "protocol": "Tcp",
                "source_address_prefix": "10.10.1.0/24",
                "source_address_prefixes": [],
                "source_application_security_group_ids": [],
                "source_port_range": "*",
                "source_port_ranges": []
              }
            ],
            "tags": {
              "application": "spend-control",
              "environment": "prod",
              "managed_by": "terraform",
              "owner": "platform-team",
              "project": "spend-control",
              "stack": "vm-docker"
            },
            "timeouts": null
          },
          "sensitive_attributes": [],
          "identity_schema_version": 0,
          "identity": {
            "name": "spendpilot-prod-data-ai-nsg",
            "resource_group_name": "spendpilot-rg",
            "subscription_id": "e1f5b4be-e0ba-4ccb-8708-a949458fcd83"
          },
          "private": "eyJlMmJmYjczMC1lY2FhLTExZTYtOGY4OC0zNDM2M2JjN2M0YzAiOnsiY3JlYXRlIjoxODAwMDAwMDAwMDAwLCJkZWxldGUiOjE4MDAwMDAwMDAwMDAsInJlYWQiOjMwMDAwMDAwMDAwMCwidXBkYXRlIjoxODAwMDAwMDAwMDAwfX0=",
          "dependencies": [
            "module.resource_group.azurerm_resource_group.this"
          ]
        }
      ]
    },
    {
      "module": "module.data_ai_subnet_nsg",
      "mode": "managed",
      "type": "azurerm_subnet_network_security_group_association",
      "name": "this",
      "provider": "provider[\"registry.terraform.io/hashicorp/azurerm\"]",
      "instances": [
        {
          "schema_version": 0,
          "attributes": {
            "id": "/subscriptions/e1f5b4be-e0ba-4ccb-8708-a949458fcd83/resourceGroups/spendpilot-rg/providers/Microsoft.Network/virtualNetworks/spendpilot-prod-data-spoke-vnet/subnets/data-ai-subnet",
            "network_security_group_id": "/subscriptions/e1f5b4be-e0ba-4ccb-8708-a949458fcd83/resourceGroups/spendpilot-rg/providers/Microsoft.Network/networkSecurityGroups/spendpilot-prod-data-ai-nsg",
            "subnet_id": "/subscriptions/e1f5b4be-e0ba-4ccb-8708-a949458fcd83/resourceGroups/spendpilot-rg/providers/Microsoft.Network/virtualNetworks/spendpilot-prod-data-spoke-vnet/subnets/data-ai-subnet",
            "timeouts": null
          },
          "sensitive_attributes": [],
          "identity_schema_version": 0,
          "private": "eyJlMmJmYjczMC1lY2FhLTExZTYtOGY4OC0zNDM2M2JjN2M0YzAiOnsiY3JlYXRlIjoxODAwMDAwMDAwMDAwLCJkZWxldGUiOjE4MDAwMDAwMDAwMDAsInJlYWQiOjMwMDAwMDAwMDAwMH19",
          "dependencies": [
            "module.data_ai_subnet_nsg.azurerm_network_security_group.this",
            "module.data_network.azurerm_subnet.this",
            "module.data_network.azurerm_virtual_network.this",
            "module.resource_group.azurerm_resource_group.this"
          ]
        }
      ]
    },
    {
      "module": "module.data_ai_vmss",
      "mode": "managed",
      "type": "azurerm_linux_virtual_machine_scale_set",
      "name": "this",
      "provider": "provider[\"registry.terraform.io/hashicorp/azurerm\"]",
      "instances": [
        {
          "schema_version": 0,
          "attributes": {
            "additional_capabilities": [],
            "admin_password": "ignored-as-imported",
            "admin_ssh_key": [],
            "admin_username": "lijaz",
            "automatic_instance_repair": [],
            "automatic_os_upgrade_policy": [],
            "boot_diagnostics": [],
            "capacity_reservation_group_id": "",
            "computer_name_prefix": "spendpilo",
            "custom_data": "I2Nsb3VkLWNvbmZpZwpwYWNrYWdlX3VwZGF0ZTogdHJ1ZQpwYWNrYWdlX3VwZ3JhZGU6IHRydWUKcGFja2FnZXM6CiAgLSBjYS1jZXJ0aWZpY2F0ZXMKICAtIGN1cmwKICAtIGdpdAogIC0gZ251cGcKICAtIGxzYi1yZWxlYXNlCiAgLSBqcQoKd3JpdGVfZmlsZXM6CiAgLSBwYXRoOiAvZXRjL3NwZW5kLWNvbnRyb2wtcm9sZQogICAgcGVybWlzc2lvbnM6ICIwNjQ0IgogICAgb3duZXI6IHJvb3Q6cm9vdAogICAgY29udGVudDogfAogICAgICBkYXRhLWFpCiAgLSBwYXRoOiAvb3B0L3NwZW5kLWNvbnRyb2wvYm9vdHN0cmFwL2NvbW1vbi5zaAogICAgcGVybWlzc2lvbnM6ICIwNzU1IgogICAgb3duZXI6IHJvb3Q6cm9vdAogICAgY29udGVudDogfAogICAgICAjIS91c3IvYmluL2VudiBiYXNoCiAgICAgIHNldCAtZXVvIHBpcGVmYWlsCgogICAgICByZXRyeSgpIHsKICAgICAgICBsb2NhbCBhdHRlbXB0cz0iJDEiCiAgICAgICAgc2hpZnQKICAgICAgICBsb2NhbCBkZWxheT0iJDEiCiAgICAgICAgc2hpZnQKCiAgICAgICAgbG9jYWwgaT0xCiAgICAgICAgd2hpbGUgdHJ1ZTsgZG8KICAgICAgICAgIGlmICIkQCI7IHRoZW4KICAgICAgICAgICAgcmV0dXJuIDAKICAgICAgICAgIGZpCiAgICAgICAgICBpZiBbICIkaSIgLWdlICIkYXR0ZW1wdHMiIF07IHRoZW4KICAgICAgICAgICAgZWNobyAiQ29tbWFuZCBmYWlsZWQgYWZ0ZXIgJGF0dGVtcHRzIGF0dGVtcHRzOiAkKiIKICAgICAgICAgICAgcmV0dXJuIDEKICAgICAgICAgIGZpCiAgICAgICAgICBlY2hvICJDb21tYW5kIGZhaWxlZCAoYXR0ZW1wdCAkaS8kYXR0ZW1wdHMpOiAkKiIKICAgICAgICAgIHNsZWVwICIkZGVsYXkiCiAgICAgICAgICBpPSQoKGkgKyAxKSkKICAgICAgICBkb25lCiAgICAgIH0KCiAgICAgIGluc3RhbGxfZG9ja2VyX3N0YWNrKCkgewogICAgICAgIGV4cG9ydCBERUJJQU5fRlJPTlRFTkQ9bm9uaW50ZXJhY3RpdmUKICAgICAgICBpbnN0YWxsIC1tIDA3NTUgLWQgL2V0Yy9hcHQva2V5cmluZ3MKICAgICAgICByZXRyeSA1IDEwIGN1cmwgLWZzU0wgaHR0cHM6Ly9kb3dubG9hZC5kb2NrZXIuY29tL2xpbnV4L3VidW50dS9ncGcgLW8gL3RtcC9kb2NrZXIuYXNjCiAgICAgICAgY2htb2QgYStyIC90bXAvZG9ja2VyLmFzYwogICAgICAgIGdwZyAtLWRlYXJtb3IgLW8gL2V0Yy9hcHQva2V5cmluZ3MvZG9ja2VyLmdwZyAvdG1wL2RvY2tlci5hc2MKICAgICAgICBjaG1vZCBhK3IgL2V0Yy9hcHQva2V5cmluZ3MvZG9ja2VyLmdwZwogICAgICAgIGVjaG8gImRlYiBbYXJjaD0kKGRwa2cgLS1wcmludC1hcmNoaXRlY3R1cmUpIHNpZ25lZC1ieT0vZXRjL2FwdC9rZXlyaW5ncy9kb2NrZXIuZ3BnXSBodHRwczovL2Rvd25sb2FkLmRvY2tlci5jb20vbGludXgvdWJ1bnR1ICQoLiAvZXRjL29zLXJlbGVhc2UgJiYgZWNobyAkVkVSU0lPTl9DT0RFTkFNRSkgc3RhYmxlIiA+IC9ldGMvYXB0L3NvdXJjZXMubGlzdC5kL2RvY2tlci5saXN0CiAgICAgICAgcmV0cnkgNSAxNSBhcHQtZ2V0IHVwZGF0ZQogICAgICAgIHJldHJ5IDUgMTUgYXB0LWdldCBpbnN0YWxsIC15IGRvY2tlci1jZSBkb2NrZXItY2UtY2xpIGNvbnRhaW5lcmQuaW8gZG9ja2VyLWJ1aWxkeC1wbHVnaW4gZG9ja2VyLWNvbXBvc2UtcGx1Z2luCiAgICAgICAgc3lzdGVtY3RsIGVuYWJsZSBkb2NrZXIKICAgICAgICBzeXN0ZW1jdGwgcmVzdGFydCBkb2NrZXIKICAgICAgICB1c2VybW9kIC1hRyBkb2NrZXIgdWJ1bnR1IHx8IHRydWUKICAgICAgICB1c2VybW9kIC1hRyBkb2NrZXIgYXp1cmV1c2VyIHx8IHRydWUKICAgICAgICB1c2VybW9kIC1hRyBkb2NrZXIgbGlqYXogfHwgdHJ1ZQogICAgICAgIGNvbW1hbmQgLXYgZG9ja2VyID4vZGV2L251bGwgMj4mMQogICAgICB9CgogICAgICB3YWl0X2Zvcl9kb2NrZXIoKSB7CiAgICAgICAgZm9yIGkgaW4gJChzZXEgMSA2MCk7IGRvCiAgICAgICAgICBpZiBjb21tYW5kIC12IGRvY2tlciA+L2Rldi9udWxsIDI+JjEgJiYgZG9ja2VyIGluZm8gPi9kZXYvbnVsbCAyPiYxOyB0aGVuCiAgICAgICAgICAgIHJldHVybiAwCiAgICAgICAgICBmaQogICAgICAgICAgZWNobyAiV2FpdGluZyBmb3IgRG9ja2VyIGRhZW1vbiAoJGkvNjApLi4uIgogICAgICAgICAgc2xlZXAgNQogICAgICAgIGRvbmUKICAgICAgICBlY2hvICJEb2NrZXIgZGFlbW9uIGRpZCBub3QgYmVjb21lIHJlYWR5IGluIHRpbWUuIgogICAgICAgIHJldHVybiAxCiAgICAgIH0KCiAgLSBwYXRoOiAvb3B0L3NwZW5kLWNvbnRyb2wvZGF0YS1haS9kb2NrZXItY29tcG9zZS55bWwKICAgIHBlcm1pc3Npb25zOiAiMDY0NCIKICAgIG93bmVyOiByb290OnJvb3QKICAgIGNvbnRlbnQ6IHwKICAgICAgc2VydmljZXM6CiAgICAgICAgb2xsYW1hOgogICAgICAgICAgaW1hZ2U6IG9sbGFtYS9vbGxhbWE6bGF0ZXN0CiAgICAgICAgICBjb250YWluZXJfbmFtZTogc3BlbmQtY29udHJvbC1vbGxhbWEKICAgICAgICAgIHJlc3RhcnQ6IHVubGVzcy1zdG9wcGVkCiAgICAgICAgICBwb3J0czoKICAgICAgICAgICAgLSAiMTE0MzQ6MTE0MzQiCiAgICAgICAgICB2b2x1bWVzOgogICAgICAgICAgICAtIC92YXIvbGliL3NwZW5kLWNvbnRyb2wvb2xsYW1hOi9yb290Ly5vbGxhbWEKCgoKCiAgLSBwYXRoOiAvb3B0L3NwZW5kLWNvbnRyb2wvYm9vdHN0cmFwL3N0YXJ0LWRhdGEtYWkuc2gKICAgIHBlcm1pc3Npb25zOiAiMDc1NSIKICAgIG93bmVyOiByb290OnJvb3QKICAgIGNvbnRlbnQ6IHwKICAgICAgIyEvdXNyL2Jpbi9lbnYgYmFzaAogICAgICBzZXQgLWV1eG8gcGlwZWZhaWwKICAgICAgc291cmNlIC9vcHQvc3BlbmQtY29udHJvbC9ib290c3RyYXAvY29tbW9uLnNoCgogICAgICBpbnN0YWxsX2RvY2tlcl9zdGFjawogICAgICB3YWl0X2Zvcl9kb2NrZXIKCiAgICAgIG1rZGlyIC1wIC9vcHQvc3BlbmQtY29udHJvbC9kYXRhLWFpCiAgICAgIG1rZGlyIC1wIC92YXIvbGliL3NwZW5kLWNvbnRyb2wvb2xsYW1hCiAgICAgIGRvY2tlciBjb21wb3NlIC1mIC9vcHQvc3BlbmQtY29udHJvbC9kYXRhLWFpL2RvY2tlci1jb21wb3NlLnltbCB1cCAtZAoKICAgICAgZm9yIGkgaW4gJChzZXEgMSA2MCk7IGRvCiAgICAgICAgaWYgY3VybCAtZnNTIGh0dHA6Ly8xMjcuMC4wLjE6MTE0MzQvYXBpL3RhZ3MgPi9kZXYvbnVsbCAyPiYxOyB0aGVuCiAgICAgICAgICBicmVhawogICAgICAgIGZpCiAgICAgICAgZWNobyAiV2FpdGluZyBmb3IgbG9jYWwgT2xsYW1hIEFQSSAoYXR0ZW1wdCAkaS82MCkuLi4iCiAgICAgICAgc2xlZXAgNQogICAgICBkb25lCgogICAgICBjdXJsIC1mc1MgaHR0cDovLzEyNy4wLjAuMToxMTQzNC9hcGkvdGFncyA+L2Rldi9udWxsCiAgICAgIGRvY2tlciBleGVjIHNwZW5kLWNvbnRyb2wtb2xsYW1hIG9sbGFtYSBwdWxsIGxsYW1hMy4yCgoKcnVuY21kOgogIC0gbWtkaXIgLXAgL29wdC9zcGVuZC1jb250cm9sCiAgLSBta2RpciAtcCAvb3B0L3NwZW5kLWNvbnRyb2wvYm9vdHN0cmFwCiAgLSBlY2hvICJEb2NrZXIgcmVhZHkgZm9yIGRhdGEtYWkgbm9kZSIgPiAvb3B0L3NwZW5kLWNvbnRyb2wvUkVBRE1FLnR4dAoKICAtIGJhc2ggL29wdC9zcGVuZC1jb250cm9sL2Jvb3RzdHJhcC9zdGFydC1kYXRhLWFpLnNoCgoKCg==",
            "data_disk": [],
            "disable_password_authentication": false,
            "do_not_run_extensions_on_overprovisioned_machines": false,
            "edge_zone": "",
            "encryption_at_host_enabled": false,
            "eviction_policy": "",
            "extension": [],
            "extension_operations_enabled": true,
            "extensions_time_budget": "PT1H30M",
            "gallery_application": [],
            "health_probe_id": "",
            "host_group_id": null,
            "id": "/subscriptions/e1f5b4be-e0ba-4ccb-8708-a949458fcd83/resourceGroups/spendpilot-rg/providers/Microsoft.Compute/virtualMachineScaleSets/spendpilot-prod-data-ai-vmss",
            "identity": [
              {
                "identity_ids": [],
                "principal_id": "09fa418a-1d33-4ea5-8310-6b16dd0471e6",
                "tenant_id": "920e9322-340c-4fbc-bf09-dc8fd6636182",
                "type": "SystemAssigned"
              }
            ],
            "instances": 1,
            "location": "centralindia",
            "max_bid_price": -1,
            "name": "spendpilot-prod-data-ai-vmss",
            "network_interface": [
              {
                "auxiliary_mode": "",
                "auxiliary_sku": "",
                "dns_servers": [],
                "enable_accelerated_networking": false,
                "enable_ip_forwarding": false,
                "ip_configuration": [
                  {
                    "application_gateway_backend_address_pool_ids": [],
                    "application_security_group_ids": [],
                    "load_balancer_backend_address_pool_ids": [
                      "/subscriptions/e1f5b4be-e0ba-4ccb-8708-a949458fcd83/resourceGroups/spendpilot-rg/providers/Microsoft.Network/loadBalancers/spendpilot-prod-ollama-ilb/backendAddressPools/ollama-backend-pool"
                    ],
                    "load_balancer_inbound_nat_rules_ids": [],
                    "name": "internal",
                    "primary": true,
                    "public_ip_address": [],
                    "subnet_id": "/subscriptions/e1f5b4be-e0ba-4ccb-8708-a949458fcd83/resourceGroups/spendpilot-rg/providers/Microsoft.Network/virtualNetworks/spendpilot-prod-data-spoke-vnet/subnets/data-ai-subnet",
                    "version": "IPv4"
                  }
                ],
                "name": "spendpilot-prod-data-ai-vmss-nic",
                "network_security_group_id": "",
                "primary": true
              }
            ],
            "os_disk": [
              {
                "caching": "ReadWrite",
                "diff_disk_settings": [],
                "disk_encryption_set_id": "",
                "disk_size_gb": 30,
                "secure_vm_disk_encryption_set_id": "",
                "security_encryption_type": "",
                "storage_account_type": "Premium_LRS",
                "write_accelerator_enabled": false
              }
            ],
            "overprovision": false,
            "plan": [],
            "platform_fault_domain_count": 5,
            "priority": "Regular",
            "provision_vm_agent": true,
            "proximity_placement_group_id": "",
            "resilient_vm_creation_enabled": false,
            "resilient_vm_deletion_enabled": false,
            "resource_group_name": "spendpilot-rg",
            "rolling_upgrade_policy": [],
            "scale_in": [],
            "secret": [],
            "secure_boot_enabled": false,
            "single_placement_group": true,
            "sku": "Standard_D2s_v3",
            "source_image_id": "",
            "source_image_reference": [
              {
                "offer": "0001-com-ubuntu-server-jammy",
                "publisher": "Canonical",
                "sku": "22_04-lts-gen2",
                "version": "latest"
              }
            ],
            "spot_restore": [],
            "tags": {
              "application": "spend-control",
              "environment": "prod",
              "managed_by": "terraform",
              "owner": "platform-team",
              "project": "spend-control",
              "stack": "vm-docker"
            },
            "termination_notification": [],
            "timeouts": null,
            "unique_id": "d96bd274-80b1-42d7-a16e-0899290b9b95",
            "upgrade_mode": "Manual",
            "user_data": "",
            "vtpm_enabled": false,
            "zone_balance": true,
            "zones": [
              "1",
              "2",
              "3"
            ]
          },
          "sensitive_attributes": [
            [
              {
                "type": "get_attr",
                "value": "admin_password"
              }
            ],
            [
              {
                "type": "get_attr",
                "value": "custom_data"
              }
            ]
          ],
          "identity_schema_version": 0,
          "private": "eyJlMmJmYjczMC1lY2FhLTExZTYtOGY4OC0zNDM2M2JjN2M0YzAiOnsiY3JlYXRlIjozNjAwMDAwMDAwMDAwLCJkZWxldGUiOjM2MDAwMDAwMDAwMDAsInJlYWQiOjMwMDAwMDAwMDAwMCwidXBkYXRlIjozNjAwMDAwMDAwMDAwfX0=",
          "dependencies": [
            "azurerm_lb.ollama_private",
            "azurerm_lb_backend_address_pool.ollama_private",
            "module.data_network.azurerm_subnet.this",
            "module.data_network.azurerm_virtual_network.this",
            "module.resource_group.azurerm_resource_group.this"
          ]
        }
      ]
    },
    {
      "module": "module.data_ai_vmss",
      "mode": "managed",
      "type": "azurerm_monitor_autoscale_setting",
      "name": "this",
      "provider": "provider[\"registry.terraform.io/hashicorp/azurerm\"]",
      "instances": [
        {
          "schema_version": 2,
          "attributes": {
            "enabled": true,
            "id": "/subscriptions/e1f5b4be-e0ba-4ccb-8708-a949458fcd83/resourceGroups/spendpilot-rg/providers/Microsoft.Insights/autoScaleSettings/spendpilot-prod-data-ai-vmss-autoscale",
            "location": "centralindia",
            "name": "spendpilot-prod-data-ai-vmss-autoscale",
            "notification": [],
            "predictive": [],
            "profile": [
              {
                "capacity": [
                  {
                    "default": 1,
                    "maximum": 2,
                    "minimum": 1
                  }
                ],
                "fixed_date": [],
                "name": "default",
                "recurrence": [],
                "rule": [
                  {
                    "metric_trigger": [
                      {
                        "dimensions": [],
                        "divide_by_instance_count": false,
                        "metric_name": "Percentage CPU",
                        "metric_namespace": "",
                        "metric_resource_id": "/subscriptions/e1f5b4be-e0ba-4ccb-8708-a949458fcd83/resourceGroups/spendpilot-rg/providers/Microsoft.Compute/virtualMachineScaleSets/spendpilot-prod-data-ai-vmss",
                        "operator": "GreaterThan",
                        "statistic": "Average",
                        "threshold": 70,
                        "time_aggregation": "Average",
                        "time_grain": "PT1M",
                        "time_window": "PT5M"
                      }
                    ],
                    "scale_action": [
                      {
                        "cooldown": "PT5M",
                        "direction": "Increase",
                        "type": "ChangeCount",
                        "value": 1
                      }
                    ]
                  },
                  {
                    "metric_trigger": [
                      {
                        "dimensions": [],
                        "divide_by_instance_count": false,
                        "metric_name": "Percentage CPU",
                        "metric_namespace": "",
                        "metric_resource_id": "/subscriptions/e1f5b4be-e0ba-4ccb-8708-a949458fcd83/resourceGroups/spendpilot-rg/providers/Microsoft.Compute/virtualMachineScaleSets/spendpilot-prod-data-ai-vmss",
                        "operator": "LessThan",
                        "statistic": "Average",
                        "threshold": 30,
                        "time_aggregation": "Average",
                        "time_grain": "PT1M",
                        "time_window": "PT10M"
                      }
                    ],
                    "scale_action": [
                      {
                        "cooldown": "PT10M",
                        "direction": "Decrease",
                        "type": "ChangeCount",
                        "value": 1
                      }
                    ]
                  }
                ]
              }
            ],
            "resource_group_name": "spendpilot-rg",
            "tags": {
              "application": "spend-control",
              "environment": "prod",
              "managed_by": "terraform",
              "owner": "platform-team",
              "project": "spend-control",
              "stack": "vm-docker"
            },
            "target_resource_id": "/subscriptions/e1f5b4be-e0ba-4ccb-8708-a949458fcd83/resourceGroups/spendpilot-rg/providers/Microsoft.Compute/virtualMachineScaleSets/spendpilot-prod-data-ai-vmss",
            "timeouts": null
          },
          "sensitive_attributes": [],
          "identity_schema_version": 0,
          "private": "eyJlMmJmYjczMC1lY2FhLTExZTYtOGY4OC0zNDM2M2JjN2M0YzAiOnsiY3JlYXRlIjoxODAwMDAwMDAwMDAwLCJkZWxldGUiOjE4MDAwMDAwMDAwMDAsInJlYWQiOjMwMDAwMDAwMDAwMCwidXBkYXRlIjoxODAwMDAwMDAwMDAwfSwic2NoZW1hX3ZlcnNpb24iOiIyIn0=",
          "dependencies": [
            "azurerm_lb.ollama_private",
            "azurerm_lb_backend_address_pool.ollama_private",
            "module.data_ai_vmss.azurerm_linux_virtual_machine_scale_set.this",
            "module.data_network.azurerm_subnet.this",
            "module.data_network.azurerm_virtual_network.this",
            "module.resource_group.azurerm_resource_group.this"
          ]
        }
      ]
    },
    {
      "module": "module.data_network",
      "mode": "managed",
      "type": "azurerm_subnet",
      "name": "this",
      "provider": "provider[\"registry.terraform.io/hashicorp/azurerm\"]",
      "instances": [
        {
          "index_key": "data-ai-subnet",
          "schema_version": 0,
          "attributes": {
            "address_prefixes": [
              "10.12.0.0/24"
            ],
            "default_outbound_access_enabled": true,
            "delegation": [],
            "id": "/subscriptions/e1f5b4be-e0ba-4ccb-8708-a949458fcd83/resourceGroups/spendpilot-rg/providers/Microsoft.Network/virtualNetworks/spendpilot-prod-data-spoke-vnet/subnets/data-ai-subnet",
            "ip_address_pool": [],
            "name": "data-ai-subnet",
            "private_endpoint_network_policies": "Disabled",
            "private_link_service_network_policies_enabled": true,
            "resource_group_name": "spendpilot-rg",
            "service_endpoint_policy_ids": [],
            "service_endpoints": [],
            "sharing_scope": "",
            "timeouts": null,
            "virtual_network_name": "spendpilot-prod-data-spoke-vnet"
          },
          "sensitive_attributes": [],
          "identity_schema_version": 0,
          "identity": {
            "name": "data-ai-subnet",
            "resource_group_name": "spendpilot-rg",
            "subscription_id": "e1f5b4be-e0ba-4ccb-8708-a949458fcd83",
            "virtual_network_name": "spendpilot-prod-data-spoke-vnet"
          },
          "private": "eyJlMmJmYjczMC1lY2FhLTExZTYtOGY4OC0zNDM2M2JjN2M0YzAiOnsiY3JlYXRlIjoxODAwMDAwMDAwMDAwLCJkZWxldGUiOjE4MDAwMDAwMDAwMDAsInJlYWQiOjMwMDAwMDAwMDAwMCwidXBkYXRlIjoxODAwMDAwMDAwMDAwfX0=",
          "dependencies": [
            "module.data_network.azurerm_virtual_network.this",
            "module.resource_group.azurerm_resource_group.this"
          ]
        },
        {
          "index_key": "postgres-subnet",
          "schema_version": 0,
          "attributes": {
            "address_prefixes": [
              "10.12.1.0/24"
            ],
            "default_outbound_access_enabled": true,
            "delegation": [
              {
                "name": "postgres-subnet-delegation",
                "service_delegation": [
                  {
                    "actions": [
                      "Microsoft.Network/virtualNetworks/subnets/join/action"
                    ],
                    "name": "Microsoft.DBforPostgreSQL/flexibleServers"
                  }
                ]
              }
            ],
            "id": "/subscriptions/e1f5b4be-e0ba-4ccb-8708-a949458fcd83/resourceGroups/spendpilot-rg/providers/Microsoft.Network/virtualNetworks/spendpilot-prod-data-spoke-vnet/subnets/postgres-subnet",
            "ip_address_pool": [],
            "name": "postgres-subnet",
            "private_endpoint_network_policies": "Disabled",
            "private_link_service_network_policies_enabled": true,
            "resource_group_name": "spendpilot-rg",
            "service_endpoint_policy_ids": [],
            "service_endpoints": [],
            "sharing_scope": "",
            "timeouts": null,
            "virtual_network_name": "spendpilot-prod-data-spoke-vnet"
          },
          "sensitive_attributes": [],
          "identity_schema_version": 0,
          "identity": {
            "name": "postgres-subnet",
            "resource_group_name": "spendpilot-rg",
            "subscription_id": "e1f5b4be-e0ba-4ccb-8708-a949458fcd83",
            "virtual_network_name": "spendpilot-prod-data-spoke-vnet"
          },
          "private": "eyJlMmJmYjczMC1lY2FhLTExZTYtOGY4OC0zNDM2M2JjN2M0YzAiOnsiY3JlYXRlIjoxODAwMDAwMDAwMDAwLCJkZWxldGUiOjE4MDAwMDAwMDAwMDAsInJlYWQiOjMwMDAwMDAwMDAwMCwidXBkYXRlIjoxODAwMDAwMDAwMDAwfX0=",
          "dependencies": [
            "module.data_network.azurerm_virtual_network.this",
            "module.resource_group.azurerm_resource_group.this"
          ]
        }
      ]
    },
    {
      "module": "module.data_network",
      "mode": "managed",
      "type": "azurerm_virtual_network",
      "name": "this",
      "provider": "provider[\"registry.terraform.io/hashicorp/azurerm\"]",
      "instances": [
        {
          "schema_version": 0,
          "attributes": {
            "address_space": [
              "10.12.0.0/16"
            ],
            "bgp_community": "",
            "ddos_protection_plan": [],
            "dns_servers": [],
            "edge_zone": "",
            "encryption": [],
            "flow_timeout_in_minutes": 0,
            "guid": "7056fa73-7905-4140-a16c-171600a5ec69",
            "id": "/subscriptions/e1f5b4be-e0ba-4ccb-8708-a949458fcd83/resourceGroups/spendpilot-rg/providers/Microsoft.Network/virtualNetworks/spendpilot-prod-data-spoke-vnet",
            "ip_address_pool": [],
            "location": "centralindia",
            "name": "spendpilot-prod-data-spoke-vnet",
            "private_endpoint_vnet_policies": "Disabled",
            "resource_group_name": "spendpilot-rg",
            "subnet": [
              {
                "address_prefixes": [
                  "10.12.0.0/24"
                ],
                "default_outbound_access_enabled": true,
                "delegation": [],
                "id": "/subscriptions/e1f5b4be-e0ba-4ccb-8708-a949458fcd83/resourceGroups/spendpilot-rg/providers/Microsoft.Network/virtualNetworks/spendpilot-prod-data-spoke-vnet/subnets/data-ai-subnet",
                "name": "data-ai-subnet",
                "private_endpoint_network_policies": "Disabled",
                "private_link_service_network_policies_enabled": true,
                "route_table_id": "/subscriptions/e1f5b4be-e0ba-4ccb-8708-a949458fcd83/resourceGroups/spendpilot-rg/providers/Microsoft.Network/routeTables/spendpilot-prod-data-spoke-rt",
                "security_group": "/subscriptions/e1f5b4be-e0ba-4ccb-8708-a949458fcd83/resourceGroups/spendpilot-rg/providers/Microsoft.Network/networkSecurityGroups/spendpilot-prod-data-ai-nsg",
                "service_endpoint_policy_ids": [],
                "service_endpoints": []
              },
              {
                "address_prefixes": [
                  "10.12.1.0/24"
                ],
                "default_outbound_access_enabled": true,
                "delegation": [
                  {
                    "name": "postgres-subnet-delegation",
                    "service_delegation": [
                      {
                        "actions": [
                          "Microsoft.Network/virtualNetworks/subnets/join/action"
                        ],
                        "name": "Microsoft.DBforPostgreSQL/flexibleServers"
                      }
                    ]
                  }
                ],
                "id": "/subscriptions/e1f5b4be-e0ba-4ccb-8708-a949458fcd83/resourceGroups/spendpilot-rg/providers/Microsoft.Network/virtualNetworks/spendpilot-prod-data-spoke-vnet/subnets/postgres-subnet",
                "name": "postgres-subnet",
                "private_endpoint_network_policies": "Disabled",
                "private_link_service_network_policies_enabled": true,
                "route_table_id": "",
                "security_group": "",
                "service_endpoint_policy_ids": [],
                "service_endpoints": []
              }
            ],
            "tags": {
              "application": "spend-control",
              "environment": "prod",
              "managed_by": "terraform",
              "owner": "platform-team",
              "project": "spend-control",
              "stack": "vm-docker"
            },
            "timeouts": null
          },
          "sensitive_attributes": [],
          "identity_schema_version": 0,
          "identity": {
            "name": "spendpilot-prod-data-spoke-vnet",
            "resource_group_name": "spendpilot-rg",
            "subscription_id": "e1f5b4be-e0ba-4ccb-8708-a949458fcd83"
          },
          "private": "eyJlMmJmYjczMC1lY2FhLTExZTYtOGY4OC0zNDM2M2JjN2M0YzAiOnsiY3JlYXRlIjoxODAwMDAwMDAwMDAwLCJkZWxldGUiOjE4MDAwMDAwMDAwMDAsInJlYWQiOjMwMDAwMDAwMDAwMCwidXBkYXRlIjoxODAwMDAwMDAwMDAwfX0=",
          "dependencies": [
            "module.resource_group.azurerm_resource_group.this"
          ]
        }
      ]
    },
    {
      "module": "module.edge_network",
      "mode": "managed",
      "type": "azurerm_subnet",
      "name": "this",
      "provider": "provider[\"registry.terraform.io/hashicorp/azurerm\"]",
      "instances": [
        {
          "index_key": "AzureBastionSubnet",
          "schema_version": 0,
          "attributes": {
            "address_prefixes": [
              "10.10.1.0/24"
            ],
            "default_outbound_access_enabled": true,
            "delegation": [],
            "id": "/subscriptions/e1f5b4be-e0ba-4ccb-8708-a949458fcd83/resourceGroups/spendpilot-rg/providers/Microsoft.Network/virtualNetworks/spendpilot-prod-hub-vnet/subnets/AzureBastionSubnet",
            "ip_address_pool": [],
            "name": "AzureBastionSubnet",
            "private_endpoint_network_policies": "Disabled",
            "private_link_service_network_policies_enabled": true,
            "resource_group_name": "spendpilot-rg",
            "service_endpoint_policy_ids": [],
            "service_endpoints": [],
            "sharing_scope": "",
            "timeouts": null,
            "virtual_network_name": "spendpilot-prod-hub-vnet"
          },
          "sensitive_attributes": [],
          "identity_schema_version": 0,
          "identity": {
            "name": "AzureBastionSubnet",
            "resource_group_name": "spendpilot-rg",
            "subscription_id": "e1f5b4be-e0ba-4ccb-8708-a949458fcd83",
            "virtual_network_name": "spendpilot-prod-hub-vnet"
          },
          "private": "eyJlMmJmYjczMC1lY2FhLTExZTYtOGY4OC0zNDM2M2JjN2M0YzAiOnsiY3JlYXRlIjoxODAwMDAwMDAwMDAwLCJkZWxldGUiOjE4MDAwMDAwMDAwMDAsInJlYWQiOjMwMDAwMDAwMDAwMCwidXBkYXRlIjoxODAwMDAwMDAwMDAwfX0=",
          "dependencies": [
            "module.edge_network.azurerm_virtual_network.this",
            "module.resource_group.azurerm_resource_group.this"
          ]
        },
        {
          "index_key": "AzureFirewallSubnet",
          "schema_version": 0,
          "attributes": {
            "address_prefixes": [
              "10.10.2.0/24"
            ],
            "default_outbound_access_enabled": true,
            "delegation": [],
            "id": "/subscriptions/e1f5b4be-e0ba-4ccb-8708-a949458fcd83/resourceGroups/spendpilot-rg/providers/Microsoft.Network/virtualNetworks/spendpilot-prod-hub-vnet/subnets/AzureFirewallSubnet",
            "ip_address_pool": [],
            "name": "AzureFirewallSubnet",
            "private_endpoint_network_policies": "Disabled",
            "private_link_service_network_policies_enabled": true,
            "resource_group_name": "spendpilot-rg",
            "service_endpoint_policy_ids": [],
            "service_endpoints": [],
            "sharing_scope": "",
            "timeouts": null,
            "virtual_network_name": "spendpilot-prod-hub-vnet"
          },
          "sensitive_attributes": [],
          "identity_schema_version": 0,
          "identity": {
            "name": "AzureFirewallSubnet",
            "resource_group_name": "spendpilot-rg",
            "subscription_id": "e1f5b4be-e0ba-4ccb-8708-a949458fcd83",
            "virtual_network_name": "spendpilot-prod-hub-vnet"
          },
          "private": "eyJlMmJmYjczMC1lY2FhLTExZTYtOGY4OC0zNDM2M2JjN2M0YzAiOnsiY3JlYXRlIjoxODAwMDAwMDAwMDAwLCJkZWxldGUiOjE4MDAwMDAwMDAwMDAsInJlYWQiOjMwMDAwMDAwMDAwMCwidXBkYXRlIjoxODAwMDAwMDAwMDAwfX0=",
          "dependencies": [
            "module.edge_network.azurerm_virtual_network.this",
            "module.resource_group.azurerm_resource_group.this"
          ]
        },
        {
          "index_key": "appgw-subnet",
          "schema_version": 0,
          "attributes": {
            "address_prefixes": [
              "10.10.0.0/24"
            ],
            "default_outbound_access_enabled": true,
            "delegation": [],
            "id": "/subscriptions/e1f5b4be-e0ba-4ccb-8708-a949458fcd83/resourceGroups/spendpilot-rg/providers/Microsoft.Network/virtualNetworks/spendpilot-prod-hub-vnet/subnets/appgw-subnet",
            "ip_address_pool": [],
            "name": "appgw-subnet",
            "private_endpoint_network_policies": "Disabled",
            "private_link_service_network_policies_enabled": true,
            "resource_group_name": "spendpilot-rg",
            "service_endpoint_policy_ids": [],
            "service_endpoints": [],
            "sharing_scope": "",
            "timeouts": null,
            "virtual_network_name": "spendpilot-prod-hub-vnet"
          },
          "sensitive_attributes": [],
          "identity_schema_version": 0,
          "identity": {
            "name": "appgw-subnet",
            "resource_group_name": "spendpilot-rg",
            "subscription_id": "e1f5b4be-e0ba-4ccb-8708-a949458fcd83",
            "virtual_network_name": "spendpilot-prod-hub-vnet"
          },
          "private": "eyJlMmJmYjczMC1lY2FhLTExZTYtOGY4OC0zNDM2M2JjN2M0YzAiOnsiY3JlYXRlIjoxODAwMDAwMDAwMDAwLCJkZWxldGUiOjE4MDAwMDAwMDAwMDAsInJlYWQiOjMwMDAwMDAwMDAwMCwidXBkYXRlIjoxODAwMDAwMDAwMDAwfX0=",
          "dependencies": [
            "module.edge_network.azurerm_virtual_network.this",
            "module.resource_group.azurerm_resource_group.this"
          ]
        }
      ]
    },
    {
      "module": "module.edge_network",
      "mode": "managed",
      "type": "azurerm_virtual_network",
      "name": "this",
      "provider": "provider[\"registry.terraform.io/hashicorp/azurerm\"]",
      "instances": [
        {
          "schema_version": 0,
          "attributes": {
            "address_space": [
              "10.10.0.0/16"
            ],
            "bgp_community": "",
            "ddos_protection_plan": [],
            "dns_servers": [],
            "edge_zone": "",
            "encryption": [],
            "flow_timeout_in_minutes": 0,
            "guid": "285f4e5c-dd87-42c5-94e9-952c27460b3e",
            "id": "/subscriptions/e1f5b4be-e0ba-4ccb-8708-a949458fcd83/resourceGroups/spendpilot-rg/providers/Microsoft.Network/virtualNetworks/spendpilot-prod-hub-vnet",
            "ip_address_pool": [],
            "location": "centralindia",
            "name": "spendpilot-prod-hub-vnet",
            "private_endpoint_vnet_policies": "Disabled",
            "resource_group_name": "spendpilot-rg",
            "subnet": [
              {
                "address_prefixes": [
                  "10.10.0.0/24"
                ],
                "default_outbound_access_enabled": true,
                "delegation": [],
                "id": "/subscriptions/e1f5b4be-e0ba-4ccb-8708-a949458fcd83/resourceGroups/spendpilot-rg/providers/Microsoft.Network/virtualNetworks/spendpilot-prod-hub-vnet/subnets/appgw-subnet",
                "name": "appgw-subnet",
                "private_endpoint_network_policies": "Disabled",
                "private_link_service_network_policies_enabled": true,
                "route_table_id": "",
                "security_group": "",
                "service_endpoint_policy_ids": [],
                "service_endpoints": []
              },
              {
                "address_prefixes": [
                  "10.10.1.0/24"
                ],
                "default_outbound_access_enabled": true,
                "delegation": [],
                "id": "/subscriptions/e1f5b4be-e0ba-4ccb-8708-a949458fcd83/resourceGroups/spendpilot-rg/providers/Microsoft.Network/virtualNetworks/spendpilot-prod-hub-vnet/subnets/AzureBastionSubnet",
                "name": "AzureBastionSubnet",
                "private_endpoint_network_policies": "Disabled",
                "private_link_service_network_policies_enabled": true,
                "route_table_id": "",
                "security_group": "",
                "service_endpoint_policy_ids": [],
                "service_endpoints": []
              },
              {
                "address_prefixes": [
                  "10.10.2.0/24"
                ],
                "default_outbound_access_enabled": true,
                "delegation": [],
                "id": "/subscriptions/e1f5b4be-e0ba-4ccb-8708-a949458fcd83/resourceGroups/spendpilot-rg/providers/Microsoft.Network/virtualNetworks/spendpilot-prod-hub-vnet/subnets/AzureFirewallSubnet",
                "name": "AzureFirewallSubnet",
                "private_endpoint_network_policies": "Disabled",
                "private_link_service_network_policies_enabled": true,
                "route_table_id": "",
                "security_group": "",
                "service_endpoint_policy_ids": [],
                "service_endpoints": []
              }
            ],
            "tags": {
              "application": "spend-control",
              "environment": "prod",
              "managed_by": "terraform",
              "owner": "platform-team",
              "project": "spend-control",
              "stack": "vm-docker"
            },
            "timeouts": null
          },
          "sensitive_attributes": [],
          "identity_schema_version": 0,
          "identity": {
            "name": "spendpilot-prod-hub-vnet",
            "resource_group_name": "spendpilot-rg",
            "subscription_id": "e1f5b4be-e0ba-4ccb-8708-a949458fcd83"
          },
          "private": "eyJlMmJmYjczMC1lY2FhLTExZTYtOGY4OC0zNDM2M2JjN2M0YzAiOnsiY3JlYXRlIjoxODAwMDAwMDAwMDAwLCJkZWxldGUiOjE4MDAwMDAwMDAwMDAsInJlYWQiOjMwMDAwMDAwMDAwMCwidXBkYXRlIjoxODAwMDAwMDAwMDAwfX0=",
          "dependencies": [
            "module.resource_group.azurerm_resource_group.this"
          ]
        }
      ]
    },
    {
      "module": "module.frontend_subnet_nsg",
      "mode": "managed",
      "type": "azurerm_network_security_group",
      "name": "this",
      "provider": "provider[\"registry.terraform.io/hashicorp/azurerm\"]",
      "instances": [
        {
          "schema_version": 0,
          "attributes": {
            "id": "/subscriptions/e1f5b4be-e0ba-4ccb-8708-a949458fcd83/resourceGroups/spendpilot-rg/providers/Microsoft.Network/networkSecurityGroups/spendpilot-prod-frontend-nsg",
            "location": "centralindia",
            "name": "spendpilot-prod-frontend-nsg",
            "resource_group_name": "spendpilot-rg",
            "security_rule": [
              {
                "access": "Allow",
                "description": "",
                "destination_address_prefix": "*",
                "destination_address_prefixes": [],
                "destination_application_security_group_ids": [],
                "destination_port_range": "22",
                "destination_port_ranges": [],
                "direction": "Inbound",
                "name": "allow-bastion-to-frontend-ssh",
                "priority": 110,
                "protocol": "Tcp",
                "source_address_prefix": "10.10.1.0/24",
                "source_address_prefixes": [],
                "source_application_security_group_ids": [],
                "source_port_range": "*",
                "source_port_ranges": []
              },
              {
                "access": "Allow",
                "description": "",
                "destination_address_prefix": "*",
                "destination_address_prefixes": [],
                "destination_application_security_group_ids": [],
                "destination_port_range": "3000",
                "destination_port_ranges": [],
                "direction": "Inbound",
                "name": "allow-appgw-to-frontend",
                "priority": 100,
                "protocol": "Tcp",
                "source_address_prefix": "10.10.0.0/24",
                "source_address_prefixes": [],
                "source_application_security_group_ids": [],
                "source_port_range": "*",
                "source_port_ranges": []
              }
            ],
            "tags": {
              "application": "spend-control",
              "environment": "prod",
              "managed_by": "terraform",
              "owner": "platform-team",
              "project": "spend-control",
              "stack": "vm-docker"
            },
            "timeouts": null
          },
          "sensitive_attributes": [],
          "identity_schema_version": 0,
          "identity": {
            "name": "spendpilot-prod-frontend-nsg",
            "resource_group_name": "spendpilot-rg",
            "subscription_id": "e1f5b4be-e0ba-4ccb-8708-a949458fcd83"
          },
          "private": "eyJlMmJmYjczMC1lY2FhLTExZTYtOGY4OC0zNDM2M2JjN2M0YzAiOnsiY3JlYXRlIjoxODAwMDAwMDAwMDAwLCJkZWxldGUiOjE4MDAwMDAwMDAwMDAsInJlYWQiOjMwMDAwMDAwMDAwMCwidXBkYXRlIjoxODAwMDAwMDAwMDAwfX0=",
          "dependencies": [
            "module.resource_group.azurerm_resource_group.this"
          ]
        }
      ]
    },
    {
      "module": "module.frontend_subnet_nsg",
      "mode": "managed",
      "type": "azurerm_subnet_network_security_group_association",
      "name": "this",
      "provider": "provider[\"registry.terraform.io/hashicorp/azurerm\"]",
      "instances": [
        {
          "schema_version": 0,
          "attributes": {
            "id": "/subscriptions/e1f5b4be-e0ba-4ccb-8708-a949458fcd83/resourceGroups/spendpilot-rg/providers/Microsoft.Network/virtualNetworks/spendpilot-prod-app-spoke-vnet/subnets/frontend-subnet",
            "network_security_group_id": "/subscriptions/e1f5b4be-e0ba-4ccb-8708-a949458fcd83/resourceGroups/spendpilot-rg/providers/Microsoft.Network/networkSecurityGroups/spendpilot-prod-frontend-nsg",
            "subnet_id": "/subscriptions/e1f5b4be-e0ba-4ccb-8708-a949458fcd83/resourceGroups/spendpilot-rg/providers/Microsoft.Network/virtualNetworks/spendpilot-prod-app-spoke-vnet/subnets/frontend-subnet",
            "timeouts": null
          },
          "sensitive_attributes": [],
          "identity_schema_version": 0,
          "private": "eyJlMmJmYjczMC1lY2FhLTExZTYtOGY4OC0zNDM2M2JjN2M0YzAiOnsiY3JlYXRlIjoxODAwMDAwMDAwMDAwLCJkZWxldGUiOjE4MDAwMDAwMDAwMDAsInJlYWQiOjMwMDAwMDAwMDAwMH19",
          "dependencies": [
            "module.app_network.azurerm_subnet.this",
            "module.app_network.azurerm_virtual_network.this",
            "module.frontend_subnet_nsg.azurerm_network_security_group.this",
            "module.resource_group.azurerm_resource_group.this"
          ]
        }
      ]
    },
    {
      "module": "module.frontend_vmss",
      "mode": "managed",
      "type": "azurerm_linux_virtual_machine_scale_set",
      "name": "this",
      "provider": "provider[\"registry.terraform.io/hashicorp/azurerm\"]",
      "instances": [
        {
          "schema_version": 0,
          "attributes": {
            "additional_capabilities": [],
            "admin_password": "Lijazsalim@2020",
            "admin_ssh_key": [],
            "admin_username": "lijaz",
            "automatic_instance_repair": [],
            "automatic_os_upgrade_policy": [],
            "boot_diagnostics": [],
            "capacity_reservation_group_id": "",
            "computer_name_prefix": "spendpilo",
            "custom_data": "I2Nsb3VkLWNvbmZpZwpwYWNrYWdlX3VwZGF0ZTogdHJ1ZQpwYWNrYWdlX3VwZ3JhZGU6IHRydWUKcGFja2FnZXM6CiAgLSBjYS1jZXJ0aWZpY2F0ZXMKICAtIGN1cmwKICAtIGdpdAogIC0gZ251cGcKICAtIGxzYi1yZWxlYXNlCiAgLSBqcQoKd3JpdGVfZmlsZXM6CiAgLSBwYXRoOiAvZXRjL3NwZW5kLWNvbnRyb2wtcm9sZQogICAgcGVybWlzc2lvbnM6ICIwNjQ0IgogICAgb3duZXI6IHJvb3Q6cm9vdAogICAgY29udGVudDogfAogICAgICBmcm9udGVuZAogIC0gcGF0aDogL29wdC9zcGVuZC1jb250cm9sL2Jvb3RzdHJhcC9jb21tb24uc2gKICAgIHBlcm1pc3Npb25zOiAiMDc1NSIKICAgIG93bmVyOiByb290OnJvb3QKICAgIGNvbnRlbnQ6IHwKICAgICAgIyEvdXNyL2Jpbi9lbnYgYmFzaAogICAgICBzZXQgLWV1byBwaXBlZmFpbAoKICAgICAgcmV0cnkoKSB7CiAgICAgICAgbG9jYWwgYXR0ZW1wdHM9IiQxIgogICAgICAgIHNoaWZ0CiAgICAgICAgbG9jYWwgZGVsYXk9IiQxIgogICAgICAgIHNoaWZ0CgogICAgICAgIGxvY2FsIGk9MQogICAgICAgIHdoaWxlIHRydWU7IGRvCiAgICAgICAgICBpZiAiJEAiOyB0aGVuCiAgICAgICAgICAgIHJldHVybiAwCiAgICAgICAgICBmaQogICAgICAgICAgaWYgWyAiJGkiIC1nZSAiJGF0dGVtcHRzIiBdOyB0aGVuCiAgICAgICAgICAgIGVjaG8gIkNvbW1hbmQgZmFpbGVkIGFmdGVyICRhdHRlbXB0cyBhdHRlbXB0czogJCoiCiAgICAgICAgICAgIHJldHVybiAxCiAgICAgICAgICBmaQogICAgICAgICAgZWNobyAiQ29tbWFuZCBmYWlsZWQgKGF0dGVtcHQgJGkvJGF0dGVtcHRzKTogJCoiCiAgICAgICAgICBzbGVlcCAiJGRlbGF5IgogICAgICAgICAgaT0kKChpICsgMSkpCiAgICAgICAgZG9uZQogICAgICB9CgogICAgICBpbnN0YWxsX2RvY2tlcl9zdGFjaygpIHsKICAgICAgICBleHBvcnQgREVCSUFOX0ZST05URU5EPW5vbmludGVyYWN0aXZlCiAgICAgICAgaW5zdGFsbCAtbSAwNzU1IC1kIC9ldGMvYXB0L2tleXJpbmdzCiAgICAgICAgcmV0cnkgNSAxMCBjdXJsIC1mc1NMIGh0dHBzOi8vZG93bmxvYWQuZG9ja2VyLmNvbS9saW51eC91YnVudHUvZ3BnIC1vIC90bXAvZG9ja2VyLmFzYwogICAgICAgIGNobW9kIGErciAvdG1wL2RvY2tlci5hc2MKICAgICAgICBncGcgLS1kZWFybW9yIC1vIC9ldGMvYXB0L2tleXJpbmdzL2RvY2tlci5ncGcgL3RtcC9kb2NrZXIuYXNjCiAgICAgICAgY2htb2QgYStyIC9ldGMvYXB0L2tleXJpbmdzL2RvY2tlci5ncGcKICAgICAgICBlY2hvICJkZWIgW2FyY2g9JChkcGtnIC0tcHJpbnQtYXJjaGl0ZWN0dXJlKSBzaWduZWQtYnk9L2V0Yy9hcHQva2V5cmluZ3MvZG9ja2VyLmdwZ10gaHR0cHM6Ly9kb3dubG9hZC5kb2NrZXIuY29tL2xpbnV4L3VidW50dSAkKC4gL2V0Yy9vcy1yZWxlYXNlICYmIGVjaG8gJFZFUlNJT05fQ09ERU5BTUUpIHN0YWJsZSIgPiAvZXRjL2FwdC9zb3VyY2VzLmxpc3QuZC9kb2NrZXIubGlzdAogICAgICAgIHJldHJ5IDUgMTUgYXB0LWdldCB1cGRhdGUKICAgICAgICByZXRyeSA1IDE1IGFwdC1nZXQgaW5zdGFsbCAteSBkb2NrZXItY2UgZG9ja2VyLWNlLWNsaSBjb250YWluZXJkLmlvIGRvY2tlci1idWlsZHgtcGx1Z2luIGRvY2tlci1jb21wb3NlLXBsdWdpbgogICAgICAgIHN5c3RlbWN0bCBlbmFibGUgZG9ja2VyCiAgICAgICAgc3lzdGVtY3RsIHJlc3RhcnQgZG9ja2VyCiAgICAgICAgdXNlcm1vZCAtYUcgZG9ja2VyIHVidW50dSB8fCB0cnVlCiAgICAgICAgdXNlcm1vZCAtYUcgZG9ja2VyIGF6dXJldXNlciB8fCB0cnVlCiAgICAgICAgdXNlcm1vZCAtYUcgZG9ja2VyIGxpamF6IHx8IHRydWUKICAgICAgICBjb21tYW5kIC12IGRvY2tlciA+L2Rldi9udWxsIDI+JjEKICAgICAgfQoKICAgICAgd2FpdF9mb3JfZG9ja2VyKCkgewogICAgICAgIGZvciBpIGluICQoc2VxIDEgNjApOyBkbwogICAgICAgICAgaWYgY29tbWFuZCAtdiBkb2NrZXIgPi9kZXYvbnVsbCAyPiYxICYmIGRvY2tlciBpbmZvID4vZGV2L251bGwgMj4mMTsgdGhlbgogICAgICAgICAgICByZXR1cm4gMAogICAgICAgICAgZmkKICAgICAgICAgIGVjaG8gIldhaXRpbmcgZm9yIERvY2tlciBkYWVtb24gKCRpLzYwKS4uLiIKICAgICAgICAgIHNsZWVwIDUKICAgICAgICBkb25lCiAgICAgICAgZWNobyAiRG9ja2VyIGRhZW1vbiBkaWQgbm90IGJlY29tZSByZWFkeSBpbiB0aW1lLiIKICAgICAgICByZXR1cm4gMQogICAgICB9CgoKICAtIHBhdGg6IC9vcHQvc3BlbmQtY29udHJvbC9ib290c3RyYXAvZnJvbnRlbmQuZW52CiAgICBwZXJtaXNzaW9uczogIjA2MDAiCiAgICBvd25lcjogcm9vdDpyb290CiAgICBjb250ZW50OiB8CiAgICAgIE5PREVfRU5WPWRldmVsb3BtZW50CiAgICAgIE5FWFRfUFVCTElDX0FQSV9CQVNFX1VSTD0KCiAgLSBwYXRoOiAvb3B0L3NwZW5kLWNvbnRyb2wvYm9vdHN0cmFwL3N0YXJ0LWZyb250ZW5kLnNoCiAgICBwZXJtaXNzaW9uczogIjA3NTUiCiAgICBvd25lcjogcm9vdDpyb290CiAgICBjb250ZW50OiB8CiAgICAgICMhL3Vzci9iaW4vZW52IGJhc2gKICAgICAgc2V0IC1ldXhvIHBpcGVmYWlsCiAgICAgIHNvdXJjZSAvb3B0L3NwZW5kLWNvbnRyb2wvYm9vdHN0cmFwL2NvbW1vbi5zaAogICAgICBiYXNlPS9vcHQvc3BlbmQtY29udHJvbC9kZXBsb3kKICAgICAgbWtkaXIgLXAgIiRiYXNlIgoKICAgICAgY2xvbmVfb3JfdXBkYXRlKCkgewogICAgICAgIHJlcG89IiQxIgogICAgICAgIHRhcmdldD0iJDIiCiAgICAgICAgaWYgWyAhIC1kICIkdGFyZ2V0Ly5naXQiIF07IHRoZW4KICAgICAgICAgIGdpdCBjbG9uZSAtLWRlcHRoIDEgLS1icmFuY2ggbWFpbiBodHRwczovL2dpdGh1Yi5jb20vU3BlbmRQaWxvdC8iJHJlcG8iLmdpdCAiJHRhcmdldCIKICAgICAgICBlbHNlCiAgICAgICAgICBnaXQgLUMgIiR0YXJnZXQiIGZldGNoIG9yaWdpbiBtYWluCiAgICAgICAgICBnaXQgLUMgIiR0YXJnZXQiIHJlc2V0IC0taGFyZCBvcmlnaW4vbWFpbgogICAgICAgIGZpCiAgICAgIH0KCiAgICAgIGluc3RhbGxfZG9ja2VyX3N0YWNrCiAgICAgIHdhaXRfZm9yX2RvY2tlcgogICAgICBjbG9uZV9vcl91cGRhdGUgc3BlbmQtY29udHJvbC1wbGF0Zm9ybSAiJGJhc2Uvc3BlbmQtY29udHJvbC1wbGF0Zm9ybSIKICAgICAgY2xvbmVfb3JfdXBkYXRlIHNwZW5kLWNvbnRyb2wtZnJvbnRlbmQgIiRiYXNlL3NwZW5kLWNvbnRyb2wtZnJvbnRlbmQiCgogICAgICBjZCAiJGJhc2Uvc3BlbmQtY29udHJvbC1wbGF0Zm9ybSIKICAgICAgZG9ja2VyIGNvbXBvc2UgLS1lbnYtZmlsZSAvb3B0L3NwZW5kLWNvbnRyb2wvYm9vdHN0cmFwL2Zyb250ZW5kLmVudiAtZiBkb2NrZXItY29tcG9zZS5mcm9udGVuZC55bWwgdXAgLWQgLS1idWlsZAoKCgoKcnVuY21kOgogIC0gbWtkaXIgLXAgL29wdC9zcGVuZC1jb250cm9sCiAgLSBta2RpciAtcCAvb3B0L3NwZW5kLWNvbnRyb2wvYm9vdHN0cmFwCiAgLSBlY2hvICJEb2NrZXIgcmVhZHkgZm9yIGZyb250ZW5kIG5vZGUiID4gL29wdC9zcGVuZC1jb250cm9sL1JFQURNRS50eHQKCgogIC0gYmFzaCAvb3B0L3NwZW5kLWNvbnRyb2wvYm9vdHN0cmFwL3N0YXJ0LWZyb250ZW5kLnNoCgoK",
            "data_disk": [],
            "disable_password_authentication": false,
            "do_not_run_extensions_on_overprovisioned_machines": false,
            "edge_zone": "",
            "encryption_at_host_enabled": false,
            "eviction_policy": "",
            "extension": [],
            "extension_operations_enabled": true,
            "extensions_time_budget": "PT1H30M",
            "gallery_application": [],
            "health_probe_id": "",
            "host_group_id": null,
            "id": "/subscriptions/e1f5b4be-e0ba-4ccb-8708-a949458fcd83/resourceGroups/spendpilot-rg/providers/Microsoft.Compute/virtualMachineScaleSets/spendpilot-prod-frontend-vmss",
            "identity": [
              {
                "identity_ids": [],
                "principal_id": "1996a34d-2f5b-498f-8c2f-7e8ecaaa7cad",
                "tenant_id": "920e9322-340c-4fbc-bf09-dc8fd6636182",
                "type": "SystemAssigned"
              }
            ],
            "instances": 1,
            "location": "centralindia",
            "max_bid_price": -1,
            "name": "spendpilot-prod-frontend-vmss",
            "network_interface": [
              {
                "auxiliary_mode": "",
                "auxiliary_sku": "",
                "dns_servers": [],
                "enable_accelerated_networking": false,
                "enable_ip_forwarding": false,
                "ip_configuration": [
                  {
                    "application_gateway_backend_address_pool_ids": [
                      "/subscriptions/e1f5b4be-e0ba-4ccb-8708-a949458fcd83/resourceGroups/spendpilot-rg/providers/Microsoft.Network/applicationGateways/spendpilot-prod-appgw/backendAddressPools/frontend-pool"
                    ],
                    "application_security_group_ids": [],
                    "load_balancer_backend_address_pool_ids": [],
                    "load_balancer_inbound_nat_rules_ids": [],
                    "name": "internal",
                    "primary": true,
                    "public_ip_address": [],
                    "subnet_id": "/subscriptions/e1f5b4be-e0ba-4ccb-8708-a949458fcd83/resourceGroups/spendpilot-rg/providers/Microsoft.Network/virtualNetworks/spendpilot-prod-app-spoke-vnet/subnets/frontend-subnet",
                    "version": "IPv4"
                  }
                ],
                "name": "spendpilot-prod-frontend-vmss-nic",
                "network_security_group_id": "",
                "primary": true
              }
            ],
            "os_disk": [
              {
                "caching": "ReadWrite",
                "diff_disk_settings": [],
                "disk_encryption_set_id": "",
                "disk_size_gb": 30,
                "secure_vm_disk_encryption_set_id": "",
                "security_encryption_type": "",
                "storage_account_type": "Premium_LRS",
                "write_accelerator_enabled": false
              }
            ],
            "overprovision": false,
            "plan": [],
            "platform_fault_domain_count": 5,
            "priority": "Regular",
            "provision_vm_agent": true,
            "proximity_placement_group_id": "",
            "resilient_vm_creation_enabled": false,
            "resilient_vm_deletion_enabled": false,
            "resource_group_name": "spendpilot-rg",
            "rolling_upgrade_policy": [],
            "scale_in": [],
            "secret": [],
            "secure_boot_enabled": false,
            "single_placement_group": true,
            "sku": "Standard_D2s_v3",
            "source_image_id": "",
            "source_image_reference": [
              {
                "offer": "0001-com-ubuntu-server-jammy",
                "publisher": "Canonical",
                "sku": "22_04-lts-gen2",
                "version": "latest"
              }
            ],
            "spot_restore": [],
            "tags": {
              "application": "spend-control",
              "environment": "prod",
              "managed_by": "terraform",
              "owner": "platform-team",
              "project": "spend-control",
              "stack": "vm-docker"
            },
            "termination_notification": [],
            "timeouts": null,
            "unique_id": "e4e16aca-a17d-40e6-86b7-f1f5f62da147",
            "upgrade_mode": "Manual",
            "user_data": "",
            "vtpm_enabled": false,
            "zone_balance": true,
            "zones": [
              "1",
              "2",
              "3"
            ]
          },
          "sensitive_attributes": [
            [
              {
                "type": "get_attr",
                "value": "admin_password"
              }
            ],
            [
              {
                "type": "get_attr",
                "value": "custom_data"
              }
            ]
          ],
          "identity_schema_version": 0,
          "private": "eyJlMmJmYjczMC1lY2FhLTExZTYtOGY4OC0zNDM2M2JjN2M0YzAiOnsiY3JlYXRlIjozNjAwMDAwMDAwMDAwLCJkZWxldGUiOjM2MDAwMDAwMDAwMDAsInJlYWQiOjMwMDAwMDAwMDAwMCwidXBkYXRlIjozNjAwMDAwMDAwMDAwfX0=",
          "dependencies": [
            "module.app_gateway.azurerm_application_gateway.this",
            "module.app_gateway.azurerm_public_ip.this",
            "module.app_gateway.azurerm_web_application_firewall_policy.this",
            "module.app_network.azurerm_subnet.this",
            "module.app_network.azurerm_virtual_network.this",
            "module.edge_network.azurerm_subnet.this",
            "module.edge_network.azurerm_virtual_network.this",
            "module.resource_group.azurerm_resource_group.this"
          ]
        }
      ]
    },
    {
      "module": "module.frontend_vmss",
      "mode": "managed",
      "type": "azurerm_monitor_autoscale_setting",
      "name": "this",
      "provider": "provider[\"registry.terraform.io/hashicorp/azurerm\"]",
      "instances": [
        {
          "schema_version": 2,
          "attributes": {
            "enabled": true,
            "id": "/subscriptions/e1f5b4be-e0ba-4ccb-8708-a949458fcd83/resourceGroups/spendpilot-rg/providers/Microsoft.Insights/autoScaleSettings/spendpilot-prod-frontend-vmss-autoscale",
            "location": "centralindia",
            "name": "spendpilot-prod-frontend-vmss-autoscale",
            "notification": [],
            "predictive": [],
            "profile": [
              {
                "capacity": [
                  {
                    "default": 1,
                    "maximum": 2,
                    "minimum": 1
                  }
                ],
                "fixed_date": [],
                "name": "default",
                "recurrence": [],
                "rule": [
                  {
                    "metric_trigger": [
                      {
                        "dimensions": [],
                        "divide_by_instance_count": false,
                        "metric_name": "Percentage CPU",
                        "metric_namespace": "",
                        "metric_resource_id": "/subscriptions/e1f5b4be-e0ba-4ccb-8708-a949458fcd83/resourceGroups/spendpilot-rg/providers/Microsoft.Compute/virtualMachineScaleSets/spendpilot-prod-frontend-vmss",
                        "operator": "GreaterThan",
                        "statistic": "Average",
                        "threshold": 70,
                        "time_aggregation": "Average",
                        "time_grain": "PT1M",
                        "time_window": "PT5M"
                      }
                    ],
                    "scale_action": [
                      {
                        "cooldown": "PT5M",
                        "direction": "Increase",
                        "type": "ChangeCount",
                        "value": 1
                      }
                    ]
                  },
                  {
                    "metric_trigger": [
                      {
                        "dimensions": [],
                        "divide_by_instance_count": false,
                        "metric_name": "Percentage CPU",
                        "metric_namespace": "",
                        "metric_resource_id": "/subscriptions/e1f5b4be-e0ba-4ccb-8708-a949458fcd83/resourceGroups/spendpilot-rg/providers/Microsoft.Compute/virtualMachineScaleSets/spendpilot-prod-frontend-vmss",
                        "operator": "LessThan",
                        "statistic": "Average",
                        "threshold": 30,
                        "time_aggregation": "Average",
                        "time_grain": "PT1M",
                        "time_window": "PT10M"
                      }
                    ],
                    "scale_action": [
                      {
                        "cooldown": "PT10M",
                        "direction": "Decrease",
                        "type": "ChangeCount",
                        "value": 1
                      }
                    ]
                  }
                ]
              }
            ],
            "resource_group_name": "spendpilot-rg",
            "tags": {
              "application": "spend-control",
              "environment": "prod",
              "managed_by": "terraform",
              "owner": "platform-team",
              "project": "spend-control",
              "stack": "vm-docker"
            },
            "target_resource_id": "/subscriptions/e1f5b4be-e0ba-4ccb-8708-a949458fcd83/resourceGroups/spendpilot-rg/providers/Microsoft.Compute/virtualMachineScaleSets/spendpilot-prod-frontend-vmss",
            "timeouts": null
          },
          "sensitive_attributes": [],
          "identity_schema_version": 0,
          "private": "eyJlMmJmYjczMC1lY2FhLTExZTYtOGY4OC0zNDM2M2JjN2M0YzAiOnsiY3JlYXRlIjoxODAwMDAwMDAwMDAwLCJkZWxldGUiOjE4MDAwMDAwMDAwMDAsInJlYWQiOjMwMDAwMDAwMDAwMCwidXBkYXRlIjoxODAwMDAwMDAwMDAwfSwic2NoZW1hX3ZlcnNpb24iOiIyIn0=",
          "dependencies": [
            "module.app_gateway.azurerm_application_gateway.this",
            "module.app_gateway.azurerm_public_ip.this",
            "module.app_gateway.azurerm_web_application_firewall_policy.this",
            "module.app_network.azurerm_subnet.this",
            "module.app_network.azurerm_virtual_network.this",
            "module.edge_network.azurerm_subnet.this",
            "module.edge_network.azurerm_virtual_network.this",
            "module.frontend_vmss.azurerm_linux_virtual_machine_scale_set.this",
            "module.resource_group.azurerm_resource_group.this"
          ]
        }
      ]
    },
    {
      "module": "module.log_analytics",
      "mode": "managed",
      "type": "azurerm_log_analytics_workspace",
      "name": "this",
      "provider": "provider[\"registry.terraform.io/hashicorp/azurerm\"]",
      "instances": [
        {
          "schema_version": 3,
          "attributes": {
            "allow_resource_only_permissions": true,
            "cmk_for_query_forced": false,
            "daily_quota_gb": -1,
            "data_collection_rule_id": "",
            "id": "/subscriptions/e1f5b4be-e0ba-4ccb-8708-a949458fcd83/resourceGroups/spendpilot-rg/providers/Microsoft.OperationalInsights/workspaces/spendpilot-prod-law",
            "identity": [],
            "immediate_data_purge_on_30_days_enabled": false,
            "internet_ingestion_enabled": true,
            "internet_query_enabled": true,
            "local_authentication_disabled": false,
            "local_authentication_enabled": true,
            "location": "centralindia",
            "name": "spendpilot-prod-law",
            "primary_shared_key": "68kY2K2Zkx1oXsVBUS/8h2qJPCz5ByC5a96CAb71E3sYLAyHy3SK37ySqxUxXkfPXc1VlORIYM1V8zL5J5iLwg==",
            "reservation_capacity_in_gb_per_day": null,
            "resource_group_name": "spendpilot-rg",
            "retention_in_days": 30,
            "secondary_shared_key": "gUBrhQNrE9PCV+/C7N057rnbY0C77m4cMU/rG12cpZWD/sM1QWUJ6JVaYcMVMQHUgclm1JSgGraQMgWEgdnuug==",
            "sku": "PerGB2018",
            "tags": {
              "application": "spend-control",
              "environment": "prod",
              "managed_by": "terraform",
              "owner": "platform-team",
              "project": "spend-control",
              "stack": "vm-docker"
            },
            "timeouts": null,
            "workspace_id": "21eb40df-59c7-4dcf-bbf6-b6573e2df33e"
          },
          "sensitive_attributes": [
            [
              {
                "type": "get_attr",
                "value": "primary_shared_key"
              }
            ],
            [
              {
                "type": "get_attr",
                "value": "secondary_shared_key"
              }
            ]
          ],
          "identity_schema_version": 0,
          "private": "eyJlMmJmYjczMC1lY2FhLTExZTYtOGY4OC0zNDM2M2JjN2M0YzAiOnsiY3JlYXRlIjoxODAwMDAwMDAwMDAwLCJkZWxldGUiOjE4MDAwMDAwMDAwMDAsInJlYWQiOjMwMDAwMDAwMDAwMCwidXBkYXRlIjoxODAwMDAwMDAwMDAwfSwic2NoZW1hX3ZlcnNpb24iOiIzIn0=",
          "dependencies": [
            "module.resource_group.azurerm_resource_group.this"
          ]
        }
      ]
    },
    {
      "module": "module.postgres",
      "mode": "managed",
      "type": "azurerm_postgresql_flexible_server",
      "name": "this",
      "provider": "provider[\"registry.terraform.io/hashicorp/azurerm\"]",
      "instances": [
        {
          "schema_version": 0,
          "attributes": {
            "administrator_login": "spendpilot",
            "administrator_password": "spendpilot",
            "administrator_password_wo": null,
            "administrator_password_wo_version": 0,
            "authentication": [
              {
                "active_directory_auth_enabled": false,
                "password_auth_enabled": true,
                "tenant_id": ""
              }
            ],
            "auto_grow_enabled": false,
            "backup_retention_days": 7,
            "cluster": [],
            "create_mode": null,
            "customer_managed_key": [],
            "delegated_subnet_id": "/subscriptions/e1f5b4be-e0ba-4ccb-8708-a949458fcd83/resourceGroups/spendpilot-rg/providers/Microsoft.Network/virtualNetworks/spendpilot-prod-data-spoke-vnet/subnets/postgres-subnet",
            "fqdn": "spendpilot-prod-psql.postgres.database.azure.com",
            "geo_redundant_backup_enabled": false,
            "high_availability": [
              {
                "mode": "SameZone",
                "standby_availability_zone": "1"
              }
            ],
            "id": "/subscriptions/e1f5b4be-e0ba-4ccb-8708-a949458fcd83/resourceGroups/spendpilot-rg/providers/Microsoft.DBforPostgreSQL/flexibleServers/spendpilot-prod-psql",
            "identity": [],
            "location": "centralindia",
            "maintenance_window": [],
            "name": "spendpilot-prod-psql",
            "point_in_time_restore_time_in_utc": "",
            "private_dns_zone_id": "/subscriptions/e1f5b4be-e0ba-4ccb-8708-a949458fcd83/resourceGroups/spendpilot-rg/providers/Microsoft.Network/privateDnsZones/spendpilot-prod.postgres.database.azure.com",
            "public_network_access_enabled": false,
            "replication_role": "",
            "resource_group_name": "spendpilot-rg",
            "sku_name": "GP_Standard_D4ds_v5",
            "source_server_id": "",
            "storage_mb": 131072,
            "storage_tier": "P10",
            "tags": {
              "application": "spend-control",
              "environment": "prod",
              "managed_by": "terraform",
              "owner": "platform-team",
              "project": "spend-control",
              "stack": "vm-docker"
            },
            "timeouts": null,
            "version": "16",
            "zone": "1"
          },
          "sensitive_attributes": [
            [
              {
                "type": "get_attr",
                "value": "administrator_password"
              }
            ]
          ],
          "identity_schema_version": 0,
          "private": "eyJlMmJmYjczMC1lY2FhLTExZTYtOGY4OC0zNDM2M2JjN2M0YzAiOnsiY3JlYXRlIjozNjAwMDAwMDAwMDAwLCJkZWxldGUiOjM2MDAwMDAwMDAwMDAsInJlYWQiOjMwMDAwMDAwMDAwMCwidXBkYXRlIjozNjAwMDAwMDAwMDAwfX0=",
          "dependencies": [
            "module.app_network.azurerm_virtual_network.this",
            "module.data_network.azurerm_subnet.this",
            "module.data_network.azurerm_virtual_network.this",
            "module.postgres.azurerm_private_dns_zone.this",
            "module.postgres.azurerm_private_dns_zone_virtual_network_link.this",
            "module.resource_group.azurerm_resource_group.this"
          ]
        }
      ]
    },
    {
      "module": "module.postgres",
      "mode": "managed",
      "type": "azurerm_postgresql_flexible_server_database",
      "name": "this",
      "provider": "provider[\"registry.terraform.io/hashicorp/azurerm\"]",
      "instances": [
        {
          "schema_version": 0,
          "attributes": {
            "charset": "UTF8",
            "collation": "en_US.utf8",
            "id": "/subscriptions/e1f5b4be-e0ba-4ccb-8708-a949458fcd83/resourceGroups/spendpilot-rg/providers/Microsoft.DBforPostgreSQL/flexibleServers/spendpilot-prod-psql/databases/spend_control",
            "name": "spend_control",
            "server_id": "/subscriptions/e1f5b4be-e0ba-4ccb-8708-a949458fcd83/resourceGroups/spendpilot-rg/providers/Microsoft.DBforPostgreSQL/flexibleServers/spendpilot-prod-psql",
            "timeouts": null
          },
          "sensitive_attributes": [],
          "identity_schema_version": 0,
          "private": "eyJlMmJmYjczMC1lY2FhLTExZTYtOGY4OC0zNDM2M2JjN2M0YzAiOnsiY3JlYXRlIjoxODAwMDAwMDAwMDAwLCJkZWxldGUiOjE4MDAwMDAwMDAwMDAsInJlYWQiOjMwMDAwMDAwMDAwMH19",
          "dependencies": [
            "module.app_network.azurerm_virtual_network.this",
            "module.data_network.azurerm_subnet.this",
            "module.data_network.azurerm_virtual_network.this",
            "module.postgres.azurerm_postgresql_flexible_server.this",
            "module.postgres.azurerm_private_dns_zone.this",
            "module.postgres.azurerm_private_dns_zone_virtual_network_link.this",
            "module.resource_group.azurerm_resource_group.this"
          ]
        }
      ]
    },
    {
      "module": "module.postgres",
      "mode": "managed",
      "type": "azurerm_private_dns_zone",
      "name": "this",
      "provider": "provider[\"registry.terraform.io/hashicorp/azurerm\"]",
      "instances": [
        {
          "schema_version": 0,
          "attributes": {
            "id": "/subscriptions/e1f5b4be-e0ba-4ccb-8708-a949458fcd83/resourceGroups/spendpilot-rg/providers/Microsoft.Network/privateDnsZones/spendpilot-prod.postgres.database.azure.com",
            "max_number_of_record_sets": 25000,
            "max_number_of_virtual_network_links": 1000,
            "max_number_of_virtual_network_links_with_registration": 100,
            "name": "spendpilot-prod.postgres.database.azure.com",
            "number_of_record_sets": 2,
            "resource_group_name": "spendpilot-rg",
            "soa_record": [
              {
                "email": "azureprivatedns-host.microsoft.com",
                "expire_time": 2419200,
                "fqdn": "spendpilot-prod.postgres.database.azure.com.",
                "host_name": "azureprivatedns.net",
                "minimum_ttl": 10,
                "refresh_time": 3600,
                "retry_time": 300,
                "serial_number": 1,
                "tags": {},
                "ttl": 3600
              }
            ],
            "tags": {
              "application": "spend-control",
              "environment": "prod",
              "managed_by": "terraform",
              "owner": "platform-team",
              "project": "spend-control",
              "stack": "vm-docker"
            },
            "timeouts": null
          },
          "sensitive_attributes": [],
          "identity_schema_version": 0,
          "identity": {
            "name": "spendpilot-prod.postgres.database.azure.com",
            "resource_group_name": "spendpilot-rg",
            "subscription_id": "e1f5b4be-e0ba-4ccb-8708-a949458fcd83"
          },
          "private": "eyJlMmJmYjczMC1lY2FhLTExZTYtOGY4OC0zNDM2M2JjN2M0YzAiOnsiY3JlYXRlIjoxODAwMDAwMDAwMDAwLCJkZWxldGUiOjE4MDAwMDAwMDAwMDAsInJlYWQiOjMwMDAwMDAwMDAwMCwidXBkYXRlIjoxODAwMDAwMDAwMDAwfX0=",
          "dependencies": [
            "module.resource_group.azurerm_resource_group.this"
          ]
        }
      ]
    },
    {
      "module": "module.postgres",
      "mode": "managed",
      "type": "azurerm_private_dns_zone_virtual_network_link",
      "name": "this",
      "provider": "provider[\"registry.terraform.io/hashicorp/azurerm\"]",
      "instances": [
        {
          "index_key": "0",
          "schema_version": 0,
          "attributes": {
            "id": "/subscriptions/e1f5b4be-e0ba-4ccb-8708-a949458fcd83/resourceGroups/spendpilot-rg/providers/Microsoft.Network/privateDnsZones/spendpilot-prod.postgres.database.azure.com/virtualNetworkLinks/spendpilot-prod-psql-vnet-link-0",
            "name": "spendpilot-prod-psql-vnet-link-0",
            "private_dns_zone_name": "spendpilot-prod.postgres.database.azure.com",
            "registration_enabled": false,
            "resolution_policy": "",
            "resource_group_name": "spendpilot-rg",
            "tags": {
              "application": "spend-control",
              "environment": "prod",
              "managed_by": "terraform",
              "owner": "platform-team",
              "project": "spend-control",
              "stack": "vm-docker"
            },
            "timeouts": null,
            "virtual_network_id": "/subscriptions/e1f5b4be-e0ba-4ccb-8708-a949458fcd83/resourceGroups/spendpilot-rg/providers/Microsoft.Network/virtualNetworks/spendpilot-prod-data-spoke-vnet"
          },
          "sensitive_attributes": [],
          "identity_schema_version": 0,
          "identity": {
            "name": "spendpilot-prod-psql-vnet-link-0",
            "private_dns_zone_name": "spendpilot-prod.postgres.database.azure.com",
            "resource_group_name": "spendpilot-rg",
            "subscription_id": "e1f5b4be-e0ba-4ccb-8708-a949458fcd83"
          },
          "private": "eyJlMmJmYjczMC1lY2FhLTExZTYtOGY4OC0zNDM2M2JjN2M0YzAiOnsiY3JlYXRlIjoxODAwMDAwMDAwMDAwLCJkZWxldGUiOjE4MDAwMDAwMDAwMDAsInJlYWQiOjMwMDAwMDAwMDAwMCwidXBkYXRlIjoxODAwMDAwMDAwMDAwfX0=",
          "dependencies": [
            "module.app_network.azurerm_virtual_network.this",
            "module.data_network.azurerm_virtual_network.this",
            "module.postgres.azurerm_private_dns_zone.this",
            "module.resource_group.azurerm_resource_group.this"
          ]
        },
        {
          "index_key": "1",
          "schema_version": 0,
          "attributes": {
            "id": "/subscriptions/e1f5b4be-e0ba-4ccb-8708-a949458fcd83/resourceGroups/spendpilot-rg/providers/Microsoft.Network/privateDnsZones/spendpilot-prod.postgres.database.azure.com/virtualNetworkLinks/spendpilot-prod-psql-vnet-link-1",
            "name": "spendpilot-prod-psql-vnet-link-1",
            "private_dns_zone_name": "spendpilot-prod.postgres.database.azure.com",
            "registration_enabled": false,
            "resolution_policy": "",
            "resource_group_name": "spendpilot-rg",
            "tags": {
              "application": "spend-control",
              "environment": "prod",
              "managed_by": "terraform",
              "owner": "platform-team",
              "project": "spend-control",
              "stack": "vm-docker"
            },
            "timeouts": null,
            "virtual_network_id": "/subscriptions/e1f5b4be-e0ba-4ccb-8708-a949458fcd83/resourceGroups/spendpilot-rg/providers/Microsoft.Network/virtualNetworks/spendpilot-prod-app-spoke-vnet"
          },
          "sensitive_attributes": [],
          "identity_schema_version": 0,
          "identity": {
            "name": "spendpilot-prod-psql-vnet-link-1",
            "private_dns_zone_name": "spendpilot-prod.postgres.database.azure.com",
            "resource_group_name": "spendpilot-rg",
            "subscription_id": "e1f5b4be-e0ba-4ccb-8708-a949458fcd83"
          },
          "private": "eyJlMmJmYjczMC1lY2FhLTExZTYtOGY4OC0zNDM2M2JjN2M0YzAiOnsiY3JlYXRlIjoxODAwMDAwMDAwMDAwLCJkZWxldGUiOjE4MDAwMDAwMDAwMDAsInJlYWQiOjMwMDAwMDAwMDAwMCwidXBkYXRlIjoxODAwMDAwMDAwMDAwfX0=",
          "dependencies": [
            "module.app_network.azurerm_virtual_network.this",
            "module.data_network.azurerm_virtual_network.this",
            "module.postgres.azurerm_private_dns_zone.this",
            "module.resource_group.azurerm_resource_group.this"
          ]
        }
      ]
    },
    {
      "module": "module.resource_group",
      "mode": "managed",
      "type": "azurerm_resource_group",
      "name": "this",
      "provider": "provider[\"registry.terraform.io/hashicorp/azurerm\"]",
      "instances": [
        {
          "schema_version": 0,
          "attributes": {
            "id": "/subscriptions/e1f5b4be-e0ba-4ccb-8708-a949458fcd83/resourceGroups/spendpilot-rg",
            "location": "centralindia",
            "managed_by": "",
            "name": "spendpilot-rg",
            "tags": {
              "application": "spend-control",
              "environment": "prod",
              "managed_by": "terraform",
              "owner": "platform-team",
              "project": "spend-control",
              "stack": "vm-docker"
            },
            "timeouts": null
          },
          "sensitive_attributes": [],
          "identity_schema_version": 0,
          "identity": {
            "name": "spendpilot-rg",
            "subscription_id": "e1f5b4be-e0ba-4ccb-8708-a949458fcd83"
          },
          "private": "eyJlMmJmYjczMC1lY2FhLTExZTYtOGY4OC0zNDM2M2JjN2M0YzAiOnsiY3JlYXRlIjo1NDAwMDAwMDAwMDAwLCJkZWxldGUiOjU0MDAwMDAwMDAwMDAsInJlYWQiOjMwMDAwMDAwMDAwMCwidXBkYXRlIjo1NDAwMDAwMDAwMDAwfX0="
        }
      ]
    },
    {
      "module": "module.static_app_subnet_nsg",
      "mode": "managed",
      "type": "azurerm_network_security_group",
      "name": "this",
      "provider": "provider[\"registry.terraform.io/hashicorp/azurerm\"]",
      "instances": [
        {
          "schema_version": 0,
          "attributes": {
            "id": "/subscriptions/e1f5b4be-e0ba-4ccb-8708-a949458fcd83/resourceGroups/spendpilot-rg/providers/Microsoft.Network/networkSecurityGroups/spendpilot-prod-static-app-nsg",
            "location": "centralindia",
            "name": "spendpilot-prod-static-app-nsg",
            "resource_group_name": "spendpilot-rg",
            "security_rule": [
              {
                "access": "Allow",
                "description": "",
                "destination_address_prefix": "*",
                "destination_address_prefixes": [],
                "destination_application_security_group_ids": [],
                "destination_port_range": "22",
                "destination_port_ranges": [],
                "direction": "Inbound",
                "name": "allow-bastion-to-static-app-ssh",
                "priority": 110,
                "protocol": "Tcp",
                "source_address_prefix": "10.10.1.0/24",
                "source_address_prefixes": [],
                "source_application_security_group_ids": [],
                "source_port_range": "*",
                "source_port_ranges": []
              },
              {
                "access": "Allow",
                "description": "",
                "destination_address_prefix": "*",
                "destination_address_prefixes": [],
                "destination_application_security_group_ids": [],
                "destination_port_range": "80",
                "destination_port_ranges": [],
                "direction": "Inbound",
                "name": "allow-appgw-to-static-app",
                "priority": 100,
                "protocol": "Tcp",
                "source_address_prefix": "10.10.0.0/24",
                "source_address_prefixes": [],
                "source_application_security_group_ids": [],
                "source_port_range": "*",
                "source_port_ranges": []
              }
            ],
            "tags": {
              "application": "spend-control",
              "environment": "prod",
              "managed_by": "terraform",
              "owner": "platform-team",
              "project": "spend-control",
              "stack": "vm-docker"
            },
            "timeouts": null
          },
          "sensitive_attributes": [],
          "identity_schema_version": 0,
          "identity": {
            "name": "spendpilot-prod-static-app-nsg",
            "resource_group_name": "spendpilot-rg",
            "subscription_id": "e1f5b4be-e0ba-4ccb-8708-a949458fcd83"
          },
          "private": "eyJlMmJmYjczMC1lY2FhLTExZTYtOGY4OC0zNDM2M2JjN2M0YzAiOnsiY3JlYXRlIjoxODAwMDAwMDAwMDAwLCJkZWxldGUiOjE4MDAwMDAwMDAwMDAsInJlYWQiOjMwMDAwMDAwMDAwMCwidXBkYXRlIjoxODAwMDAwMDAwMDAwfX0=",
          "dependencies": [
            "module.resource_group.azurerm_resource_group.this"
          ]
        }
      ]
    },
    {
      "module": "module.static_app_subnet_nsg",
      "mode": "managed",
      "type": "azurerm_subnet_network_security_group_association",
      "name": "this",
      "provider": "provider[\"registry.terraform.io/hashicorp/azurerm\"]",
      "instances": [
        {
          "schema_version": 0,
          "attributes": {
            "id": "/subscriptions/e1f5b4be-e0ba-4ccb-8708-a949458fcd83/resourceGroups/spendpilot-rg/providers/Microsoft.Network/virtualNetworks/spendpilot-prod-app-spoke-vnet/subnets/static-app-subnet",
            "network_security_group_id": "/subscriptions/e1f5b4be-e0ba-4ccb-8708-a949458fcd83/resourceGroups/spendpilot-rg/providers/Microsoft.Network/networkSecurityGroups/spendpilot-prod-static-app-nsg",
            "subnet_id": "/subscriptions/e1f5b4be-e0ba-4ccb-8708-a949458fcd83/resourceGroups/spendpilot-rg/providers/Microsoft.Network/virtualNetworks/spendpilot-prod-app-spoke-vnet/subnets/static-app-subnet",
            "timeouts": null
          },
          "sensitive_attributes": [],
          "identity_schema_version": 0,
          "private": "eyJlMmJmYjczMC1lY2FhLTExZTYtOGY4OC0zNDM2M2JjN2M0YzAiOnsiY3JlYXRlIjoxODAwMDAwMDAwMDAwLCJkZWxldGUiOjE4MDAwMDAwMDAwMDAsInJlYWQiOjMwMDAwMDAwMDAwMH19",
          "dependencies": [
            "module.app_network.azurerm_subnet.this",
            "module.app_network.azurerm_virtual_network.this",
            "module.resource_group.azurerm_resource_group.this",
            "module.static_app_subnet_nsg.azurerm_network_security_group.this"
          ]
        }
      ]
    },
    {
      "module": "module.static_app_vm",
      "mode": "managed",
      "type": "azurerm_linux_virtual_machine",
      "name": "this",
      "provider": "provider[\"registry.terraform.io/hashicorp/azurerm\"]",
      "instances": [
        {
          "schema_version": 0,
          "attributes": {
            "additional_capabilities": [],
            "admin_password": "Lijazsalim@2020",
            "admin_ssh_key": [],
            "admin_username": "lijaz",
            "allow_extension_operations": true,
            "availability_set_id": "",
            "boot_diagnostics": [],
            "bypass_platform_safety_checks_on_user_schedule_enabled": false,
            "capacity_reservation_group_id": "",
            "computer_name": "spendpilot-prod-static-web",
            "custom_data": "IyEvdXNyL2Jpbi9lbnYgYmFzaApzZXQgLWV1eG8gcGlwZWZhaWwKCmV4cG9ydCBERUJJQU5fRlJPTlRFTkQ9bm9uaW50ZXJhY3RpdmUKCmFwdC1nZXQgdXBkYXRlCmFwdC1nZXQgaW5zdGFsbCAteSBuZ2lueAoKbWtkaXIgLXAgL3Zhci93d3cvaHRtbAoKY2F0ID4gL3Zhci93d3cvaHRtbC9pbmRleC5odG1sIDw8J0VPRicKPCFET0NUWVBFIGh0bWw+CjxodG1sIGxhbmc9ImVuIj4KPGhlYWQ+CiAgPG1ldGEgY2hhcnNldD0idXRmLTgiIC8+CiAgPG1ldGEgbmFtZT0idmlld3BvcnQiIGNvbnRlbnQ9IndpZHRoPWRldmljZS13aWR0aCwgaW5pdGlhbC1zY2FsZT0xIiAvPgogIDx0aXRsZT5TcGVuZFBpbG90IEhvc3QgUm91dGluZyBEZW1vPC90aXRsZT4KICA8c3R5bGU+CiAgICA6cm9vdCB7CiAgICAgIGNvbG9yLXNjaGVtZTogbGlnaHQ7CiAgICAgIC0tYmc6ICNmNGY3ZmI7CiAgICAgIC0tY2FyZDogI2ZmZmZmZjsKICAgICAgLS1pbms6ICMxMTIzM2E7CiAgICAgIC0tYWNjZW50OiAjMWQ2ZmRjOwogICAgICAtLW11dGVkOiAjNjI3NDhhOwogICAgfQogICAgYm9keSB7CiAgICAgIG1hcmdpbjogMDsKICAgICAgbWluLWhlaWdodDogMTAwdmg7CiAgICAgIGRpc3BsYXk6IGdyaWQ7CiAgICAgIHBsYWNlLWl0ZW1zOiBjZW50ZXI7CiAgICAgIGZvbnQtZmFtaWx5OiAiU2Vnb2UgVUkiLCBBcmlhbCwgc2Fucy1zZXJpZjsKICAgICAgYmFja2dyb3VuZDogcmFkaWFsLWdyYWRpZW50KGNpcmNsZSBhdCB0b3AsICNkY2U5ZmYsIHZhcigtLWJnKSA2MCUpOwogICAgICBjb2xvcjogdmFyKC0taW5rKTsKICAgIH0KICAgIG1haW4gewogICAgICB3aWR0aDogbWluKDc2MHB4LCBjYWxjKDEwMHZ3IC0gNDhweCkpOwogICAgICBwYWRkaW5nOiA0MHB4OwogICAgICBib3JkZXItcmFkaXVzOiAyNHB4OwogICAgICBiYWNrZ3JvdW5kOiB2YXIoLS1jYXJkKTsKICAgICAgYm94LXNoYWRvdzogMCAyNHB4IDgwcHggcmdiYSgxNywgMzUsIDU4LCAwLjEyKTsKICAgIH0KICAgIC5leWVicm93IHsKICAgICAgZGlzcGxheTogaW5saW5lLWJsb2NrOwogICAgICBwYWRkaW5nOiA4cHggMTRweDsKICAgICAgYm9yZGVyLXJhZGl1czogOTk5cHg7CiAgICAgIGJhY2tncm91bmQ6IHJnYmEoMjksIDExMSwgMjIwLCAwLjEyKTsKICAgICAgY29sb3I6IHZhcigtLWFjY2VudCk7CiAgICAgIGZvbnQtc2l6ZTogMTNweDsKICAgICAgZm9udC13ZWlnaHQ6IDcwMDsKICAgICAgbGV0dGVyLXNwYWNpbmc6IDAuMDhlbTsKICAgICAgdGV4dC10cmFuc2Zvcm06IHVwcGVyY2FzZTsKICAgIH0KICAgIGgxIHsKICAgICAgbWFyZ2luOiAxOHB4IDAgMTJweDsKICAgICAgZm9udC1zaXplOiBjbGFtcCgycmVtLCA0dncsIDMuMnJlbSk7CiAgICAgIGxpbmUtaGVpZ2h0OiAxLjA1OwogICAgfQogICAgcCB7CiAgICAgIG1hcmdpbjogMCAwIDEycHg7CiAgICAgIGZvbnQtc2l6ZTogMS4wNXJlbTsKICAgICAgbGluZS1oZWlnaHQ6IDEuNzsKICAgICAgY29sb3I6IHZhcigtLW11dGVkKTsKICAgIH0KICAgIGNvZGUgewogICAgICBmb250LWZhbWlseTogQ29uc29sYXMsICJDb3VyaWVyIE5ldyIsIG1vbm9zcGFjZTsKICAgICAgYmFja2dyb3VuZDogI2VlZjRmZjsKICAgICAgY29sb3I6IHZhcigtLWluayk7CiAgICAgIHBhZGRpbmc6IDJweCA2cHg7CiAgICAgIGJvcmRlci1yYWRpdXM6IDhweDsKICAgIH0KICA8L3N0eWxlPgo8L2hlYWQ+Cjxib2R5PgogIDxtYWluPgogICAgPHNwYW4gY2xhc3M9ImV5ZWJyb3ciPkhvc3QtQmFzZWQgUm91dGluZyBEZW1vPC9zcGFuPgogICAgPGgxPmFwcC5teWZpbmFnZW50Lm9ubGluZTwvaDE+CiAgICA8cD5UaGlzIHN0YXRpYyBwYWdlIGlzIHNlcnZlZCBieSBhIHN0YW5kYWxvbmUgTkdJTlggVk0gaW4gdGhlIGFwcGxpY2F0aW9uIHNwb2tlIFZOZXQuPC9wPgogICAgPHA+QXBwbGljYXRpb24gR2F0ZXdheSByb3V0ZXMgcmVxdWVzdHMgZm9yIDxjb2RlPmFwcC5teWZpbmFnZW50Lm9ubGluZTwvY29kZT4gaGVyZSwgd2hpbGUgPGNvZGU+bXlmaW5hZ2VudC5vbmxpbmU8L2NvZGU+IGNvbnRpbnVlcyB0byByZWFjaCB0aGUgbWFpbiBTcGVuZFBpbG90IGZyb250ZW5kIGFuZCBBUEkuPC9wPgogIDwvbWFpbj4KPC9ib2R5Pgo8L2h0bWw+CgpFT0YKCmNhdCA+IC9ldGMvbmdpbngvc2l0ZXMtYXZhaWxhYmxlL2RlZmF1bHQgPDwnRU9GJwpzZXJ2ZXIgewogIGxpc3RlbiA4MCBkZWZhdWx0X3NlcnZlcjsKICBsaXN0ZW4gWzo6XTo4MCBkZWZhdWx0X3NlcnZlcjsKICBzZXJ2ZXJfbmFtZSBhcHAubXlmaW5hZ2VudC5vbmxpbmU7CiAgcm9vdCAvdmFyL3d3dy9odG1sOwogIGluZGV4IGluZGV4Lmh0bWw7CgogIGxvY2F0aW9uIC8gewogICAgdHJ5X2ZpbGVzICR1cmkgJHVyaS8gPTQwNDsKICB9Cn0KRU9GCgpzeXN0ZW1jdGwgZW5hYmxlIG5naW54CnN5c3RlbWN0bCByZXN0YXJ0IG5naW54Cg==",
            "dedicated_host_group_id": "",
            "dedicated_host_id": "",
            "disable_password_authentication": false,
            "disk_controller_type": "SCSI",
            "edge_zone": "",
            "encryption_at_host_enabled": false,
            "eviction_policy": "",
            "extensions_time_budget": "PT1H30M",
            "gallery_application": [],
            "id": "/subscriptions/e1f5b4be-e0ba-4ccb-8708-a949458fcd83/resourceGroups/spendpilot-rg/providers/Microsoft.Compute/virtualMachines/spendpilot-prod-static-web",
            "identity": [
              {
                "identity_ids": null,
                "principal_id": "36e5b475-5359-4ad6-8ff9-e167b498cdb2",
                "tenant_id": "920e9322-340c-4fbc-bf09-dc8fd6636182",
                "type": "SystemAssigned"
              }
            ],
            "license_type": "",
            "location": "centralindia",
            "max_bid_price": -1,
            "name": "spendpilot-prod-static-web",
            "network_interface_ids": [
              "/subscriptions/e1f5b4be-e0ba-4ccb-8708-a949458fcd83/resourceGroups/spendpilot-rg/providers/Microsoft.Network/networkInterfaces/spendpilot-prod-static-web-nic"
            ],
            "os_disk": [
              {
                "caching": "ReadWrite",
                "diff_disk_settings": [],
                "disk_encryption_set_id": "",
                "disk_size_gb": 30,
                "id": "/subscriptions/e1f5b4be-e0ba-4ccb-8708-a949458fcd83/resourceGroups/spendpilot-rg/providers/Microsoft.Compute/disks/spendpilot-prod-static-web_OsDisk_1_8826eb34282d442286bb5f4453f5be72",
                "name": "spendpilot-prod-static-web_OsDisk_1_8826eb34282d442286bb5f4453f5be72",
                "secure_vm_disk_encryption_set_id": "",
                "security_encryption_type": "",
                "storage_account_type": "Premium_LRS",
                "write_accelerator_enabled": false
              }
            ],
            "os_image_notification": [],
            "os_managed_disk_id": "/subscriptions/e1f5b4be-e0ba-4ccb-8708-a949458fcd83/resourceGroups/spendpilot-rg/providers/Microsoft.Compute/disks/spendpilot-prod-static-web_OsDisk_1_8826eb34282d442286bb5f4453f5be72",
            "patch_assessment_mode": "ImageDefault",
            "patch_mode": "ImageDefault",
            "plan": [],
            "platform_fault_domain": -1,
            "priority": "Regular",
            "private_ip_address": "10.11.2.4",
            "private_ip_addresses": [
              "10.11.2.4"
            ],
            "provision_vm_agent": true,
            "proximity_placement_group_id": "",
            "public_ip_address": "",
            "public_ip_addresses": [],
            "reboot_setting": "",
            "resource_group_name": "spendpilot-rg",
            "secret": [],
            "secure_boot_enabled": false,
            "size": "Standard_D2s_v3",
            "source_image_id": "",
            "source_image_reference": [
              {
                "offer": "0001-com-ubuntu-server-jammy",
                "publisher": "Canonical",
                "sku": "22_04-lts-gen2",
                "version": "latest"
              }
            ],
            "tags": {
              "application": "spend-control",
              "environment": "prod",
              "managed_by": "terraform",
              "owner": "platform-team",
              "project": "spend-control",
              "stack": "vm-docker"
            },
            "termination_notification": null,
            "timeouts": null,
            "user_data": "",
            "virtual_machine_id": "620b1548-9b4b-4be9-a9e4-6b5d8ac3c397",
            "virtual_machine_scale_set_id": "",
            "vm_agent_platform_updates_enabled": false,
            "vtpm_enabled": false,
            "zone": "1"
          },
          "sensitive_attributes": [
            [
              {
                "type": "get_attr",
                "value": "admin_password"
              }
            ],
            [
              {
                "type": "get_attr",
                "value": "custom_data"
              }
            ]
          ],
          "identity_schema_version": 0,
          "private": "eyJlMmJmYjczMC1lY2FhLTExZTYtOGY4OC0zNDM2M2JjN2M0YzAiOnsiY3JlYXRlIjoyNzAwMDAwMDAwMDAwLCJkZWxldGUiOjI3MDAwMDAwMDAwMDAsInJlYWQiOjMwMDAwMDAwMDAwMCwidXBkYXRlIjoyNzAwMDAwMDAwMDAwfX0=",
          "dependencies": [
            "module.app_network.azurerm_subnet.this",
            "module.app_network.azurerm_virtual_network.this",
            "module.resource_group.azurerm_resource_group.this",
            "module.static_app_vm.azurerm_network_interface.this"
          ]
        }
      ]
    },
    {
      "module": "module.static_app_vm",
      "mode": "managed",
      "type": "azurerm_network_interface",
      "name": "this",
      "provider": "provider[\"registry.terraform.io/hashicorp/azurerm\"]",
      "instances": [
        {
          "schema_version": 0,
          "attributes": {
            "accelerated_networking_enabled": false,
            "applied_dns_servers": [],
            "auxiliary_mode": "",
            "auxiliary_sku": "",
            "dns_servers": [],
            "edge_zone": "",
            "id": "/subscriptions/e1f5b4be-e0ba-4ccb-8708-a949458fcd83/resourceGroups/spendpilot-rg/providers/Microsoft.Network/networkInterfaces/spendpilot-prod-static-web-nic",
            "internal_dns_name_label": "",
            "internal_domain_name_suffix": "",
            "ip_configuration": [
              {
                "gateway_load_balancer_frontend_ip_configuration_id": "",
                "name": "internal",
                "primary": true,
                "private_ip_address": "10.11.2.4",
                "private_ip_address_allocation": "Dynamic",
                "private_ip_address_version": "IPv4",
                "public_ip_address_id": "",
                "subnet_id": "/subscriptions/e1f5b4be-e0ba-4ccb-8708-a949458fcd83/resourceGroups/spendpilot-rg/providers/Microsoft.Network/virtualNetworks/spendpilot-prod-app-spoke-vnet/subnets/static-app-subnet"
              }
            ],
            "ip_forwarding_enabled": false,
            "location": "centralindia",
            "mac_address": "7C-ED-8D-A0-26-29",
            "name": "spendpilot-prod-static-web-nic",
            "private_ip_address": "10.11.2.4",
            "private_ip_addresses": [
              "10.11.2.4"
            ],
            "resource_group_name": "spendpilot-rg",
            "tags": {
              "application": "spend-control",
              "environment": "prod",
              "managed_by": "terraform",
              "owner": "platform-team",
              "project": "spend-control",
              "stack": "vm-docker"
            },
            "timeouts": null,
            "virtual_machine_id": "/subscriptions/e1f5b4be-e0ba-4ccb-8708-a949458fcd83/resourceGroups/spendpilot-rg/providers/Microsoft.Compute/virtualMachines/spendpilot-prod-static-web"
          },
          "sensitive_attributes": [],
          "identity_schema_version": 0,
          "identity": {
            "name": "spendpilot-prod-static-web-nic",
            "resource_group_name": "spendpilot-rg",
            "subscription_id": "e1f5b4be-e0ba-4ccb-8708-a949458fcd83"
          },
          "private": "eyJlMmJmYjczMC1lY2FhLTExZTYtOGY4OC0zNDM2M2JjN2M0YzAiOnsiY3JlYXRlIjoxODAwMDAwMDAwMDAwLCJkZWxldGUiOjE4MDAwMDAwMDAwMDAsInJlYWQiOjMwMDAwMDAwMDAwMCwidXBkYXRlIjoxODAwMDAwMDAwMDAwfX0=",
          "dependencies": [
            "module.app_network.azurerm_subnet.this",
            "module.app_network.azurerm_virtual_network.this",
            "module.resource_group.azurerm_resource_group.this"
          ]
        }
      ]
    },
    {
      "module": "module.static_app_vm",
      "mode": "managed",
      "type": "azurerm_network_interface_application_gateway_backend_address_pool_association",
      "name": "this",
      "provider": "provider[\"registry.terraform.io/hashicorp/azurerm\"]",
      "instances": [
        {
          "schema_version": 0,
          "attributes": {
            "backend_address_pool_id": "/subscriptions/e1f5b4be-e0ba-4ccb-8708-a949458fcd83/resourceGroups/spendpilot-rg/providers/Microsoft.Network/applicationGateways/spendpilot-prod-appgw/backendAddressPools/static-pool",
            "id": "/subscriptions/e1f5b4be-e0ba-4ccb-8708-a949458fcd83/resourceGroups/spendpilot-rg/providers/Microsoft.Network/networkInterfaces/spendpilot-prod-static-web-nic/ipConfigurations/internal|/subscriptions/e1f5b4be-e0ba-4ccb-8708-a949458fcd83/resourceGroups/spendpilot-rg/providers/Microsoft.Network/applicationGateways/spendpilot-prod-appgw/backendAddressPools/static-pool",
            "ip_configuration_name": "internal",
            "network_interface_id": "/subscriptions/e1f5b4be-e0ba-4ccb-8708-a949458fcd83/resourceGroups/spendpilot-rg/providers/Microsoft.Network/networkInterfaces/spendpilot-prod-static-web-nic",
            "timeouts": null
          },
          "sensitive_attributes": [],
          "identity_schema_version": 0,
          "private": "eyJlMmJmYjczMC1lY2FhLTExZTYtOGY4OC0zNDM2M2JjN2M0YzAiOnsiY3JlYXRlIjoxODAwMDAwMDAwMDAwLCJkZWxldGUiOjE4MDAwMDAwMDAwMDAsInJlYWQiOjMwMDAwMDAwMDAwMH19",
          "dependencies": [
            "module.app_gateway.azurerm_application_gateway.this",
            "module.app_gateway.azurerm_public_ip.this",
            "module.app_gateway.azurerm_web_application_firewall_policy.this",
            "module.app_network.azurerm_subnet.this",
            "module.app_network.azurerm_virtual_network.this",
            "module.edge_network.azurerm_subnet.this",
            "module.edge_network.azurerm_virtual_network.this",
            "module.resource_group.azurerm_resource_group.this",
            "module.static_app_vm.azurerm_network_interface.this"
          ]
        }
      ]
    }
  ],
  "check_results": null
}
